PODS:
  - Alamofire (4.8.0)
  - AlamofireImage (3.5.0):
    - Alamofire (~> 4.8)
  - AlamofireObjectMapper (5.2.0):
    - Alamofire (~> 4.7)
    - ObjectMapper (~> 3.4)
  - BarcodeScanner (2.1.2)
  - Bolts (1.9.0):
    - Bolts/AppLinks (= 1.9.0)
    - Bolts/Tasks (= 1.9.0)
  - Bolts/AppLinks (1.9.0):
    - Bolts/Tasks
  - Bolts/Tasks (1.9.0)
  - FacebookCore (0.5.0):
    - Bolts (~> 1.9)
    - FBSDKCoreKit (~> 4.37)
  - FacebookLogin (0.5.0):
    - Bolts (~> 1.9)
    - FacebookCore (~> 0.5)
    - FBSDKCoreKit (~> 4.37)
    - FBSDKLoginKit (~> 4.37)
  - FBSDKCoreKit (4.38.1):
    - Bolts (~> 1.9)
  - FBSDKLoginKit (4.38.1):
    - FBSDKCoreKit
  - FirebaseAnalytics (3.9.0):
    - FirebaseCore (~> 3.6)
    - FirebaseInstanceID (~> 1.0)
    - "GoogleToolboxForMac/NSData+zlib (~> 2.1)"
  - FirebaseCore (3.6.0):
    - "GoogleToolboxForMac/NSData+zlib (~> 2.1)"
  - FirebaseInstanceID (1.0.10):
    - FirebaseCore (~> 3.6)
  - Google (3.1.0):
    - Google/Core (= 3.1.0)
  - Google/Core (3.1.0):
    - FirebaseAnalytics (~> 3.2)
  - Google/SignIn (3.1.0):
    - Google/Core
    - GoogleSignIn (~> 4.0)
  - GoogleMaps (2.7.0):
    - GoogleMaps/Maps (= 2.7.0)
  - GoogleMaps/Base (2.7.0)
  - GoogleMaps/Maps (2.7.0):
    - GoogleMaps/Base
  - GooglePlaces (2.7.0):
    - GoogleMaps/Base (= 2.7.0)
  - GoogleSignIn (4.4.0):
    - "GoogleToolboxForMac/NSDictionary+URLArguments (~> 2.1)"
    - "GoogleToolboxForMac/NSString+URLArguments (~> 2.1)"
    - GTMSessionFetcher/Core (~> 1.1)
  - GoogleToolboxForMac/DebugUtils (2.2.0):
    - GoogleToolboxForMac/Defines (= 2.2.0)
  - GoogleToolboxForMac/Defines (2.2.0)
  - "GoogleToolboxForMac/NSData+zlib (2.2.0)":
    - GoogleToolboxForMac/Defines (= 2.2.0)
  - "GoogleToolboxForMac/NSDictionary+URLArguments (2.2.0)":
    - GoogleToolboxForMac/DebugUtils (= 2.2.0)
    - GoogleToolboxForMac/Defines (= 2.2.0)
    - "GoogleToolboxForMac/NSString+URLArguments (= 2.2.0)"
  - "GoogleToolboxForMac/NSString+URLArguments (2.2.0)"
  - GTMSessionFetcher/Core (1.2.1)
  - KeychainSwift (8.0.3)
  - ObjectMapper (3.4.2)

DEPENDENCIES:
  - Alamofire (~> 4.4)
  - AlamofireImage (~> 3.1)
  - AlamofireObjectMapper (~> 5.0)
  - BarcodeScanner
  - FacebookCore (= 0.5.0)
  - FacebookLogin (= 0.5.0)
  - FBSDKCoreKit (~> 4.38.0)
  - FBSDKLoginKit (~> 4.38.0)
  - Google
  - Google/SignIn
  - GoogleMaps
  - GooglePlaces
  - KeychainSwift (~> 8.0)

SPEC REPOS:
  https://github.com/cocoapods/specs.git:
    - Alamofire
    - AlamofireImage
    - AlamofireObjectMapper
    - BarcodeScanner
    - Bolts
    - FacebookCore
    - FacebookLogin
    - FBSDKCoreKit
    - FBSDKLoginKit
    - FirebaseAnalytics
    - FirebaseCore
    - FirebaseInstanceID
    - Google
    - GoogleMaps
    - GooglePlaces
    - GoogleSignIn
    - GoogleToolboxForMac
    - GTMSessionFetcher
    - KeychainSwift
    - ObjectMapper

SPEC CHECKSUMS:
  Alamofire: 3ec537f71edc9804815215393ae2b1a8ea33a844
  AlamofireImage: 1aea346f4dda2f6c67622fa5a89fcbb80d79cc16
  AlamofireObjectMapper: 92b6ce2423a9d159e686f6a1d514a009bf903ddc
  BarcodeScanner: 84b6e5c75b7efad823381ee9bde846b13171a009
  Bolts: ac6567323eac61e203f6a9763667d0f711be34c8
  FacebookCore: 74288d0add931d361b1596beae787ab72c438249
  FacebookLogin: ebcf34714a1cb9f0759d9f071cfb01ed500996cf
  FBSDKCoreKit: 8d47857400e2f5bdea697a80daff882e91c84ef6
  FBSDKLoginKit: 4621c690d9dd8628031a4791497062183ea34b0d
  FirebaseAnalytics: e5fe8486efc01bec33f6bf82e2fa9fce4b124052
  FirebaseCore: 9691ee2ade70c098d7cf92440f4303f16d83ca75
  FirebaseInstanceID: b9eedd6846fb5e1f0f7279e1deaa7a7e4cf8392e
  Google: 98da4b1a60ed0beb80a290387a28333406a1eb90
  GoogleMaps: f79af95cb24d869457b1f961c93d3ce8b2f3b848
  GooglePlaces: 3d06e6c99654545b4738ce49648745779c25f2ef
  GoogleSignIn: 7ff245e1a7b26d379099d3243a562f5747e23d39
  GoogleToolboxForMac: ff31605b7d66400dcec09bed5861689aebadda4d
  GTMSessionFetcher: 32aeca0aa144acea523e1c8e053089dec2cb98ca
  KeychainSwift: be9554c0e5f4b1686c775930dc5c6bd9396992ed
  ObjectMapper: 0d4402610f4e468903ae64629eec4784531e5c51

PODFILE CHECKSUM: 6a289e58003a583813217424283565a3f3147fc7

COCOAPODS: 1.5.3
