// !$*UTF8*$!
{
	archiveVersion = 1;
	classes = {
	};
	objectVersion = 46;
	objects = {

/* Begin PBXBuildFile section */
		5C30A7CE00A44BD31BF05FF4 /* Pods_mexarTests.framework in Frameworks */ = {isa = PBXBuildFile; fileRef = 97EB2A13155D7C4CE2D3A746 /* Pods_mexarTests.framework */; };
		671E40CB984719E80D8C9C2C /* Pods_mexarUITests.framework in Frameworks */ = {isa = PBXBuildFile; fileRef = 013AE683F1F637C093B3EAF1 /* Pods_mexarUITests.framework */; };
		8D271958436C9C90794370DA /* Pods_mexar.framework in Frameworks */ = {isa = PBXBuildFile; fileRef = AE49845AACA06D81FBA75749 /* Pods_mexar.framework */; };
		CD050BD01FC5368A00627300 /* AppDelegate.swift in Sources */ = {isa = PBXBuildFile; fileRef = CD050BCF1FC5368A00627300 /* AppDelegate.swift */; };
		CD050BD21FC5368A00627300 /* ViewController.swift in Sources */ = {isa = PBXBuildFile; fileRef = CD050BD11FC5368A00627300 /* ViewController.swift */; };
		CD050BD51FC5368A00627300 /* Main.storyboard in Resources */ = {isa = PBXBuildFile; fileRef = CD050BD31FC5368A00627300 /* Main.storyboard */; };
		CD050BD71FC5368A00627300 /* Assets.xcassets in Resources */ = {isa = PBXBuildFile; fileRef = CD050BD61FC5368A00627300 /* Assets.xcassets */; };
		CD050BDA1FC5368A00627300 /* LaunchScreen.storyboard in Resources */ = {isa = PBXBuildFile; fileRef = CD050BD81FC5368A00627300 /* LaunchScreen.storyboard */; };
		CD050BE51FC5368A00627300 /* mexarTests.swift in Sources */ = {isa = PBXBuildFile; fileRef = CD050BE41FC5368A00627300 /* mexarTests.swift */; };
		CD050BF01FC5368A00627300 /* mexarUITests.swift in Sources */ = {isa = PBXBuildFile; fileRef = CD050BEF1FC5368A00627300 /* mexarUITests.swift */; };
		CD057EA91FCF2F760021EE27 /* pipes.png in Resources */ = {isa = PBXBuildFile; fileRef = CD057EA81FCF2F760021EE27 /* pipes.png */; };
		CD057EAB1FCF2F870021EE27 /* industrial.png in Resources */ = {isa = PBXBuildFile; fileRef = CD057EAA1FCF2F870021EE27 /* industrial.png */; };
		CD057EAD1FCF2F9C0021EE27 /* centrifugado.png in Resources */ = {isa = PBXBuildFile; fileRef = CD057EAC1FCF2F9C0021EE27 /* centrifugado.png */; };
		CD057EAF1FCF3CE90021EE27 /* subCategorias.swift in Sources */ = {isa = PBXBuildFile; fileRef = CD057EAE1FCF3CE90021EE27 /* subCategorias.swift */; };
		CD057EB11FCF7EA00021EE27 /* subcategoriasCells.swift in Sources */ = {isa = PBXBuildFile; fileRef = CD057EB01FCF7EA00021EE27 /* subcategoriasCells.swift */; };
		CD057EB31FCF83130021EE27 /* SubCategoria_Class.swift in Sources */ = {isa = PBXBuildFile; fileRef = CD057EB21FCF83130021EE27 /* SubCategoria_Class.swift */; };
		CD057EB51FCF834A0021EE27 /* subcategorias.json in Resources */ = {isa = PBXBuildFile; fileRef = CD057EB41FCF834A0021EE27 /* subcategorias.json */; };
		CD057EB71FCF8A5A0021EE27 /* cementoypvc.png in Resources */ = {isa = PBXBuildFile; fileRef = CD057EB61FCF8A5A0021EE27 /* cementoypvc.png */; };
		CD057EB91FCF8A740021EE27 /* pastasoldar.png in Resources */ = {isa = PBXBuildFile; fileRef = CD057EB81FCF8A740021EE27 /* pastasoldar.png */; };
		CD057EBB1FCF8A880021EE27 /* kits.png in Resources */ = {isa = PBXBuildFile; fileRef = CD057EBA1FCF8A880021EE27 /* kits.png */; };
		CD057EBD1FCF8AA20021EE27 /* herramientas.png in Resources */ = {isa = PBXBuildFile; fileRef = CD057EBC1FCF8AA20021EE27 /* herramientas.png */; };
		CD057EBF1FCF8AB20021EE27 /* silicon.png in Resources */ = {isa = PBXBuildFile; fileRef = CD057EBE1FCF8AB20021EE27 /* silicon.png */; };
		CD057EC11FCF8ABF0021EE27 /* selladores.png in Resources */ = {isa = PBXBuildFile; fileRef = CD057EC01FCF8ABF0021EE27 /* selladores.png */; };
		CD057EC31FCF8AD00021EE27 /* empaque.png in Resources */ = {isa = PBXBuildFile; fileRef = CD057EC21FCF8AD00021EE27 /* empaque.png */; };
		CD057EC51FCF8ADF0021EE27 /* soldadura_industrial.png in Resources */ = {isa = PBXBuildFile; fileRef = CD057EC41FCF8ADF0021EE27 /* soldadura_industrial.png */; };
		CD057EC71FCF8AEC0021EE27 /* zunchadoras.png in Resources */ = {isa = PBXBuildFile; fileRef = CD057EC61FCF8AEC0021EE27 /* zunchadoras.png */; };
		CD057EC91FCF8AF80021EE27 /* herramientas_fleje.png in Resources */ = {isa = PBXBuildFile; fileRef = CD057EC81FCF8AF80021EE27 /* herramientas_fleje.png */; };
		CD057ECB1FCF8B060021EE27 /* estirable.png in Resources */ = {isa = PBXBuildFile; fileRef = CD057ECA1FCF8B060021EE27 /* estirable.png */; };
		CD057ECD1FCF8B160021EE27 /* maquinaria.png in Resources */ = {isa = PBXBuildFile; fileRef = CD057ECC1FCF8B160021EE27 /* maquinaria.png */; };
		CD057ECF1FCF8B270021EE27 /* metales.png in Resources */ = {isa = PBXBuildFile; fileRef = CD057ECE1FCF8B270021EE27 /* metales.png */; };
		CD057ED11FCF8B380021EE27 /* silicones.png in Resources */ = {isa = PBXBuildFile; fileRef = CD057ED01FCF8B380021EE27 /* silicones.png */; };
		CD057ED31FCF8B420021EE27 /* accesorios.png in Resources */ = {isa = PBXBuildFile; fileRef = CD057ED21FCF8B420021EE27 /* accesorios.png */; };
		CD057ED51FCF8B4B0021EE27 /* tech_support.png in Resources */ = {isa = PBXBuildFile; fileRef = CD057ED41FCF8B4B0021EE27 /* tech_support.png */; };
		CD057ED71FCF8E260021EE27 /* no_disponible.png in Resources */ = {isa = PBXBuildFile; fileRef = CD057ED61FCF8E260021EE27 /* no_disponible.png */; };
		CD057ED91FCF90ED0021EE27 /* soldadura.png in Resources */ = {isa = PBXBuildFile; fileRef = CD057ED81FCF90ED0021EE27 /* soldadura.png */; };
		CD057EDB1FCF94C80021EE27 /* productsController.swift in Sources */ = {isa = PBXBuildFile; fileRef = CD057EDA1FCF94C80021EE27 /* productsController.swift */; };
		CD057EDD1FCF94F20021EE27 /* productsCells.swift in Sources */ = {isa = PBXBuildFile; fileRef = CD057EDC1FCF94F20021EE27 /* productsCells.swift */; };
		CD057EDF1FCFB63A0021EE27 /* productos.json in Resources */ = {isa = PBXBuildFile; fileRef = CD057EDE1FCFB63A0021EE27 /* productos.json */; };
		CD057EE11FCFB6910021EE27 /* Product_Class.swift in Sources */ = {isa = PBXBuildFile; fileRef = CD057EE01FCFB6910021EE27 /* Product_Class.swift */; };
		CD09E9451FCD2D5C00B51B9F /* common.swift in Sources */ = {isa = PBXBuildFile; fileRef = CD09E9441FCD2D5C00B51B9F /* common.swift */; };
		CD1F429D1FCC828800EEFAE3 /* navMainController.swift in Sources */ = {isa = PBXBuildFile; fileRef = CD1F429C1FCC828800EEFAE3 /* navMainController.swift */; };
		CD1F429F1FCC831F00EEFAE3 /* mainController.swift in Sources */ = {isa = PBXBuildFile; fileRef = CD1F429E1FCC831F00EEFAE3 /* mainController.swift */; };
		CD1F42A21FCC865200EEFAE3 /* MenuController.swift in Sources */ = {isa = PBXBuildFile; fileRef = CD1F42A11FCC865200EEFAE3 /* MenuController.swift */; };
		CD1F42A41FCC865C00EEFAE3 /* sideBarCell.swift in Sources */ = {isa = PBXBuildFile; fileRef = CD1F42A31FCC865C00EEFAE3 /* sideBarCell.swift */; };
		CD1F42A61FCC866900EEFAE3 /* MenuItems.swift in Sources */ = {isa = PBXBuildFile; fileRef = CD1F42A51FCC866900EEFAE3 /* MenuItems.swift */; };
		CDBE99331FD657B40053DA11 /* llaveuniversal.png in Resources */ = {isa = PBXBuildFile; fileRef = CDBE99321FD657B30053DA11 /* llaveuniversal.png */; };
		CDBE993F1FD65A940053DA11 /* kitche_bath_plumbing1.png in Resources */ = {isa = PBXBuildFile; fileRef = CDBE99341FD65A900053DA11 /* kitche_bath_plumbing1.png */; };
		CDBE99401FD65A940053DA11 /* kitche_bath_plumbing.png in Resources */ = {isa = PBXBuildFile; fileRef = CDBE99351FD65A910053DA11 /* kitche_bath_plumbing.png */; };
		CDBE99411FD65A940053DA11 /* generacion2000.png in Resources */ = {isa = PBXBuildFile; fileRef = CDBE99361FD65A910053DA11 /* generacion2000.png */; };
		CDBE99421FD65A940053DA11 /* llaveuniversal.png in Resources */ = {isa = PBXBuildFile; fileRef = CDBE99371FD65A910053DA11 /* llaveuniversal.png */; };
		CDBE99431FD65A940053DA11 /* kits_detail.png in Resources */ = {isa = PBXBuildFile; fileRef = CDBE99381FD65A920053DA11 /* kits_detail.png */; };
		CDBE99441FD65A940053DA11 /* kwik_foam.png in Resources */ = {isa = PBXBuildFile; fileRef = CDBE99391FD65A920053DA11 /* kwik_foam.png */; };
		CDBE99451FD65A940053DA11 /* kwikcut.png in Resources */ = {isa = PBXBuildFile; fileRef = CDBE993A1FD65A920053DA11 /* kwikcut.png */; };
		CDBE99461FD65A940053DA11 /* kwik_seal.png in Resources */ = {isa = PBXBuildFile; fileRef = CDBE993B1FD65A930053DA11 /* kwik_seal.png */; };
		CDBE99471FD65A940053DA11 /* juegos_silicona.png in Resources */ = {isa = PBXBuildFile; fileRef = CDBE993C1FD65A930053DA11 /* juegos_silicona.png */; };
		CDBE99481FD65A940053DA11 /* kwik_foam_1.png in Resources */ = {isa = PBXBuildFile; fileRef = CDBE993D1FD65A930053DA11 /* kwik_foam_1.png */; };
		CDBE99491FD65A940053DA11 /* hule_organico.png in Resources */ = {isa = PBXBuildFile; fileRef = CDBE993E1FD65A940053DA11 /* hule_organico.png */; };
		CDCE677B1FD72BF100C2971D /* productDetailController.swift in Sources */ = {isa = PBXBuildFile; fileRef = CDCE677A1FD72BF100C2971D /* productDetailController.swift */; };
		CDF2AB011FCDC89B006B77AF /* productos.png in Resources */ = {isa = PBXBuildFile; fileRef = CDF2AB001FCDC89B006B77AF /* productos.png */; };
		CDF2AB051FCDC8D9006B77AF /* banner1.png in Resources */ = {isa = PBXBuildFile; fileRef = CDF2AB021FCDC8D9006B77AF /* banner1.png */; };
		CDF2AB061FCDC8D9006B77AF /* banner2.png in Resources */ = {isa = PBXBuildFile; fileRef = CDF2AB031FCDC8D9006B77AF /* banner2.png */; };
		CDF2AB071FCDC8D9006B77AF /* banner3.png in Resources */ = {isa = PBXBuildFile; fileRef = CDF2AB041FCDC8D9006B77AF /* banner3.png */; };
		CDF2AB0A1FCDE236006B77AF /* categoriasCells.swift in Sources */ = {isa = PBXBuildFile; fileRef = CDF2AB091FCDE236006B77AF /* categoriasCells.swift */; };
		CDF2AB0D1FCDED1A006B77AF /* Category_Class.swift in Sources */ = {isa = PBXBuildFile; fileRef = CDF2AB0C1FCDED1A006B77AF /* Category_Class.swift */; };
		CDF2AB101FCDF713006B77AF /* categorias.json in Resources */ = {isa = PBXBuildFile; fileRef = CDF2AB0F1FCDF713006B77AF /* categorias.json */; };
		CDF43B5A1FD1F0B70039E42D /* a335.png in Resources */ = {isa = PBXBuildFile; fileRef = CDF43B321FD1F0B70039E42D /* a335.png */; };
		CDF43B5B1FD1F0B70039E42D /* a383.png in Resources */ = {isa = PBXBuildFile; fileRef = CDF43B331FD1F0B70039E42D /* a383.png */; };
		CDF43B5C1FD1F0B70039E42D /* aleaciones_especiales.png in Resources */ = {isa = PBXBuildFile; fileRef = CDF43B341FD1F0B70039E42D /* aleaciones_especiales.png */; };
		CDF43B5D1FD1F0B70039E42D /* aleaciones1.png in Resources */ = {isa = PBXBuildFile; fileRef = CDF43B351FD1F0B70039E42D /* aleaciones1.png */; };
		CDF43B5E1FD1F0B70039E42D /* alex.png in Resources */ = {isa = PBXBuildFile; fileRef = CDF43B361FD1F0B70039E42D /* alex.png */; };
		CDF43B5F1FD1F0B70039E42D /* alexplus.png in Resources */ = {isa = PBXBuildFile; fileRef = CDF43B371FD1F0B70039E42D /* alexplus.png */; };
		CDF43B601FD1F0B70039E42D /* beats_the_nail_1.png in Resources */ = {isa = PBXBuildFile; fileRef = CDF43B381FD1F0B70039E42D /* beats_the_nail_1.png */; };
		CDF43B611FD1F0B70039E42D /* beats_the_nail.png in Resources */ = {isa = PBXBuildFile; fileRef = CDF43B391FD1F0B70039E42D /* beats_the_nail.png */; };
		CDF43B621FD1F0B70039E42D /* borlapvc.png in Resources */ = {isa = PBXBuildFile; fileRef = CDF43B3A1FD1F0B70039E42D /* borlapvc.png */; };
		CDF43B631FD1F0B70039E42D /* centrifuga_automatica.png in Resources */ = {isa = PBXBuildFile; fileRef = CDF43B3B1FD1F0B70039E42D /* centrifuga_automatica.png */; };
		CDF43B641FD1F0B70039E42D /* centrifuga_frontal.png in Resources */ = {isa = PBXBuildFile; fileRef = CDF43B3C1FD1F0B70039E42D /* centrifuga_frontal.png */; };
		CDF43B651FD1F0B70039E42D /* cintas_adhesivas.png in Resources */ = {isa = PBXBuildFile; fileRef = CDF43B3D1FD1F0B70039E42D /* cintas_adhesivas.png */; };
		CDF43B661FD1F0B70039E42D /* concrete.png in Resources */ = {isa = PBXBuildFile; fileRef = CDF43B3E1FD1F0B70039E42D /* concrete.png */; };
		CDF43B671FD1F0B70039E42D /* contact202_1.png in Resources */ = {isa = PBXBuildFile; fileRef = CDF43B3F1FD1F0B70039E42D /* contact202_1.png */; };
		CDF43B681FD1F0B70039E42D /* contact202.png in Resources */ = {isa = PBXBuildFile; fileRef = CDF43B401FD1F0B70039E42D /* contact202.png */; };
		CDF43B691FD1F0B70039E42D /* contact204.png in Resources */ = {isa = PBXBuildFile; fileRef = CDF43B411FD1F0B70039E42D /* contact204.png */; };
		CDF43B6A1FD1F0B70039E42D /* contact205.png in Resources */ = {isa = PBXBuildFile; fileRef = CDF43B421FD1F0B70039E42D /* contact205.png */; };
		CDF43B6B1FD1F0B70039E42D /* contact206.png in Resources */ = {isa = PBXBuildFile; fileRef = CDF43B431FD1F0B70039E42D /* contact206.png */; };
		CDF43B6C1FD1F0B70039E42D /* contact212.png in Resources */ = {isa = PBXBuildFile; fileRef = CDF43B441FD1F0B70039E42D /* contact212.png */; };
		CDF43B6D1FD1F0B70039E42D /* contact216.png in Resources */ = {isa = PBXBuildFile; fileRef = CDF43B451FD1F0B70039E42D /* contact216.png */; };
		CDF43B6E1FD1F0B70039E42D /* contact222_1.png in Resources */ = {isa = PBXBuildFile; fileRef = CDF43B461FD1F0B70039E42D /* contact222_1.png */; };
		CDF43B6F1FD1F0B70039E42D /* contact222.png in Resources */ = {isa = PBXBuildFile; fileRef = CDF43B471FD1F0B70039E42D /* contact222.png */; };
		CDF43B701FD1F0B70039E42D /* contact227_1.png in Resources */ = {isa = PBXBuildFile; fileRef = CDF43B481FD1F0B70039E42D /* contact227_1.png */; };
		CDF43B711FD1F0B70039E42D /* contact227.png in Resources */ = {isa = PBXBuildFile; fileRef = CDF43B491FD1F0B70039E42D /* contact227.png */; };
		CDF43B721FD1F0B70039E42D /* contact244.png in Resources */ = {isa = PBXBuildFile; fileRef = CDF43B4A1FD1F0B70039E42D /* contact244.png */; };
		CDF43B731FD1F0B70039E42D /* crisol.png in Resources */ = {isa = PBXBuildFile; fileRef = CDF43B4B1FD1F0B70039E42D /* crisol.png */; };
		CDF43B741FD1F0B70039E42D /* cuerdasierra.png in Resources */ = {isa = PBXBuildFile; fileRef = CDF43B4C1FD1F0B70039E42D /* cuerdasierra.png */; };
		CDF43B751FD1F0B70039E42D /* defender_hp.png in Resources */ = {isa = PBXBuildFile; fileRef = CDF43B4D1FD1F0B70039E42D /* defender_hp.png */; };
		CDF43B761FD1F0B70039E42D /* defender_rta.png in Resources */ = {isa = PBXBuildFile; fileRef = CDF43B4E1FD1F0B70039E42D /* defender_rta.png */; };
		CDF43B771FD1F0B70039E42D /* electronica.png in Resources */ = {isa = PBXBuildFile; fileRef = CDF43B4F1FD1F0B70039E42D /* electronica.png */; };
		CDF43B781FD1F0B70039E42D /* encendedorpiedra.png in Resources */ = {isa = PBXBuildFile; fileRef = CDF43B501FD1F0B70039E42D /* encendedorpiedra.png */; };
		CDF43B791FD1F0B70039E42D /* especiales.png in Resources */ = {isa = PBXBuildFile; fileRef = CDF43B511FD1F0B70039E42D /* especiales.png */; };
		CDF43B7A1FD1F0B70039E42D /* esquineros.png in Resources */ = {isa = PBXBuildFile; fileRef = CDF43B521FD1F0B70039E42D /* esquineros.png */; };
		CDF43B7B1FD1F0B70039E42D /* esquineros1.png in Resources */ = {isa = PBXBuildFile; fileRef = CDF43B531FD1F0B70039E42D /* esquineros1.png */; };
		CDF43B7C1FD1F0B70039E42D /* fastnfinal.png in Resources */ = {isa = PBXBuildFile; fileRef = CDF43B541FD1F0B70039E42D /* fastnfinal.png */; };
		CDF43B7D1FD1F0B70039E42D /* felejes.png in Resources */ = {isa = PBXBuildFile; fileRef = CDF43B551FD1F0B70039E42D /* felejes.png */; };
		CDF43B7E1FD1F0B70039E42D /* flux.png in Resources */ = {isa = PBXBuildFile; fileRef = CDF43B561FD1F0B70039E42D /* flux.png */; };
		CDF43B7F1FD1F0B70039E42D /* flux1.png in Resources */ = {isa = PBXBuildFile; fileRef = CDF43B571FD1F0B70039E42D /* flux1.png */; };
		CDF43B801FD1F0B70039E42D /* flux2.png in Resources */ = {isa = PBXBuildFile; fileRef = CDF43B581FD1F0B70039E42D /* flux2.png */; };
		CDF43B811FD1F0B70039E42D /* gasket_marker.png in Resources */ = {isa = PBXBuildFile; fileRef = CDF43B591FD1F0B70039E42D /* gasket_marker.png */; };
		CDF43B991FD1F2180039E42D /* material_relleno.png in Resources */ = {isa = PBXBuildFile; fileRef = CDF43B981FD1F2180039E42D /* material_relleno.png */; };
		CDF43BA31FD1F22B0039E42D /* monarca_1.png in Resources */ = {isa = PBXBuildFile; fileRef = CDF43B9A1FD1F22B0039E42D /* monarca_1.png */; };
		CDF43BA41FD1F22B0039E42D /* monarca.png in Resources */ = {isa = PBXBuildFile; fileRef = CDF43B9B1FD1F22B0039E42D /* monarca.png */; };
		CDF43BA51FD1F22B0039E42D /* monarca95_1.png in Resources */ = {isa = PBXBuildFile; fileRef = CDF43B9C1FD1F22B0039E42D /* monarca95_1.png */; };
		CDF43BA61FD1F22B0039E42D /* monarca95.png in Resources */ = {isa = PBXBuildFile; fileRef = CDF43B9D1FD1F22B0039E42D /* monarca95.png */; };
		CDF43BA71FD1F22B0039E42D /* monarcaacido.png in Resources */ = {isa = PBXBuildFile; fileRef = CDF43B9E1FD1F22B0039E42D /* monarcaacido.png */; };
		CDF43BA81FD1F22B0039E42D /* monarcaelec_1.png in Resources */ = {isa = PBXBuildFile; fileRef = CDF43B9F1FD1F22B0039E42D /* monarcaelec_1.png */; };
		CDF43BA91FD1F22B0039E42D /* monarcaelec.png in Resources */ = {isa = PBXBuildFile; fileRef = CDF43BA01FD1F22B0039E42D /* monarcaelec.png */; };
		CDF43BAA1FD1F22B0039E42D /* monarcaverde_1.png in Resources */ = {isa = PBXBuildFile; fileRef = CDF43BA11FD1F22B0039E42D /* monarcaverde_1.png */; };
		CDF43BAB1FD1F22B0039E42D /* monarcaverde.png in Resources */ = {isa = PBXBuildFile; fileRef = CDF43BA21FD1F22B0039E42D /* monarcaverde.png */; };
		CDF43BB01FD1F23C0039E42D /* p100.png in Resources */ = {isa = PBXBuildFile; fileRef = CDF43BAC1FD1F23C0039E42D /* p100.png */; };
		CDF43BB11FD1F23C0039E42D /* p355.png in Resources */ = {isa = PBXBuildFile; fileRef = CDF43BAD1FD1F23C0039E42D /* p355.png */; };
		CDF43BB21FD1F23C0039E42D /* p403.png in Resources */ = {isa = PBXBuildFile; fileRef = CDF43BAE1FD1F23C0039E42D /* p403.png */; };
		CDF43BB31FD1F23C0039E42D /* p715.png in Resources */ = {isa = PBXBuildFile; fileRef = CDF43BAF1FD1F23C0039E42D /* p715.png */; };
		CDF43BB61FD1F24D0039E42D /* pelicula_estirable.png in Resources */ = {isa = PBXBuildFile; fileRef = CDF43BB41FD1F24D0039E42D /* pelicula_estirable.png */; };
		CDF43BB71FD1F24D0039E42D /* pelicula_estirable1.png in Resources */ = {isa = PBXBuildFile; fileRef = CDF43BB51FD1F24D0039E42D /* pelicula_estirable1.png */; };
		CDF43BB91FD1F2550039E42D /* pinturas.png in Resources */ = {isa = PBXBuildFile; fileRef = CDF43BB81FD1F2550039E42D /* pinturas.png */; };
		CDF43BBF1FD1F2630039E42D /* pinturas1.png in Resources */ = {isa = PBXBuildFile; fileRef = CDF43BBA1FD1F2630039E42D /* pinturas1.png */; };
		CDF43BC01FD1F2630039E42D /* pinturas2.png in Resources */ = {isa = PBXBuildFile; fileRef = CDF43BBB1FD1F2630039E42D /* pinturas2.png */; };
		CDF43BC11FD1F2630039E42D /* pinturas3.png in Resources */ = {isa = PBXBuildFile; fileRef = CDF43BBC1FD1F2630039E42D /* pinturas3.png */; };
		CDF43BC21FD1F2630039E42D /* pinturas4.png in Resources */ = {isa = PBXBuildFile; fileRef = CDF43BBD1FD1F2630039E42D /* pinturas4.png */; };
		CDF43BC31FD1F2630039E42D /* placeholder.png in Resources */ = {isa = PBXBuildFile; fileRef = CDF43BBE1FD1F2630039E42D /* placeholder.png */; };
		CDF43BC51FD1F2760039E42D /* refacciones.png in Resources */ = {isa = PBXBuildFile; fileRef = CDF43BC41FD1F2760039E42D /* refacciones.png */; };
		CDF43BD31FD1F2A00039E42D /* repuestonavaja.png in Resources */ = {isa = PBXBuildFile; fileRef = CDF43BC61FD1F29F0039E42D /* repuestonavaja.png */; };
		CDF43BD41FD1F2A00039E42D /* roof.png in Resources */ = {isa = PBXBuildFile; fileRef = CDF43BC71FD1F29F0039E42D /* roof.png */; };
		CDF43BD51FD1F2A00039E42D /* sanisil_transparente.png in Resources */ = {isa = PBXBuildFile; fileRef = CDF43BC81FD1F29F0039E42D /* sanisil_transparente.png */; };
		CDF43BD61FD1F2A00039E42D /* sealant100.png in Resources */ = {isa = PBXBuildFile; fileRef = CDF43BC91FD1F2A00039E42D /* sealant100.png */; };
		CDF43BD71FD1F2A00039E42D /* servicios.png in Resources */ = {isa = PBXBuildFile; fileRef = CDF43BCA1FD1F2A00039E42D /* servicios.png */; };
		CDF43BD81FD1F2A00039E42D /* sidewinder.png in Resources */ = {isa = PBXBuildFile; fileRef = CDF43BCB1FD1F2A00039E42D /* sidewinder.png */; };
		CDF43BD91FD1F2A00039E42D /* sierra.png in Resources */ = {isa = PBXBuildFile; fileRef = CDF43BCC1FD1F2A00039E42D /* sierra.png */; };
		CDF43BDA1FD1F2A00039E42D /* sikacryl_bc.png in Resources */ = {isa = PBXBuildFile; fileRef = CDF43BCD1FD1F2A00039E42D /* sikacryl_bc.png */; };
		CDF43BDB1FD1F2A00039E42D /* sikaflex_crystal.png in Resources */ = {isa = PBXBuildFile; fileRef = CDF43BCE1FD1F2A00039E42D /* sikaflex_crystal.png */; };
		CDF43BDC1FD1F2A00039E42D /* sikaflex.png in Resources */ = {isa = PBXBuildFile; fileRef = CDF43BCF1FD1F2A00039E42D /* sikaflex.png */; };
		CDF43BDD1FD1F2A00039E42D /* sikasil_150.png in Resources */ = {isa = PBXBuildFile; fileRef = CDF43BD01FD1F2A00039E42D /* sikasil_150.png */; };
		CDF43BDE1FD1F2A00039E42D /* sikasil_universal.png in Resources */ = {isa = PBXBuildFile; fileRef = CDF43BD11FD1F2A00039E42D /* sikasil_universal.png */; };
		CDF43BDF1FD1F2A00039E42D /* silicon_multiusos.png in Resources */ = {isa = PBXBuildFile; fileRef = CDF43BD21FD1F2A00039E42D /* silicon_multiusos.png */; };
		CDF43BE61FD1F2B90039E42D /* strong_kit.png in Resources */ = {isa = PBXBuildFile; fileRef = CDF43BE01FD1F2B90039E42D /* strong_kit.png */; };
		CDF43BE71FD1F2B90039E42D /* vibradoras.png in Resources */ = {isa = PBXBuildFile; fileRef = CDF43BE11FD1F2B90039E42D /* vibradoras.png */; };
		CDF43BE81FD1F2B90039E42D /* vulcanizadoras.png in Resources */ = {isa = PBXBuildFile; fileRef = CDF43BE21FD1F2B90039E42D /* vulcanizadoras.png */; };
		CDF43BE91FD1F2B90039E42D /* weldwood.png in Resources */ = {isa = PBXBuildFile; fileRef = CDF43BE31FD1F2B90039E42D /* weldwood.png */; };
		CDF43BEA1FD1F2B90039E42D /* window_door_siding.png in Resources */ = {isa = PBXBuildFile; fileRef = CDF43BE41FD1F2B90039E42D /* window_door_siding.png */; };
		CDF43BEB1FD1F2B90039E42D /* window_door_siding1.png in Resources */ = {isa = PBXBuildFile; fileRef = CDF43BE51FD1F2B90039E42D /* window_door_siding1.png */; };
		CDF43BF11FD1F7A50039E42D /* impersika.png in Resources */ = {isa = PBXBuildFile; fileRef = CDF43BF01FD1F7A50039E42D /* impersika.png */; };
		CDF43BF31FD1F7C00039E42D /* insumos.png in Resources */ = {isa = PBXBuildFile; fileRef = CDF43BF21FD1F7C00039E42D /* insumos.png */; };
		CDF43BFC1FD1F84D0039E42D /* industrial_1.png in Resources */ = {isa = PBXBuildFile; fileRef = CDF43BF81FD1F84D0039E42D /* industrial_1.png */; };
		CDF43BFD1FD1F84D0039E42D /* industrial_2.png in Resources */ = {isa = PBXBuildFile; fileRef = CDF43BF91FD1F84D0039E42D /* industrial_2.png */; };
		CDF43BFE1FD1F84D0039E42D /* industrial_3.png in Resources */ = {isa = PBXBuildFile; fileRef = CDF43BFA1FD1F84D0039E42D /* industrial_3.png */; };
		CDF43BFF1FD1F84D0039E42D /* industrial_centrifugamanual.png in Resources */ = {isa = PBXBuildFile; fileRef = CDF43BFB1FD1F84D0039E42D /* industrial_centrifugamanual.png */; };
		CDFF127A1FC68D7500B6EFB0 /* navloginController.swift in Sources */ = {isa = PBXBuildFile; fileRef = CDFF12791FC68D7500B6EFB0 /* navloginController.swift */; };
		CDFF127C1FC68E2B00B6EFB0 /* loginController.swift in Sources */ = {isa = PBXBuildFile; fileRef = CDFF127B1FC68E2B00B6EFB0 /* loginController.swift */; };
/* End PBXBuildFile section */

/* Begin PBXContainerItemProxy section */
		CD050BE11FC5368A00627300 /* PBXContainerItemProxy */ = {
			isa = PBXContainerItemProxy;
			containerPortal = CD050BC41FC5368A00627300 /* Project object */;
			proxyType = 1;
			remoteGlobalIDString = CD050BCB1FC5368A00627300;
			remoteInfo = mexar;
		};
		CD050BEC1FC5368A00627300 /* PBXContainerItemProxy */ = {
			isa = PBXContainerItemProxy;
			containerPortal = CD050BC41FC5368A00627300 /* Project object */;
			proxyType = 1;
			remoteGlobalIDString = CD050BCB1FC5368A00627300;
			remoteInfo = mexar;
		};
/* End PBXContainerItemProxy section */

/* Begin PBXFileReference section */
		013AE683F1F637C093B3EAF1 /* Pods_mexarUITests.framework */ = {isa = PBXFileReference; explicitFileType = wrapper.framework; includeInIndex = 0; path = Pods_mexarUITests.framework; sourceTree = BUILT_PRODUCTS_DIR; };
		477EF2CD41BC6EC64F04EF3D /* Pods-mexarTests.release.xcconfig */ = {isa = PBXFileReference; includeInIndex = 1; lastKnownFileType = text.xcconfig; name = "Pods-mexarTests.release.xcconfig"; path = "Pods/Target Support Files/Pods-mexarTests/Pods-mexarTests.release.xcconfig"; sourceTree = "<group>"; };
		4780F18BB87DCCE6E09B02D0 /* Pods-mexarUITests.debug.xcconfig */ = {isa = PBXFileReference; includeInIndex = 1; lastKnownFileType = text.xcconfig; name = "Pods-mexarUITests.debug.xcconfig"; path = "Pods/Target Support Files/Pods-mexarUITests/Pods-mexarUITests.debug.xcconfig"; sourceTree = "<group>"; };
		4EF8FEDC29571141EB1C1C6F /* Pods-mexarTests.debug.xcconfig */ = {isa = PBXFileReference; includeInIndex = 1; lastKnownFileType = text.xcconfig; name = "Pods-mexarTests.debug.xcconfig"; path = "Pods/Target Support Files/Pods-mexarTests/Pods-mexarTests.debug.xcconfig"; sourceTree = "<group>"; };
		73BAD88096AEE58D0FE074F6 /* Pods-mexarUITests.release.xcconfig */ = {isa = PBXFileReference; includeInIndex = 1; lastKnownFileType = text.xcconfig; name = "Pods-mexarUITests.release.xcconfig"; path = "Pods/Target Support Files/Pods-mexarUITests/Pods-mexarUITests.release.xcconfig"; sourceTree = "<group>"; };
		97EB2A13155D7C4CE2D3A746 /* Pods_mexarTests.framework */ = {isa = PBXFileReference; explicitFileType = wrapper.framework; includeInIndex = 0; path = Pods_mexarTests.framework; sourceTree = BUILT_PRODUCTS_DIR; };
		9917D3000457E189C2B2EA1D /* Pods-mexar.release.xcconfig */ = {isa = PBXFileReference; includeInIndex = 1; lastKnownFileType = text.xcconfig; name = "Pods-mexar.release.xcconfig"; path = "Pods/Target Support Files/Pods-mexar/Pods-mexar.release.xcconfig"; sourceTree = "<group>"; };
		AE49845AACA06D81FBA75749 /* Pods_mexar.framework */ = {isa = PBXFileReference; explicitFileType = wrapper.framework; includeInIndex = 0; path = Pods_mexar.framework; sourceTree = BUILT_PRODUCTS_DIR; };
		CD050BCC1FC5368A00627300 /* mexar.app */ = {isa = PBXFileReference; explicitFileType = wrapper.application; includeInIndex = 0; path = mexar.app; sourceTree = BUILT_PRODUCTS_DIR; };
		CD050BCF1FC5368A00627300 /* AppDelegate.swift */ = {isa = PBXFileReference; lastKnownFileType = sourcecode.swift; path = AppDelegate.swift; sourceTree = "<group>"; };
		CD050BD11FC5368A00627300 /* ViewController.swift */ = {isa = PBXFileReference; lastKnownFileType = sourcecode.swift; path = ViewController.swift; sourceTree = "<group>"; };
		CD050BD41FC5368A00627300 /* Base */ = {isa = PBXFileReference; lastKnownFileType = file.storyboard; name = Base; path = Base.lproj/Main.storyboard; sourceTree = "<group>"; };
		CD050BD61FC5368A00627300 /* Assets.xcassets */ = {isa = PBXFileReference; lastKnownFileType = folder.assetcatalog; path = Assets.xcassets; sourceTree = "<group>"; };
		CD050BD91FC5368A00627300 /* Base */ = {isa = PBXFileReference; lastKnownFileType = file.storyboard; name = Base; path = Base.lproj/LaunchScreen.storyboard; sourceTree = "<group>"; };
		CD050BDB1FC5368A00627300 /* Info.plist */ = {isa = PBXFileReference; lastKnownFileType = text.plist.xml; path = Info.plist; sourceTree = "<group>"; };
		CD050BE01FC5368A00627300 /* mexarTests.xctest */ = {isa = PBXFileReference; explicitFileType = wrapper.cfbundle; includeInIndex = 0; path = mexarTests.xctest; sourceTree = BUILT_PRODUCTS_DIR; };
		CD050BE41FC5368A00627300 /* mexarTests.swift */ = {isa = PBXFileReference; lastKnownFileType = sourcecode.swift; path = mexarTests.swift; sourceTree = "<group>"; };
		CD050BE61FC5368A00627300 /* Info.plist */ = {isa = PBXFileReference; lastKnownFileType = text.plist.xml; path = Info.plist; sourceTree = "<group>"; };
		CD050BEB1FC5368A00627300 /* mexarUITests.xctest */ = {isa = PBXFileReference; explicitFileType = wrapper.cfbundle; includeInIndex = 0; path = mexarUITests.xctest; sourceTree = BUILT_PRODUCTS_DIR; };
		CD050BEF1FC5368A00627300 /* mexarUITests.swift */ = {isa = PBXFileReference; lastKnownFileType = sourcecode.swift; path = mexarUITests.swift; sourceTree = "<group>"; };
		CD050BF11FC5368A00627300 /* Info.plist */ = {isa = PBXFileReference; lastKnownFileType = text.plist.xml; path = Info.plist; sourceTree = "<group>"; };
		CD057EA81FCF2F760021EE27 /* pipes.png */ = {isa = PBXFileReference; lastKnownFileType = image.png; path = pipes.png; sourceTree = "<group>"; };
		CD057EAA1FCF2F870021EE27 /* industrial.png */ = {isa = PBXFileReference; lastKnownFileType = image.png; path = industrial.png; sourceTree = "<group>"; };
		CD057EAC1FCF2F9C0021EE27 /* centrifugado.png */ = {isa = PBXFileReference; lastKnownFileType = image.png; path = centrifugado.png; sourceTree = "<group>"; };
		CD057EAE1FCF3CE90021EE27 /* subCategorias.swift */ = {isa = PBXFileReference; fileEncoding = 4; lastKnownFileType = sourcecode.swift; path = subCategorias.swift; sourceTree = "<group>"; };
		CD057EB01FCF7EA00021EE27 /* subcategoriasCells.swift */ = {isa = PBXFileReference; fileEncoding = 4; lastKnownFileType = sourcecode.swift; path = subcategoriasCells.swift; sourceTree = "<group>"; };
		CD057EB21FCF83130021EE27 /* SubCategoria_Class.swift */ = {isa = PBXFileReference; fileEncoding = 4; lastKnownFileType = sourcecode.swift; path = SubCategoria_Class.swift; sourceTree = "<group>"; };
		CD057EB41FCF834A0021EE27 /* subcategorias.json */ = {isa = PBXFileReference; fileEncoding = 4; lastKnownFileType = text.json; path = subcategorias.json; sourceTree = "<group>"; };
		CD057EB61FCF8A5A0021EE27 /* cementoypvc.png */ = {isa = PBXFileReference; lastKnownFileType = image.png; path = cementoypvc.png; sourceTree = "<group>"; };
		CD057EB81FCF8A740021EE27 /* pastasoldar.png */ = {isa = PBXFileReference; lastKnownFileType = image.png; path = pastasoldar.png; sourceTree = "<group>"; };
		CD057EBA1FCF8A880021EE27 /* kits.png */ = {isa = PBXFileReference; lastKnownFileType = image.png; path = kits.png; sourceTree = "<group>"; };
		CD057EBC1FCF8AA20021EE27 /* herramientas.png */ = {isa = PBXFileReference; lastKnownFileType = image.png; path = herramientas.png; sourceTree = "<group>"; };
		CD057EBE1FCF8AB20021EE27 /* silicon.png */ = {isa = PBXFileReference; lastKnownFileType = image.png; path = silicon.png; sourceTree = "<group>"; };
		CD057EC01FCF8ABF0021EE27 /* selladores.png */ = {isa = PBXFileReference; lastKnownFileType = image.png; path = selladores.png; sourceTree = "<group>"; };
		CD057EC21FCF8AD00021EE27 /* empaque.png */ = {isa = PBXFileReference; lastKnownFileType = image.png; path = empaque.png; sourceTree = "<group>"; };
		CD057EC41FCF8ADF0021EE27 /* soldadura_industrial.png */ = {isa = PBXFileReference; lastKnownFileType = image.png; path = soldadura_industrial.png; sourceTree = "<group>"; };
		CD057EC61FCF8AEC0021EE27 /* zunchadoras.png */ = {isa = PBXFileReference; lastKnownFileType = image.png; path = zunchadoras.png; sourceTree = "<group>"; };
		CD057EC81FCF8AF80021EE27 /* herramientas_fleje.png */ = {isa = PBXFileReference; lastKnownFileType = image.png; path = herramientas_fleje.png; sourceTree = "<group>"; };
		CD057ECA1FCF8B060021EE27 /* estirable.png */ = {isa = PBXFileReference; lastKnownFileType = image.png; path = estirable.png; sourceTree = "<group>"; };
		CD057ECC1FCF8B160021EE27 /* maquinaria.png */ = {isa = PBXFileReference; lastKnownFileType = image.png; path = maquinaria.png; sourceTree = "<group>"; };
		CD057ECE1FCF8B270021EE27 /* metales.png */ = {isa = PBXFileReference; lastKnownFileType = image.png; path = metales.png; sourceTree = "<group>"; };
		CD057ED01FCF8B380021EE27 /* silicones.png */ = {isa = PBXFileReference; lastKnownFileType = image.png; path = silicones.png; sourceTree = "<group>"; };
		CD057ED21FCF8B420021EE27 /* accesorios.png */ = {isa = PBXFileReference; lastKnownFileType = image.png; path = accesorios.png; sourceTree = "<group>"; };
		CD057ED41FCF8B4B0021EE27 /* tech_support.png */ = {isa = PBXFileReference; lastKnownFileType = image.png; path = tech_support.png; sourceTree = "<group>"; };
		CD057ED61FCF8E260021EE27 /* no_disponible.png */ = {isa = PBXFileReference; lastKnownFileType = image.png; path = no_disponible.png; sourceTree = "<group>"; };
		CD057ED81FCF90ED0021EE27 /* soldadura.png */ = {isa = PBXFileReference; lastKnownFileType = image.png; path = soldadura.png; sourceTree = "<group>"; };
		CD057EDA1FCF94C80021EE27 /* productsController.swift */ = {isa = PBXFileReference; fileEncoding = 4; lastKnownFileType = sourcecode.swift; path = productsController.swift; sourceTree = "<group>"; };
		CD057EDC1FCF94F20021EE27 /* productsCells.swift */ = {isa = PBXFileReference; fileEncoding = 4; lastKnownFileType = sourcecode.swift; path = productsCells.swift; sourceTree = "<group>"; };
		CD057EDE1FCFB63A0021EE27 /* productos.json */ = {isa = PBXFileReference; fileEncoding = 4; lastKnownFileType = text.json; path = productos.json; sourceTree = "<group>"; };
		CD057EE01FCFB6910021EE27 /* Product_Class.swift */ = {isa = PBXFileReference; fileEncoding = 4; lastKnownFileType = sourcecode.swift; path = Product_Class.swift; sourceTree = "<group>"; };
		CD09E9441FCD2D5C00B51B9F /* common.swift */ = {isa = PBXFileReference; fileEncoding = 4; lastKnownFileType = sourcecode.swift; path = common.swift; sourceTree = "<group>"; };
		CD1F429C1FCC828800EEFAE3 /* navMainController.swift */ = {isa = PBXFileReference; fileEncoding = 4; lastKnownFileType = sourcecode.swift; path = navMainController.swift; sourceTree = "<group>"; };
		CD1F429E1FCC831F00EEFAE3 /* mainController.swift */ = {isa = PBXFileReference; fileEncoding = 4; lastKnownFileType = sourcecode.swift; path = mainController.swift; sourceTree = "<group>"; };
		CD1F42A11FCC865200EEFAE3 /* MenuController.swift */ = {isa = PBXFileReference; fileEncoding = 4; lastKnownFileType = sourcecode.swift; path = MenuController.swift; sourceTree = "<group>"; };
		CD1F42A31FCC865C00EEFAE3 /* sideBarCell.swift */ = {isa = PBXFileReference; fileEncoding = 4; lastKnownFileType = sourcecode.swift; path = sideBarCell.swift; sourceTree = "<group>"; };
		CD1F42A51FCC866900EEFAE3 /* MenuItems.swift */ = {isa = PBXFileReference; fileEncoding = 4; lastKnownFileType = sourcecode.swift; path = MenuItems.swift; sourceTree = "<group>"; };
		CDBE99321FD657B30053DA11 /* llaveuniversal.png */ = {isa = PBXFileReference; lastKnownFileType = image.png; path = llaveuniversal.png; sourceTree = "<group>"; };
		CDBE99341FD65A900053DA11 /* kitche_bath_plumbing1.png */ = {isa = PBXFileReference; lastKnownFileType = image.png; path = kitche_bath_plumbing1.png; sourceTree = "<group>"; };
		CDBE99351FD65A910053DA11 /* kitche_bath_plumbing.png */ = {isa = PBXFileReference; lastKnownFileType = image.png; path = kitche_bath_plumbing.png; sourceTree = "<group>"; };
		CDBE99361FD65A910053DA11 /* generacion2000.png */ = {isa = PBXFileReference; lastKnownFileType = image.png; path = generacion2000.png; sourceTree = "<group>"; };
		CDBE99371FD65A910053DA11 /* llaveuniversal.png */ = {isa = PBXFileReference; lastKnownFileType = image.png; name = llaveuniversal.png; path = ../../../TempImages/llaveuniversal.png; sourceTree = "<group>"; };
		CDBE99381FD65A920053DA11 /* kits_detail.png */ = {isa = PBXFileReference; lastKnownFileType = image.png; path = kits_detail.png; sourceTree = "<group>"; };
		CDBE99391FD65A920053DA11 /* kwik_foam.png */ = {isa = PBXFileReference; lastKnownFileType = image.png; path = kwik_foam.png; sourceTree = "<group>"; };
		CDBE993A1FD65A920053DA11 /* kwikcut.png */ = {isa = PBXFileReference; lastKnownFileType = image.png; path = kwikcut.png; sourceTree = "<group>"; };
		CDBE993B1FD65A930053DA11 /* kwik_seal.png */ = {isa = PBXFileReference; lastKnownFileType = image.png; path = kwik_seal.png; sourceTree = "<group>"; };
		CDBE993C1FD65A930053DA11 /* juegos_silicona.png */ = {isa = PBXFileReference; lastKnownFileType = image.png; path = juegos_silicona.png; sourceTree = "<group>"; };
		CDBE993D1FD65A930053DA11 /* kwik_foam_1.png */ = {isa = PBXFileReference; lastKnownFileType = image.png; path = kwik_foam_1.png; sourceTree = "<group>"; };
		CDBE993E1FD65A940053DA11 /* hule_organico.png */ = {isa = PBXFileReference; lastKnownFileType = image.png; path = hule_organico.png; sourceTree = "<group>"; };
		CDCE677A1FD72BF100C2971D /* productDetailController.swift */ = {isa = PBXFileReference; lastKnownFileType = sourcecode.swift; path = productDetailController.swift; sourceTree = "<group>"; };
		CDF2AB001FCDC89B006B77AF /* productos.png */ = {isa = PBXFileReference; lastKnownFileType = image.png; path = productos.png; sourceTree = "<group>"; };
		CDF2AB021FCDC8D9006B77AF /* banner1.png */ = {isa = PBXFileReference; lastKnownFileType = image.png; path = banner1.png; sourceTree = "<group>"; };
		CDF2AB031FCDC8D9006B77AF /* banner2.png */ = {isa = PBXFileReference; lastKnownFileType = image.png; path = banner2.png; sourceTree = "<group>"; };
		CDF2AB041FCDC8D9006B77AF /* banner3.png */ = {isa = PBXFileReference; lastKnownFileType = image.png; path = banner3.png; sourceTree = "<group>"; };
		CDF2AB091FCDE236006B77AF /* categoriasCells.swift */ = {isa = PBXFileReference; fileEncoding = 4; lastKnownFileType = sourcecode.swift; path = categoriasCells.swift; sourceTree = "<group>"; };
		CDF2AB0C1FCDED1A006B77AF /* Category_Class.swift */ = {isa = PBXFileReference; fileEncoding = 4; lastKnownFileType = sourcecode.swift; path = Category_Class.swift; sourceTree = "<group>"; };
		CDF2AB0F1FCDF713006B77AF /* categorias.json */ = {isa = PBXFileReference; fileEncoding = 4; lastKnownFileType = text.json; path = categorias.json; sourceTree = "<group>"; };
		CDF43B321FD1F0B70039E42D /* a335.png */ = {isa = PBXFileReference; lastKnownFileType = image.png; path = a335.png; sourceTree = "<group>"; };
		CDF43B331FD1F0B70039E42D /* a383.png */ = {isa = PBXFileReference; lastKnownFileType = image.png; path = a383.png; sourceTree = "<group>"; };
		CDF43B341FD1F0B70039E42D /* aleaciones_especiales.png */ = {isa = PBXFileReference; lastKnownFileType = image.png; path = aleaciones_especiales.png; sourceTree = "<group>"; };
		CDF43B351FD1F0B70039E42D /* aleaciones1.png */ = {isa = PBXFileReference; lastKnownFileType = image.png; path = aleaciones1.png; sourceTree = "<group>"; };
		CDF43B361FD1F0B70039E42D /* alex.png */ = {isa = PBXFileReference; lastKnownFileType = image.png; path = alex.png; sourceTree = "<group>"; };
		CDF43B371FD1F0B70039E42D /* alexplus.png */ = {isa = PBXFileReference; lastKnownFileType = image.png; path = alexplus.png; sourceTree = "<group>"; };
		CDF43B381FD1F0B70039E42D /* beats_the_nail_1.png */ = {isa = PBXFileReference; lastKnownFileType = image.png; path = beats_the_nail_1.png; sourceTree = "<group>"; };
		CDF43B391FD1F0B70039E42D /* beats_the_nail.png */ = {isa = PBXFileReference; lastKnownFileType = image.png; path = beats_the_nail.png; sourceTree = "<group>"; };
		CDF43B3A1FD1F0B70039E42D /* borlapvc.png */ = {isa = PBXFileReference; lastKnownFileType = image.png; path = borlapvc.png; sourceTree = "<group>"; };
		CDF43B3B1FD1F0B70039E42D /* centrifuga_automatica.png */ = {isa = PBXFileReference; lastKnownFileType = image.png; path = centrifuga_automatica.png; sourceTree = "<group>"; };
		CDF43B3C1FD1F0B70039E42D /* centrifuga_frontal.png */ = {isa = PBXFileReference; lastKnownFileType = image.png; path = centrifuga_frontal.png; sourceTree = "<group>"; };
		CDF43B3D1FD1F0B70039E42D /* cintas_adhesivas.png */ = {isa = PBXFileReference; lastKnownFileType = image.png; path = cintas_adhesivas.png; sourceTree = "<group>"; };
		CDF43B3E1FD1F0B70039E42D /* concrete.png */ = {isa = PBXFileReference; lastKnownFileType = image.png; path = concrete.png; sourceTree = "<group>"; };
		CDF43B3F1FD1F0B70039E42D /* contact202_1.png */ = {isa = PBXFileReference; lastKnownFileType = image.png; path = contact202_1.png; sourceTree = "<group>"; };
		CDF43B401FD1F0B70039E42D /* contact202.png */ = {isa = PBXFileReference; lastKnownFileType = image.png; path = contact202.png; sourceTree = "<group>"; };
		CDF43B411FD1F0B70039E42D /* contact204.png */ = {isa = PBXFileReference; lastKnownFileType = image.png; path = contact204.png; sourceTree = "<group>"; };
		CDF43B421FD1F0B70039E42D /* contact205.png */ = {isa = PBXFileReference; lastKnownFileType = image.png; path = contact205.png; sourceTree = "<group>"; };
		CDF43B431FD1F0B70039E42D /* contact206.png */ = {isa = PBXFileReference; lastKnownFileType = image.png; path = contact206.png; sourceTree = "<group>"; };
		CDF43B441FD1F0B70039E42D /* contact212.png */ = {isa = PBXFileReference; lastKnownFileType = image.png; path = contact212.png; sourceTree = "<group>"; };
		CDF43B451FD1F0B70039E42D /* contact216.png */ = {isa = PBXFileReference; lastKnownFileType = image.png; path = contact216.png; sourceTree = "<group>"; };
		CDF43B461FD1F0B70039E42D /* contact222_1.png */ = {isa = PBXFileReference; lastKnownFileType = image.png; path = contact222_1.png; sourceTree = "<group>"; };
		CDF43B471FD1F0B70039E42D /* contact222.png */ = {isa = PBXFileReference; lastKnownFileType = image.png; path = contact222.png; sourceTree = "<group>"; };
		CDF43B481FD1F0B70039E42D /* contact227_1.png */ = {isa = PBXFileReference; lastKnownFileType = image.png; path = contact227_1.png; sourceTree = "<group>"; };
		CDF43B491FD1F0B70039E42D /* contact227.png */ = {isa = PBXFileReference; lastKnownFileType = image.png; path = contact227.png; sourceTree = "<group>"; };
		CDF43B4A1FD1F0B70039E42D /* contact244.png */ = {isa = PBXFileReference; lastKnownFileType = image.png; path = contact244.png; sourceTree = "<group>"; };
		CDF43B4B1FD1F0B70039E42D /* crisol.png */ = {isa = PBXFileReference; lastKnownFileType = image.png; path = crisol.png; sourceTree = "<group>"; };
		CDF43B4C1FD1F0B70039E42D /* cuerdasierra.png */ = {isa = PBXFileReference; lastKnownFileType = image.png; path = cuerdasierra.png; sourceTree = "<group>"; };
		CDF43B4D1FD1F0B70039E42D /* defender_hp.png */ = {isa = PBXFileReference; lastKnownFileType = image.png; path = defender_hp.png; sourceTree = "<group>"; };
		CDF43B4E1FD1F0B70039E42D /* defender_rta.png */ = {isa = PBXFileReference; lastKnownFileType = image.png; path = defender_rta.png; sourceTree = "<group>"; };
		CDF43B4F1FD1F0B70039E42D /* electronica.png */ = {isa = PBXFileReference; lastKnownFileType = image.png; path = electronica.png; sourceTree = "<group>"; };
		CDF43B501FD1F0B70039E42D /* encendedorpiedra.png */ = {isa = PBXFileReference; lastKnownFileType = image.png; path = encendedorpiedra.png; sourceTree = "<group>"; };
		CDF43B511FD1F0B70039E42D /* especiales.png */ = {isa = PBXFileReference; lastKnownFileType = image.png; path = especiales.png; sourceTree = "<group>"; };
		CDF43B521FD1F0B70039E42D /* esquineros.png */ = {isa = PBXFileReference; lastKnownFileType = image.png; path = esquineros.png; sourceTree = "<group>"; };
		CDF43B531FD1F0B70039E42D /* esquineros1.png */ = {isa = PBXFileReference; lastKnownFileType = image.png; path = esquineros1.png; sourceTree = "<group>"; };
		CDF43B541FD1F0B70039E42D /* fastnfinal.png */ = {isa = PBXFileReference; lastKnownFileType = image.png; path = fastnfinal.png; sourceTree = "<group>"; };
		CDF43B551FD1F0B70039E42D /* felejes.png */ = {isa = PBXFileReference; lastKnownFileType = image.png; path = felejes.png; sourceTree = "<group>"; };
		CDF43B561FD1F0B70039E42D /* flux.png */ = {isa = PBXFileReference; lastKnownFileType = image.png; path = flux.png; sourceTree = "<group>"; };
		CDF43B571FD1F0B70039E42D /* flux1.png */ = {isa = PBXFileReference; lastKnownFileType = image.png; path = flux1.png; sourceTree = "<group>"; };
		CDF43B581FD1F0B70039E42D /* flux2.png */ = {isa = PBXFileReference; lastKnownFileType = image.png; path = flux2.png; sourceTree = "<group>"; };
		CDF43B591FD1F0B70039E42D /* gasket_marker.png */ = {isa = PBXFileReference; lastKnownFileType = image.png; path = gasket_marker.png; sourceTree = "<group>"; };
		CDF43B981FD1F2180039E42D /* material_relleno.png */ = {isa = PBXFileReference; lastKnownFileType = image.png; path = material_relleno.png; sourceTree = "<group>"; };
		CDF43B9A1FD1F22B0039E42D /* monarca_1.png */ = {isa = PBXFileReference; lastKnownFileType = image.png; path = monarca_1.png; sourceTree = "<group>"; };
		CDF43B9B1FD1F22B0039E42D /* monarca.png */ = {isa = PBXFileReference; lastKnownFileType = image.png; path = monarca.png; sourceTree = "<group>"; };
		CDF43B9C1FD1F22B0039E42D /* monarca95_1.png */ = {isa = PBXFileReference; lastKnownFileType = image.png; path = monarca95_1.png; sourceTree = "<group>"; };
		CDF43B9D1FD1F22B0039E42D /* monarca95.png */ = {isa = PBXFileReference; lastKnownFileType = image.png; path = monarca95.png; sourceTree = "<group>"; };
		CDF43B9E1FD1F22B0039E42D /* monarcaacido.png */ = {isa = PBXFileReference; lastKnownFileType = image.png; path = monarcaacido.png; sourceTree = "<group>"; };
		CDF43B9F1FD1F22B0039E42D /* monarcaelec_1.png */ = {isa = PBXFileReference; lastKnownFileType = image.png; path = monarcaelec_1.png; sourceTree = "<group>"; };
		CDF43BA01FD1F22B0039E42D /* monarcaelec.png */ = {isa = PBXFileReference; lastKnownFileType = image.png; path = monarcaelec.png; sourceTree = "<group>"; };
		CDF43BA11FD1F22B0039E42D /* monarcaverde_1.png */ = {isa = PBXFileReference; lastKnownFileType = image.png; path = monarcaverde_1.png; sourceTree = "<group>"; };
		CDF43BA21FD1F22B0039E42D /* monarcaverde.png */ = {isa = PBXFileReference; lastKnownFileType = image.png; path = monarcaverde.png; sourceTree = "<group>"; };
		CDF43BAC1FD1F23C0039E42D /* p100.png */ = {isa = PBXFileReference; lastKnownFileType = image.png; path = p100.png; sourceTree = "<group>"; };
		CDF43BAD1FD1F23C0039E42D /* p355.png */ = {isa = PBXFileReference; lastKnownFileType = image.png; path = p355.png; sourceTree = "<group>"; };
		CDF43BAE1FD1F23C0039E42D /* p403.png */ = {isa = PBXFileReference; lastKnownFileType = image.png; path = p403.png; sourceTree = "<group>"; };
		CDF43BAF1FD1F23C0039E42D /* p715.png */ = {isa = PBXFileReference; lastKnownFileType = image.png; path = p715.png; sourceTree = "<group>"; };
		CDF43BB41FD1F24D0039E42D /* pelicula_estirable.png */ = {isa = PBXFileReference; lastKnownFileType = image.png; path = pelicula_estirable.png; sourceTree = "<group>"; };
		CDF43BB51FD1F24D0039E42D /* pelicula_estirable1.png */ = {isa = PBXFileReference; lastKnownFileType = image.png; path = pelicula_estirable1.png; sourceTree = "<group>"; };
		CDF43BB81FD1F2550039E42D /* pinturas.png */ = {isa = PBXFileReference; lastKnownFileType = image.png; path = pinturas.png; sourceTree = "<group>"; };
		CDF43BBA1FD1F2630039E42D /* pinturas1.png */ = {isa = PBXFileReference; lastKnownFileType = image.png; path = pinturas1.png; sourceTree = "<group>"; };
		CDF43BBB1FD1F2630039E42D /* pinturas2.png */ = {isa = PBXFileReference; lastKnownFileType = image.png; path = pinturas2.png; sourceTree = "<group>"; };
		CDF43BBC1FD1F2630039E42D /* pinturas3.png */ = {isa = PBXFileReference; lastKnownFileType = image.png; path = pinturas3.png; sourceTree = "<group>"; };
		CDF43BBD1FD1F2630039E42D /* pinturas4.png */ = {isa = PBXFileReference; lastKnownFileType = image.png; path = pinturas4.png; sourceTree = "<group>"; };
		CDF43BBE1FD1F2630039E42D /* placeholder.png */ = {isa = PBXFileReference; lastKnownFileType = image.png; path = placeholder.png; sourceTree = "<group>"; };
		CDF43BC41FD1F2760039E42D /* refacciones.png */ = {isa = PBXFileReference; lastKnownFileType = image.png; path = refacciones.png; sourceTree = "<group>"; };
		CDF43BC61FD1F29F0039E42D /* repuestonavaja.png */ = {isa = PBXFileReference; lastKnownFileType = image.png; path = repuestonavaja.png; sourceTree = "<group>"; };
		CDF43BC71FD1F29F0039E42D /* roof.png */ = {isa = PBXFileReference; lastKnownFileType = image.png; path = roof.png; sourceTree = "<group>"; };
		CDF43BC81FD1F29F0039E42D /* sanisil_transparente.png */ = {isa = PBXFileReference; lastKnownFileType = image.png; path = sanisil_transparente.png; sourceTree = "<group>"; };
		CDF43BC91FD1F2A00039E42D /* sealant100.png */ = {isa = PBXFileReference; lastKnownFileType = image.png; path = sealant100.png; sourceTree = "<group>"; };
		CDF43BCA1FD1F2A00039E42D /* servicios.png */ = {isa = PBXFileReference; lastKnownFileType = image.png; path = servicios.png; sourceTree = "<group>"; };
		CDF43BCB1FD1F2A00039E42D /* sidewinder.png */ = {isa = PBXFileReference; lastKnownFileType = image.png; path = sidewinder.png; sourceTree = "<group>"; };
		CDF43BCC1FD1F2A00039E42D /* sierra.png */ = {isa = PBXFileReference; lastKnownFileType = image.png; path = sierra.png; sourceTree = "<group>"; };
		CDF43BCD1FD1F2A00039E42D /* sikacryl_bc.png */ = {isa = PBXFileReference; lastKnownFileType = image.png; path = sikacryl_bc.png; sourceTree = "<group>"; };
		CDF43BCE1FD1F2A00039E42D /* sikaflex_crystal.png */ = {isa = PBXFileReference; lastKnownFileType = image.png; path = sikaflex_crystal.png; sourceTree = "<group>"; };
		CDF43BCF1FD1F2A00039E42D /* sikaflex.png */ = {isa = PBXFileReference; lastKnownFileType = image.png; path = sikaflex.png; sourceTree = "<group>"; };
		CDF43BD01FD1F2A00039E42D /* sikasil_150.png */ = {isa = PBXFileReference; lastKnownFileType = image.png; path = sikasil_150.png; sourceTree = "<group>"; };
		CDF43BD11FD1F2A00039E42D /* sikasil_universal.png */ = {isa = PBXFileReference; lastKnownFileType = image.png; path = sikasil_universal.png; sourceTree = "<group>"; };
		CDF43BD21FD1F2A00039E42D /* silicon_multiusos.png */ = {isa = PBXFileReference; lastKnownFileType = image.png; path = silicon_multiusos.png; sourceTree = "<group>"; };
		CDF43BE01FD1F2B90039E42D /* strong_kit.png */ = {isa = PBXFileReference; lastKnownFileType = image.png; path = strong_kit.png; sourceTree = "<group>"; };
		CDF43BE11FD1F2B90039E42D /* vibradoras.png */ = {isa = PBXFileReference; lastKnownFileType = image.png; path = vibradoras.png; sourceTree = "<group>"; };
		CDF43BE21FD1F2B90039E42D /* vulcanizadoras.png */ = {isa = PBXFileReference; lastKnownFileType = image.png; path = vulcanizadoras.png; sourceTree = "<group>"; };
		CDF43BE31FD1F2B90039E42D /* weldwood.png */ = {isa = PBXFileReference; lastKnownFileType = image.png; path = weldwood.png; sourceTree = "<group>"; };
		CDF43BE41FD1F2B90039E42D /* window_door_siding.png */ = {isa = PBXFileReference; lastKnownFileType = image.png; path = window_door_siding.png; sourceTree = "<group>"; };
		CDF43BE51FD1F2B90039E42D /* window_door_siding1.png */ = {isa = PBXFileReference; lastKnownFileType = image.png; path = window_door_siding1.png; sourceTree = "<group>"; };
		CDF43BF01FD1F7A50039E42D /* impersika.png */ = {isa = PBXFileReference; lastKnownFileType = image.png; path = impersika.png; sourceTree = "<group>"; };
		CDF43BF21FD1F7C00039E42D /* insumos.png */ = {isa = PBXFileReference; lastKnownFileType = image.png; path = insumos.png; sourceTree = "<group>"; };
		CDF43BF81FD1F84D0039E42D /* industrial_1.png */ = {isa = PBXFileReference; lastKnownFileType = image.png; path = industrial_1.png; sourceTree = "<group>"; };
		CDF43BF91FD1F84D0039E42D /* industrial_2.png */ = {isa = PBXFileReference; lastKnownFileType = image.png; path = industrial_2.png; sourceTree = "<group>"; };
		CDF43BFA1FD1F84D0039E42D /* industrial_3.png */ = {isa = PBXFileReference; lastKnownFileType = image.png; path = industrial_3.png; sourceTree = "<group>"; };
		CDF43BFB1FD1F84D0039E42D /* industrial_centrifugamanual.png */ = {isa = PBXFileReference; lastKnownFileType = image.png; path = industrial_centrifugamanual.png; sourceTree = "<group>"; };
		CDFF12791FC68D7500B6EFB0 /* navloginController.swift */ = {isa = PBXFileReference; fileEncoding = 4; lastKnownFileType = sourcecode.swift; path = navloginController.swift; sourceTree = "<group>"; };
		CDFF127B1FC68E2B00B6EFB0 /* loginController.swift */ = {isa = PBXFileReference; fileEncoding = 4; lastKnownFileType = sourcecode.swift; path = loginController.swift; sourceTree = "<group>"; };
		DE360E8047EF3BAEF189904B /* Pods-mexar.debug.xcconfig */ = {isa = PBXFileReference; includeInIndex = 1; lastKnownFileType = text.xcconfig; name = "Pods-mexar.debug.xcconfig"; path = "Pods/Target Support Files/Pods-mexar/Pods-mexar.debug.xcconfig"; sourceTree = "<group>"; };
/* End PBXFileReference section */

/* Begin PBXFrameworksBuildPhase section */
		CD050BC91FC5368A00627300 /* Frameworks */ = {
			isa = PBXFrameworksBuildPhase;
			buildActionMask = 2147483647;
			files = (
				8D271958436C9C90794370DA /* Pods_mexar.framework in Frameworks */,
			);
			runOnlyForDeploymentPostprocessing = 0;
		};
		CD050BDD1FC5368A00627300 /* Frameworks */ = {
			isa = PBXFrameworksBuildPhase;
			buildActionMask = 2147483647;
			files = (
				5C30A7CE00A44BD31BF05FF4 /* Pods_mexarTests.framework in Frameworks */,
			);
			runOnlyForDeploymentPostprocessing = 0;
		};
		CD050BE81FC5368A00627300 /* Frameworks */ = {
			isa = PBXFrameworksBuildPhase;
			buildActionMask = 2147483647;
			files = (
				671E40CB984719E80D8C9C2C /* Pods_mexarUITests.framework in Frameworks */,
			);
			runOnlyForDeploymentPostprocessing = 0;
		};
/* End PBXFrameworksBuildPhase section */

/* Begin PBXGroup section */
		64E518B99ADAC035B076161A /* Frameworks */ = {
			isa = PBXGroup;
			children = (
				AE49845AACA06D81FBA75749 /* Pods_mexar.framework */,
				97EB2A13155D7C4CE2D3A746 /* Pods_mexarTests.framework */,
				013AE683F1F637C093B3EAF1 /* Pods_mexarUITests.framework */,
			);
			name = Frameworks;
			sourceTree = "<group>";
		};
		CD050BC31FC5368A00627300 = {
			isa = PBXGroup;
			children = (
				CD050BCE1FC5368A00627300 /* mexar */,
				CD050BE31FC5368A00627300 /* mexarTests */,
				CD050BEE1FC5368A00627300 /* mexarUITests */,
				CD050BCD1FC5368A00627300 /* Products */,
				EB9DCF54FB5AF8CB84C440C5 /* Pods */,
				64E518B99ADAC035B076161A /* Frameworks */,
			);
			sourceTree = "<group>";
		};
		CD050BCD1FC5368A00627300 /* Products */ = {
			isa = PBXGroup;
			children = (
				CD050BCC1FC5368A00627300 /* mexar.app */,
				CD050BE01FC5368A00627300 /* mexarTests.xctest */,
				CD050BEB1FC5368A00627300 /* mexarUITests.xctest */,
			);
			name = Products;
			sourceTree = "<group>";
		};
		CD050BCE1FC5368A00627300 /* mexar */ = {
			isa = PBXGroup;
			children = (
				CDF43B311FD1EE050039E42D /* product_images */,
				CDF2AB0E1FCDF6BF006B77AF /* jsons */,
				CDF2AB0B1FCDECD1006B77AF /* models */,
				CDF2AB081FCDE20E006B77AF /* customViews */,
				CDF2AAFF1FCDC7C0006B77AF /* images */,
				CD1F42A01FCC860300EEFAE3 /* menu */,
				CDFF12781FC68CA700B6EFB0 /* navController */,
				CD050BCF1FC5368A00627300 /* AppDelegate.swift */,
				CD050BD11FC5368A00627300 /* ViewController.swift */,
				CD050BD31FC5368A00627300 /* Main.storyboard */,
				CD050BD61FC5368A00627300 /* Assets.xcassets */,
				CD050BD81FC5368A00627300 /* LaunchScreen.storyboard */,
				CD050BDB1FC5368A00627300 /* Info.plist */,
				CD09E9441FCD2D5C00B51B9F /* common.swift */,
			);
			path = mexar;
			sourceTree = "<group>";
		};
		CD050BE31FC5368A00627300 /* mexarTests */ = {
			isa = PBXGroup;
			children = (
				CD050BE41FC5368A00627300 /* mexarTests.swift */,
				CD050BE61FC5368A00627300 /* Info.plist */,
			);
			path = mexarTests;
			sourceTree = "<group>";
		};
		CD050BEE1FC5368A00627300 /* mexarUITests */ = {
			isa = PBXGroup;
			children = (
				CD050BEF1FC5368A00627300 /* mexarUITests.swift */,
				CD050BF11FC5368A00627300 /* Info.plist */,
			);
			path = mexarUITests;
			sourceTree = "<group>";
		};
		CD1F42A01FCC860300EEFAE3 /* menu */ = {
			isa = PBXGroup;
			children = (
				CD1F42A31FCC865C00EEFAE3 /* sideBarCell.swift */,
				CD1F42A51FCC866900EEFAE3 /* MenuItems.swift */,
				CD1F42A11FCC865200EEFAE3 /* MenuController.swift */,
			);
			name = menu;
			sourceTree = "<group>";
		};
		CDF2AAFF1FCDC7C0006B77AF /* images */ = {
			isa = PBXGroup;
			children = (
				CD057ED81FCF90ED0021EE27 /* soldadura.png */,
				CD057ED41FCF8B4B0021EE27 /* tech_support.png */,
				CD057ED61FCF8E260021EE27 /* no_disponible.png */,
				CD057ED21FCF8B420021EE27 /* accesorios.png */,
				CD057ED01FCF8B380021EE27 /* silicones.png */,
				CD057ECE1FCF8B270021EE27 /* metales.png */,
				CD057ECC1FCF8B160021EE27 /* maquinaria.png */,
				CD057ECA1FCF8B060021EE27 /* estirable.png */,
				CD057EC81FCF8AF80021EE27 /* herramientas_fleje.png */,
				CD057EC61FCF8AEC0021EE27 /* zunchadoras.png */,
				CD057EC41FCF8ADF0021EE27 /* soldadura_industrial.png */,
				CD057EC21FCF8AD00021EE27 /* empaque.png */,
				CD057EC01FCF8ABF0021EE27 /* selladores.png */,
				CD057EBE1FCF8AB20021EE27 /* silicon.png */,
				CD057EBC1FCF8AA20021EE27 /* herramientas.png */,
				CD057EBA1FCF8A880021EE27 /* kits.png */,
				CD057EB81FCF8A740021EE27 /* pastasoldar.png */,
				CD057EB61FCF8A5A0021EE27 /* cementoypvc.png */,
				CD057EA81FCF2F760021EE27 /* pipes.png */,
				CDF2AB021FCDC8D9006B77AF /* banner1.png */,
				CDF2AB031FCDC8D9006B77AF /* banner2.png */,
				CDF2AB041FCDC8D9006B77AF /* banner3.png */,
				CDF2AB001FCDC89B006B77AF /* productos.png */,
				CD057EAA1FCF2F870021EE27 /* industrial.png */,
				CD057EAC1FCF2F9C0021EE27 /* centrifugado.png */,
			);
			name = images;
			sourceTree = "<group>";
		};
		CDF2AB081FCDE20E006B77AF /* customViews */ = {
			isa = PBXGroup;
			children = (
				CDF2AB091FCDE236006B77AF /* categoriasCells.swift */,
				CD057EB01FCF7EA00021EE27 /* subcategoriasCells.swift */,
				CD057EDC1FCF94F20021EE27 /* productsCells.swift */,
			);
			name = customViews;
			sourceTree = "<group>";
		};
		CDF2AB0B1FCDECD1006B77AF /* models */ = {
			isa = PBXGroup;
			children = (
				CDF2AB0C1FCDED1A006B77AF /* Category_Class.swift */,
				CD057EB21FCF83130021EE27 /* SubCategoria_Class.swift */,
				CD057EE01FCFB6910021EE27 /* Product_Class.swift */,
			);
			name = models;
			sourceTree = "<group>";
		};
		CDF2AB0E1FCDF6BF006B77AF /* jsons */ = {
			isa = PBXGroup;
			children = (
				CD057EDE1FCFB63A0021EE27 /* productos.json */,
				CD057EB41FCF834A0021EE27 /* subcategorias.json */,
				CDF2AB0F1FCDF713006B77AF /* categorias.json */,
			);
			name = jsons;
			sourceTree = "<group>";
		};
		CDF43B311FD1EE050039E42D /* product_images */ = {
			isa = PBXGroup;
			children = (
				CDBE99381FD65A920053DA11 /* kits_detail.png */,
				CDBE993D1FD65A930053DA11 /* kwik_foam_1.png */,
				CDBE99391FD65A920053DA11 /* kwik_foam.png */,
				CDBE993B1FD65A930053DA11 /* kwik_seal.png */,
				CDBE993A1FD65A920053DA11 /* kwikcut.png */,
				CDBE99321FD657B30053DA11 /* llaveuniversal.png */,
				CDF43B321FD1F0B70039E42D /* a335.png */,
				CDF43B331FD1F0B70039E42D /* a383.png */,
				CDF43B341FD1F0B70039E42D /* aleaciones_especiales.png */,
				CDF43B351FD1F0B70039E42D /* aleaciones1.png */,
				CDF43B361FD1F0B70039E42D /* alex.png */,
				CDF43B371FD1F0B70039E42D /* alexplus.png */,
				CDF43B381FD1F0B70039E42D /* beats_the_nail_1.png */,
				CDF43B391FD1F0B70039E42D /* beats_the_nail.png */,
				CDF43B3A1FD1F0B70039E42D /* borlapvc.png */,
				CDF43B3B1FD1F0B70039E42D /* centrifuga_automatica.png */,
				CDF43B3C1FD1F0B70039E42D /* centrifuga_frontal.png */,
				CDF43B3D1FD1F0B70039E42D /* cintas_adhesivas.png */,
				CDF43B3E1FD1F0B70039E42D /* concrete.png */,
				CDF43B3F1FD1F0B70039E42D /* contact202_1.png */,
				CDF43B401FD1F0B70039E42D /* contact202.png */,
				CDF43B411FD1F0B70039E42D /* contact204.png */,
				CDF43B421FD1F0B70039E42D /* contact205.png */,
				CDF43B431FD1F0B70039E42D /* contact206.png */,
				CDF43B441FD1F0B70039E42D /* contact212.png */,
				CDF43B451FD1F0B70039E42D /* contact216.png */,
				CDF43B461FD1F0B70039E42D /* contact222_1.png */,
				CDF43B471FD1F0B70039E42D /* contact222.png */,
				CDF43B481FD1F0B70039E42D /* contact227_1.png */,
				CDF43B491FD1F0B70039E42D /* contact227.png */,
				CDF43B4A1FD1F0B70039E42D /* contact244.png */,
				CDF43B4B1FD1F0B70039E42D /* crisol.png */,
				CDF43B4C1FD1F0B70039E42D /* cuerdasierra.png */,
				CDF43B4D1FD1F0B70039E42D /* defender_hp.png */,
				CDF43B4E1FD1F0B70039E42D /* defender_rta.png */,
				CDF43B4F1FD1F0B70039E42D /* electronica.png */,
				CDF43B501FD1F0B70039E42D /* encendedorpiedra.png */,
				CDF43B511FD1F0B70039E42D /* especiales.png */,
				CDF43B521FD1F0B70039E42D /* esquineros.png */,
				CDF43B531FD1F0B70039E42D /* esquineros1.png */,
				CDF43B541FD1F0B70039E42D /* fastnfinal.png */,
				CDF43B551FD1F0B70039E42D /* felejes.png */,
				CDF43B561FD1F0B70039E42D /* flux.png */,
				CDF43B571FD1F0B70039E42D /* flux1.png */,
				CDF43B581FD1F0B70039E42D /* flux2.png */,
				CDF43B591FD1F0B70039E42D /* gasket_marker.png */,
				CDF43BF81FD1F84D0039E42D /* industrial_1.png */,
				CDF43BF91FD1F84D0039E42D /* industrial_2.png */,
				CDF43BFA1FD1F84D0039E42D /* industrial_3.png */,
				CDF43BFB1FD1F84D0039E42D /* industrial_centrifugamanual.png */,
				CDF43BF01FD1F7A50039E42D /* impersika.png */,
				CDF43BF21FD1F7C00039E42D /* insumos.png */,
				CDF43B981FD1F2180039E42D /* material_relleno.png */,
				CDF43B9A1FD1F22B0039E42D /* monarca_1.png */,
				CDF43B9B1FD1F22B0039E42D /* monarca.png */,
				CDF43B9C1FD1F22B0039E42D /* monarca95_1.png */,
				CDF43B9D1FD1F22B0039E42D /* monarca95.png */,
				CDF43B9E1FD1F22B0039E42D /* monarcaacido.png */,
				CDF43B9F1FD1F22B0039E42D /* monarcaelec_1.png */,
				CDF43BA01FD1F22B0039E42D /* monarcaelec.png */,
				CDF43BA11FD1F22B0039E42D /* monarcaverde_1.png */,
				CDF43BA21FD1F22B0039E42D /* monarcaverde.png */,
				CDF43BAC1FD1F23C0039E42D /* p100.png */,
				CDF43BAD1FD1F23C0039E42D /* p355.png */,
				CDF43BAE1FD1F23C0039E42D /* p403.png */,
				CDF43BAF1FD1F23C0039E42D /* p715.png */,
				CDF43BB41FD1F24D0039E42D /* pelicula_estirable.png */,
				CDF43BB51FD1F24D0039E42D /* pelicula_estirable1.png */,
				CDF43BB81FD1F2550039E42D /* pinturas.png */,
				CDF43BBA1FD1F2630039E42D /* pinturas1.png */,
				CDF43BBB1FD1F2630039E42D /* pinturas2.png */,
				CDF43BBC1FD1F2630039E42D /* pinturas3.png */,
				CDF43BBD1FD1F2630039E42D /* pinturas4.png */,
				CDF43BBE1FD1F2630039E42D /* placeholder.png */,
				CDF43BC41FD1F2760039E42D /* refacciones.png */,
				CDF43BC61FD1F29F0039E42D /* repuestonavaja.png */,
				CDF43BC71FD1F29F0039E42D /* roof.png */,
				CDF43BC81FD1F29F0039E42D /* sanisil_transparente.png */,
				CDF43BC91FD1F2A00039E42D /* sealant100.png */,
				CDF43BCA1FD1F2A00039E42D /* servicios.png */,
				CDF43BCB1FD1F2A00039E42D /* sidewinder.png */,
				CDF43BCC1FD1F2A00039E42D /* sierra.png */,
				CDF43BCD1FD1F2A00039E42D /* sikacryl_bc.png */,
				CDF43BCE1FD1F2A00039E42D /* sikaflex_crystal.png */,
				CDF43BCF1FD1F2A00039E42D /* sikaflex.png */,
				CDF43BD01FD1F2A00039E42D /* sikasil_150.png */,
				CDF43BD11FD1F2A00039E42D /* sikasil_universal.png */,
				CDF43BD21FD1F2A00039E42D /* silicon_multiusos.png */,
				CDF43BE01FD1F2B90039E42D /* strong_kit.png */,
				CDF43BE11FD1F2B90039E42D /* vibradoras.png */,
				CDF43BE21FD1F2B90039E42D /* vulcanizadoras.png */,
				CDF43BE31FD1F2B90039E42D /* weldwood.png */,
				CDF43BE41FD1F2B90039E42D /* window_door_siding.png */,
				CDF43BE51FD1F2B90039E42D /* window_door_siding1.png */,
				CDBE99361FD65A910053DA11 /* generacion2000.png */,
				CDBE993E1FD65A940053DA11 /* hule_organico.png */,
				CDBE993C1FD65A930053DA11 /* juegos_silicona.png */,
				CDBE99351FD65A910053DA11 /* kitche_bath_plumbing.png */,
				CDBE99341FD65A900053DA11 /* kitche_bath_plumbing1.png */,
				CDBE99371FD65A910053DA11 /* llaveuniversal.png */,
			);
			name = product_images;
			sourceTree = "<group>";
		};
		CDFF12781FC68CA700B6EFB0 /* navController */ = {
			isa = PBXGroup;
			children = (
				CDFF12791FC68D7500B6EFB0 /* navloginController.swift */,
				CDFF127B1FC68E2B00B6EFB0 /* loginController.swift */,
				CD1F429C1FCC828800EEFAE3 /* navMainController.swift */,
				CD1F429E1FCC831F00EEFAE3 /* mainController.swift */,
				CD057EAE1FCF3CE90021EE27 /* subCategorias.swift */,
				CD057EDA1FCF94C80021EE27 /* productsController.swift */,
				CDCE677A1FD72BF100C2971D /* productDetailController.swift */,
			);
			name = navController;
			sourceTree = "<group>";
		};
		EB9DCF54FB5AF8CB84C440C5 /* Pods */ = {
			isa = PBXGroup;
			children = (
				DE360E8047EF3BAEF189904B /* Pods-mexar.debug.xcconfig */,
				9917D3000457E189C2B2EA1D /* Pods-mexar.release.xcconfig */,
				4EF8FEDC29571141EB1C1C6F /* Pods-mexarTests.debug.xcconfig */,
				477EF2CD41BC6EC64F04EF3D /* Pods-mexarTests.release.xcconfig */,
				4780F18BB87DCCE6E09B02D0 /* Pods-mexarUITests.debug.xcconfig */,
				73BAD88096AEE58D0FE074F6 /* Pods-mexarUITests.release.xcconfig */,
			);
			name = Pods;
			sourceTree = "<group>";
		};
/* End PBXGroup section */

/* Begin PBXNativeTarget section */
		CD050BCB1FC5368A00627300 /* mexar */ = {
			isa = PBXNativeTarget;
			buildConfigurationList = CD050BF41FC5368A00627300 /* Build configuration list for PBXNativeTarget "mexar" */;
			buildPhases = (
				D7FF13C263CC3271492A8B25 /* [CP] Check Pods Manifest.lock */,
				CD050BC81FC5368A00627300 /* Sources */,
				CD050BC91FC5368A00627300 /* Frameworks */,
				CD050BCA1FC5368A00627300 /* Resources */,
				D8A27E550267A9D0BA3D8284 /* [CP] Embed Pods Frameworks */,
				AF42ACEA416C41281C199309 /* [CP] Copy Pods Resources */,
			);
			buildRules = (
			);
			dependencies = (
			);
			name = mexar;
			productName = mexar;
			productReference = CD050BCC1FC5368A00627300 /* mexar.app */;
			productType = "com.apple.product-type.application";
		};
		CD050BDF1FC5368A00627300 /* mexarTests */ = {
			isa = PBXNativeTarget;
			buildConfigurationList = CD050BF71FC5368A00627300 /* Build configuration list for PBXNativeTarget "mexarTests" */;
			buildPhases = (
				8EA757B8886AFED14C0FBF0D /* [CP] Check Pods Manifest.lock */,
				CD050BDC1FC5368A00627300 /* Sources */,
				CD050BDD1FC5368A00627300 /* Frameworks */,
				CD050BDE1FC5368A00627300 /* Resources */,
				99EF99E1AF27153FF34D9B85 /* [CP] Embed Pods Frameworks */,
				E238B69FDA11BC3D855401D8 /* [CP] Copy Pods Resources */,
			);
			buildRules = (
			);
			dependencies = (
				CD050BE21FC5368A00627300 /* PBXTargetDependency */,
			);
			name = mexarTests;
			productName = mexarTests;
			productReference = CD050BE01FC5368A00627300 /* mexarTests.xctest */;
			productType = "com.apple.product-type.bundle.unit-test";
		};
		CD050BEA1FC5368A00627300 /* mexarUITests */ = {
			isa = PBXNativeTarget;
			buildConfigurationList = CD050BFA1FC5368A00627300 /* Build configuration list for PBXNativeTarget "mexarUITests" */;
			buildPhases = (
				7452BD7DBB37978D104B5EFC /* [CP] Check Pods Manifest.lock */,
				CD050BE71FC5368A00627300 /* Sources */,
				CD050BE81FC5368A00627300 /* Frameworks */,
				CD050BE91FC5368A00627300 /* Resources */,
				1A5AE1F9D0E29C1316146DCE /* [CP] Embed Pods Frameworks */,
				F8F2138523D876C5A6E904E7 /* [CP] Copy Pods Resources */,
			);
			buildRules = (
			);
			dependencies = (
				CD050BED1FC5368A00627300 /* PBXTargetDependency */,
			);
			name = mexarUITests;
			productName = mexarUITests;
			productReference = CD050BEB1FC5368A00627300 /* mexarUITests.xctest */;
			productType = "com.apple.product-type.bundle.ui-testing";
		};
/* End PBXNativeTarget section */

/* Begin PBXProject section */
		CD050BC41FC5368A00627300 /* Project object */ = {
			isa = PBXProject;
			attributes = {
				LastSwiftUpdateCheck = 0810;
				LastUpgradeCheck = 0810;
				ORGANIZATIONNAME = datalabor.com.mx;
				TargetAttributes = {
					CD050BCB1FC5368A00627300 = {
						CreatedOnToolsVersion = 8.1;
						DevelopmentTeam = 7S32YYNPLS;
						ProvisioningStyle = Automatic;
					};
					CD050BDF1FC5368A00627300 = {
						CreatedOnToolsVersion = 8.1;
						DevelopmentTeam = 7S32YYNPLS;
						ProvisioningStyle = Automatic;
						TestTargetID = CD050BCB1FC5368A00627300;
					};
					CD050BEA1FC5368A00627300 = {
						CreatedOnToolsVersion = 8.1;
						DevelopmentTeam = 7S32YYNPLS;
						ProvisioningStyle = Automatic;
						TestTargetID = CD050BCB1FC5368A00627300;
					};
				};
			};
			buildConfigurationList = CD050BC71FC5368A00627300 /* Build configuration list for PBXProject "mexar" */;
			compatibilityVersion = "Xcode 3.2";
			developmentRegion = English;
			hasScannedForEncodings = 0;
			knownRegions = (
				en,
				Base,
			);
			mainGroup = CD050BC31FC5368A00627300;
			productRefGroup = CD050BCD1FC5368A00627300 /* Products */;
			projectDirPath = "";
			projectRoot = "";
			targets = (
				CD050BCB1FC5368A00627300 /* mexar */,
				CD050BDF1FC5368A00627300 /* mexarTests */,
				CD050BEA1FC5368A00627300 /* mexarUITests */,
			);
		};
/* End PBXProject section */

/* Begin PBXResourcesBuildPhase section */
		CD050BCA1FC5368A00627300 /* Resources */ = {
			isa = PBXResourcesBuildPhase;
			buildActionMask = 2147483647;
			files = (
				CDF43BE81FD1F2B90039E42D /* vulcanizadoras.png in Resources */,
				CD057EB91FCF8A740021EE27 /* pastasoldar.png in Resources */,
				CDF43B801FD1F0B70039E42D /* flux2.png in Resources */,
				CD057ECD1FCF8B160021EE27 /* maquinaria.png in Resources */,
				CDF43BD91FD1F2A00039E42D /* sierra.png in Resources */,
				CD050BDA1FC5368A00627300 /* LaunchScreen.storyboard in Resources */,
				CD057EB71FCF8A5A0021EE27 /* cementoypvc.png in Resources */,
				CDF43BD71FD1F2A00039E42D /* servicios.png in Resources */,
				CDF43BC11FD1F2630039E42D /* pinturas3.png in Resources */,
				CDF43B6C1FD1F0B70039E42D /* contact212.png in Resources */,
				CDF43BD31FD1F2A00039E42D /* repuestonavaja.png in Resources */,
				CDF43B991FD1F2180039E42D /* material_relleno.png in Resources */,
				CDF2AB101FCDF713006B77AF /* categorias.json in Resources */,
				CDF43BB31FD1F23C0039E42D /* p715.png in Resources */,
				CDF43B6D1FD1F0B70039E42D /* contact216.png in Resources */,
				CDF43B5C1FD1F0B70039E42D /* aleaciones_especiales.png in Resources */,
				CDF43B791FD1F0B70039E42D /* especiales.png in Resources */,
				CDF43B671FD1F0B70039E42D /* contact202_1.png in Resources */,
				CDF43B781FD1F0B70039E42D /* encendedorpiedra.png in Resources */,
				CDF43BAB1FD1F22B0039E42D /* monarcaverde.png in Resources */,
				CDF43B5B1FD1F0B70039E42D /* a383.png in Resources */,
				CDF43B7B1FD1F0B70039E42D /* esquineros1.png in Resources */,
				CDF43BA61FD1F22B0039E42D /* monarca95.png in Resources */,
				CD057EC51FCF8ADF0021EE27 /* soldadura_industrial.png in Resources */,
				CDF43BB91FD1F2550039E42D /* pinturas.png in Resources */,
				CD057EB51FCF834A0021EE27 /* subcategorias.json in Resources */,
				CD057EBF1FCF8AB20021EE27 /* silicon.png in Resources */,
				CDF43B7A1FD1F0B70039E42D /* esquineros.png in Resources */,
				CDF43B7C1FD1F0B70039E42D /* fastnfinal.png in Resources */,
				CDF43BDA1FD1F2A00039E42D /* sikacryl_bc.png in Resources */,
				CDF43BA51FD1F22B0039E42D /* monarca95_1.png in Resources */,
				CDF2AB071FCDC8D9006B77AF /* banner3.png in Resources */,
				CDF43BC21FD1F2630039E42D /* pinturas4.png in Resources */,
				CDF43BC31FD1F2630039E42D /* placeholder.png in Resources */,
				CDBE99441FD65A940053DA11 /* kwik_foam.png in Resources */,
				CD057EC71FCF8AEC0021EE27 /* zunchadoras.png in Resources */,
				CDF43BD41FD1F2A00039E42D /* roof.png in Resources */,
				CD057EBD1FCF8AA20021EE27 /* herramientas.png in Resources */,
				CD057ED71FCF8E260021EE27 /* no_disponible.png in Resources */,
				CD057ED11FCF8B380021EE27 /* silicones.png in Resources */,
				CDF43BC01FD1F2630039E42D /* pinturas2.png in Resources */,
				CDF43BA81FD1F22B0039E42D /* monarcaelec_1.png in Resources */,
				CDF43B601FD1F0B70039E42D /* beats_the_nail_1.png in Resources */,
				CDF43BEB1FD1F2B90039E42D /* window_door_siding1.png in Resources */,
				CDF43BB21FD1F23C0039E42D /* p403.png in Resources */,
				CDF43BFF1FD1F84D0039E42D /* industrial_centrifugamanual.png in Resources */,
				CDF43BBF1FD1F2630039E42D /* pinturas1.png in Resources */,
				CD057ED31FCF8B420021EE27 /* accesorios.png in Resources */,
				CDF43BEA1FD1F2B90039E42D /* window_door_siding.png in Resources */,
				CDF43BD61FD1F2A00039E42D /* sealant100.png in Resources */,
				CDF2AB051FCDC8D9006B77AF /* banner1.png in Resources */,
				CDF43B731FD1F0B70039E42D /* crisol.png in Resources */,
				CDF43B661FD1F0B70039E42D /* concrete.png in Resources */,
				CDBE99401FD65A940053DA11 /* kitche_bath_plumbing.png in Resources */,
				CDF43B631FD1F0B70039E42D /* centrifuga_automatica.png in Resources */,
				CDF43BB61FD1F24D0039E42D /* pelicula_estirable.png in Resources */,
				CDF43B6F1FD1F0B70039E42D /* contact222.png in Resources */,
				CDF43BD51FD1F2A00039E42D /* sanisil_transparente.png in Resources */,
				CDBE99461FD65A940053DA11 /* kwik_seal.png in Resources */,
				CDF43B701FD1F0B70039E42D /* contact227_1.png in Resources */,
				CDF43BD81FD1F2A00039E42D /* sidewinder.png in Resources */,
				CDF43BB11FD1F23C0039E42D /* p355.png in Resources */,
				CDF43BFD1FD1F84D0039E42D /* industrial_2.png in Resources */,
				CD050BD71FC5368A00627300 /* Assets.xcassets in Resources */,
				CD057EA91FCF2F760021EE27 /* pipes.png in Resources */,
				CD050BD51FC5368A00627300 /* Main.storyboard in Resources */,
				CD057EAD1FCF2F9C0021EE27 /* centrifugado.png in Resources */,
				CDF43BDE1FD1F2A00039E42D /* sikasil_universal.png in Resources */,
				CD057EBB1FCF8A880021EE27 /* kits.png in Resources */,
				CDF43B691FD1F0B70039E42D /* contact204.png in Resources */,
				CDBE99451FD65A940053DA11 /* kwikcut.png in Resources */,
				CD057EDF1FCFB63A0021EE27 /* productos.json in Resources */,
				CDF43B771FD1F0B70039E42D /* electronica.png in Resources */,
				CDBE99471FD65A940053DA11 /* juegos_silicona.png in Resources */,
				CDF43B741FD1F0B70039E42D /* cuerdasierra.png in Resources */,
				CDF43B621FD1F0B70039E42D /* borlapvc.png in Resources */,
				CDBE99431FD65A940053DA11 /* kits_detail.png in Resources */,
				CDF43BFC1FD1F84D0039E42D /* industrial_1.png in Resources */,
				CDF43BA31FD1F22B0039E42D /* monarca_1.png in Resources */,
				CD057ED51FCF8B4B0021EE27 /* tech_support.png in Resources */,
				CDF43B711FD1F0B70039E42D /* contact227.png in Resources */,
				CDF43BB01FD1F23C0039E42D /* p100.png in Resources */,
				CD057EC31FCF8AD00021EE27 /* empaque.png in Resources */,
				CDF43B5A1FD1F0B70039E42D /* a335.png in Resources */,
				CDF43BE71FD1F2B90039E42D /* vibradoras.png in Resources */,
				CDF43BDC1FD1F2A00039E42D /* sikaflex.png in Resources */,
				CDBE99331FD657B40053DA11 /* llaveuniversal.png in Resources */,
				CDF43BA41FD1F22B0039E42D /* monarca.png in Resources */,
				CDF43B681FD1F0B70039E42D /* contact202.png in Resources */,
				CDF43B7E1FD1F0B70039E42D /* flux.png in Resources */,
				CDF43BA91FD1F22B0039E42D /* monarcaelec.png in Resources */,
				CDF2AB061FCDC8D9006B77AF /* banner2.png in Resources */,
				CDF43BB71FD1F24D0039E42D /* pelicula_estirable1.png in Resources */,
				CD057ECF1FCF8B270021EE27 /* metales.png in Resources */,
				CDF43B5F1FD1F0B70039E42D /* alexplus.png in Resources */,
				CDF43B6A1FD1F0B70039E42D /* contact205.png in Resources */,
				CDBE99481FD65A940053DA11 /* kwik_foam_1.png in Resources */,
				CDF43B811FD1F0B70039E42D /* gasket_marker.png in Resources */,
				CDF43B641FD1F0B70039E42D /* centrifuga_frontal.png in Resources */,
				CDF43BFE1FD1F84D0039E42D /* industrial_3.png in Resources */,
				CDF43BE91FD1F2B90039E42D /* weldwood.png in Resources */,
				CDF43BF11FD1F7A50039E42D /* impersika.png in Resources */,
				CDF43B751FD1F0B70039E42D /* defender_hp.png in Resources */,
				CD057EAB1FCF2F870021EE27 /* industrial.png in Resources */,
				CDF43B7F1FD1F0B70039E42D /* flux1.png in Resources */,
				CDF43B5E1FD1F0B70039E42D /* alex.png in Resources */,
				CDF43BDD1FD1F2A00039E42D /* sikasil_150.png in Resources */,
				CDF43BE61FD1F2B90039E42D /* strong_kit.png in Resources */,
				CDF43BF31FD1F7C00039E42D /* insumos.png in Resources */,
				CDF43B7D1FD1F0B70039E42D /* felejes.png in Resources */,
				CDF43B651FD1F0B70039E42D /* cintas_adhesivas.png in Resources */,
				CDF43BDF1FD1F2A00039E42D /* silicon_multiusos.png in Resources */,
				CD057ECB1FCF8B060021EE27 /* estirable.png in Resources */,
				CDF43B721FD1F0B70039E42D /* contact244.png in Resources */,
				CDF43B6B1FD1F0B70039E42D /* contact206.png in Resources */,
				CDF43BDB1FD1F2A00039E42D /* sikaflex_crystal.png in Resources */,
				CDF43B5D1FD1F0B70039E42D /* aleaciones1.png in Resources */,
				CDF43BAA1FD1F22B0039E42D /* monarcaverde_1.png in Resources */,
				CDF43BC51FD1F2760039E42D /* refacciones.png in Resources */,
				CDF2AB011FCDC89B006B77AF /* productos.png in Resources */,
				CDBE99421FD65A940053DA11 /* llaveuniversal.png in Resources */,
				CD057ED91FCF90ED0021EE27 /* soldadura.png in Resources */,
				CDF43B611FD1F0B70039E42D /* beats_the_nail.png in Resources */,
				CDBE993F1FD65A940053DA11 /* kitche_bath_plumbing1.png in Resources */,
				CDBE99491FD65A940053DA11 /* hule_organico.png in Resources */,
				CDF43B6E1FD1F0B70039E42D /* contact222_1.png in Resources */,
				CDF43BA71FD1F22B0039E42D /* monarcaacido.png in Resources */,
				CDBE99411FD65A940053DA11 /* generacion2000.png in Resources */,
				CD057EC11FCF8ABF0021EE27 /* selladores.png in Resources */,
				CDF43B761FD1F0B70039E42D /* defender_rta.png in Resources */,
				CD057EC91FCF8AF80021EE27 /* herramientas_fleje.png in Resources */,
			);
			runOnlyForDeploymentPostprocessing = 0;
		};
		CD050BDE1FC5368A00627300 /* Resources */ = {
			isa = PBXResourcesBuildPhase;
			buildActionMask = 2147483647;
			files = (
			);
			runOnlyForDeploymentPostprocessing = 0;
		};
		CD050BE91FC5368A00627300 /* Resources */ = {
			isa = PBXResourcesBuildPhase;
			buildActionMask = 2147483647;
			files = (
			);
			runOnlyForDeploymentPostprocessing = 0;
		};
/* End PBXResourcesBuildPhase section */

/* Begin PBXShellScriptBuildPhase section */
		1A5AE1F9D0E29C1316146DCE /* [CP] Embed Pods Frameworks */ = {
			isa = PBXShellScriptBuildPhase;
			buildActionMask = 2147483647;
			files = (
			);
			inputPaths = (
			);
			name = "[CP] Embed Pods Frameworks";
			outputPaths = (
			);
			runOnlyForDeploymentPostprocessing = 0;
			shellPath = /bin/sh;
			shellScript = "\"${SRCROOT}/Pods/Target Support Files/Pods-mexarUITests/Pods-mexarUITests-frameworks.sh\"\n";
			showEnvVarsInLog = 0;
		};
		7452BD7DBB37978D104B5EFC /* [CP] Check Pods Manifest.lock */ = {
			isa = PBXShellScriptBuildPhase;
			buildActionMask = 2147483647;
			files = (
			);
			inputPaths = (
				"${PODS_PODFILE_DIR_PATH}/Podfile.lock",
				"${PODS_ROOT}/Manifest.lock",
			);
			name = "[CP] Check Pods Manifest.lock";
			outputPaths = (
				"$(DERIVED_FILE_DIR)/Pods-mexarUITests-checkManifestLockResult.txt",
			);
			runOnlyForDeploymentPostprocessing = 0;
			shellPath = /bin/sh;
			shellScript = "diff \"${PODS_PODFILE_DIR_PATH}/Podfile.lock\" \"${PODS_ROOT}/Manifest.lock\" > /dev/null\nif [ $? != 0 ] ; then\n    # print error to STDERR\n    echo \"error: The sandbox is not in sync with the Podfile.lock. Run 'pod install' or update your CocoaPods installation.\" >&2\n    exit 1\nfi\n# This output is used by Xcode 'outputs' to avoid re-running this script phase.\necho \"SUCCESS\" > \"${SCRIPT_OUTPUT_FILE_0}\"\n";
			showEnvVarsInLog = 0;
		};
		8EA757B8886AFED14C0FBF0D /* [CP] Check Pods Manifest.lock */ = {
			isa = PBXShellScriptBuildPhase;
			buildActionMask = 2147483647;
			files = (
			);
			inputPaths = (
				"${PODS_PODFILE_DIR_PATH}/Podfile.lock",
				"${PODS_ROOT}/Manifest.lock",
			);
			name = "[CP] Check Pods Manifest.lock";
			outputPaths = (
				"$(DERIVED_FILE_DIR)/Pods-mexarTests-checkManifestLockResult.txt",
			);
			runOnlyForDeploymentPostprocessing = 0;
			shellPath = /bin/sh;
			shellScript = "diff \"${PODS_PODFILE_DIR_PATH}/Podfile.lock\" \"${PODS_ROOT}/Manifest.lock\" > /dev/null\nif [ $? != 0 ] ; then\n    # print error to STDERR\n    echo \"error: The sandbox is not in sync with the Podfile.lock. Run 'pod install' or update your CocoaPods installation.\" >&2\n    exit 1\nfi\n# This output is used by Xcode 'outputs' to avoid re-running this script phase.\necho \"SUCCESS\" > \"${SCRIPT_OUTPUT_FILE_0}\"\n";
			showEnvVarsInLog = 0;
		};
		99EF99E1AF27153FF34D9B85 /* [CP] Embed Pods Frameworks */ = {
			isa = PBXShellScriptBuildPhase;
			buildActionMask = 2147483647;
			files = (
			);
			inputPaths = (
			);
			name = "[CP] Embed Pods Frameworks";
			outputPaths = (
			);
			runOnlyForDeploymentPostprocessing = 0;
			shellPath = /bin/sh;
			shellScript = "\"${SRCROOT}/Pods/Target Support Files/Pods-mexarTests/Pods-mexarTests-frameworks.sh\"\n";
			showEnvVarsInLog = 0;
		};
		AF42ACEA416C41281C199309 /* [CP] Copy Pods Resources */ = {
			isa = PBXShellScriptBuildPhase;
			buildActionMask = 2147483647;
			files = (
			);
			inputPaths = (
			);
			name = "[CP] Copy Pods Resources";
			outputPaths = (
			);
			runOnlyForDeploymentPostprocessing = 0;
			shellPath = /bin/sh;
			shellScript = "\"${SRCROOT}/Pods/Target Support Files/Pods-mexar/Pods-mexar-resources.sh\"\n";
			showEnvVarsInLog = 0;
		};
		D7FF13C263CC3271492A8B25 /* [CP] Check Pods Manifest.lock */ = {
			isa = PBXShellScriptBuildPhase;
			buildActionMask = 2147483647;
			files = (
			);
			inputPaths = (
				"${PODS_PODFILE_DIR_PATH}/Podfile.lock",
				"${PODS_ROOT}/Manifest.lock",
			);
			name = "[CP] Check Pods Manifest.lock";
			outputPaths = (
				"$(DERIVED_FILE_DIR)/Pods-mexar-checkManifestLockResult.txt",
			);
			runOnlyForDeploymentPostprocessing = 0;
			shellPath = /bin/sh;
			shellScript = "diff \"${PODS_PODFILE_DIR_PATH}/Podfile.lock\" \"${PODS_ROOT}/Manifest.lock\" > /dev/null\nif [ $? != 0 ] ; then\n    # print error to STDERR\n    echo \"error: The sandbox is not in sync with the Podfile.lock. Run 'pod install' or update your CocoaPods installation.\" >&2\n    exit 1\nfi\n# This output is used by Xcode 'outputs' to avoid re-running this script phase.\necho \"SUCCESS\" > \"${SCRIPT_OUTPUT_FILE_0}\"\n";
			showEnvVarsInLog = 0;
		};
		D8A27E550267A9D0BA3D8284 /* [CP] Embed Pods Frameworks */ = {
			isa = PBXShellScriptBuildPhase;
			buildActionMask = 2147483647;
			files = (
			);
			inputPaths = (
				"${SRCROOT}/Pods/Target Support Files/Pods-mexar/Pods-mexar-frameworks.sh",
				"${BUILT_PRODUCTS_DIR}/Alamofire/Alamofire.framework",
				"${BUILT_PRODUCTS_DIR}/AlamofireObjectMapper/AlamofireObjectMapper.framework",
				"${BUILT_PRODUCTS_DIR}/ObjectMapper/ObjectMapper.framework",
				"${BUILT_PRODUCTS_DIR}/SideMenu/SideMenu.framework",
			);
			name = "[CP] Embed Pods Frameworks";
			outputPaths = (
				"${TARGET_BUILD_DIR}/${FRAMEWORKS_FOLDER_PATH}/Alamofire.framework",
				"${TARGET_BUILD_DIR}/${FRAMEWORKS_FOLDER_PATH}/AlamofireObjectMapper.framework",
				"${TARGET_BUILD_DIR}/${FRAMEWORKS_FOLDER_PATH}/ObjectMapper.framework",
				"${TARGET_BUILD_DIR}/${FRAMEWORKS_FOLDER_PATH}/SideMenu.framework",
			);
			runOnlyForDeploymentPostprocessing = 0;
			shellPath = /bin/sh;
			shellScript = "\"${SRCROOT}/Pods/Target Support Files/Pods-mexar/Pods-mexar-frameworks.sh\"\n";
			showEnvVarsInLog = 0;
		};
		E238B69FDA11BC3D855401D8 /* [CP] Copy Pods Resources */ = {
			isa = PBXShellScriptBuildPhase;
			buildActionMask = 2147483647;
			files = (
			);
			inputPaths = (
			);
			name = "[CP] Copy Pods Resources";
			outputPaths = (
			);
			runOnlyForDeploymentPostprocessing = 0;
			shellPath = /bin/sh;
			shellScript = "\"${SRCROOT}/Pods/Target Support Files/Pods-mexarTests/Pods-mexarTests-resources.sh\"\n";
			showEnvVarsInLog = 0;
		};
		F8F2138523D876C5A6E904E7 /* [CP] Copy Pods Resources */ = {
			isa = PBXShellScriptBuildPhase;
			buildActionMask = 2147483647;
			files = (
			);
			inputPaths = (
			);
			name = "[CP] Copy Pods Resources";
			outputPaths = (
			);
			runOnlyForDeploymentPostprocessing = 0;
			shellPath = /bin/sh;
			shellScript = "\"${SRCROOT}/Pods/Target Support Files/Pods-mexarUITests/Pods-mexarUITests-resources.sh\"\n";
			showEnvVarsInLog = 0;
		};
/* End PBXShellScriptBuildPhase section */

/* Begin PBXSourcesBuildPhase section */
		CD050BC81FC5368A00627300 /* Sources */ = {
			isa = PBXSourcesBuildPhase;
			buildActionMask = 2147483647;
			files = (
				CD057EB31FCF83130021EE27 /* SubCategoria_Class.swift in Sources */,
				CD1F429F1FCC831F00EEFAE3 /* mainController.swift in Sources */,
				CD1F42A21FCC865200EEFAE3 /* MenuController.swift in Sources */,
				CD057EAF1FCF3CE90021EE27 /* subCategorias.swift in Sources */,
				CDF2AB0D1FCDED1A006B77AF /* Category_Class.swift in Sources */,
				CD057EDD1FCF94F20021EE27 /* productsCells.swift in Sources */,
				CD050BD21FC5368A00627300 /* ViewController.swift in Sources */,
				CDFF127C1FC68E2B00B6EFB0 /* loginController.swift in Sources */,
				CD057EE11FCFB6910021EE27 /* Product_Class.swift in Sources */,
				CD057EB11FCF7EA00021EE27 /* subcategoriasCells.swift in Sources */,
				CD1F429D1FCC828800EEFAE3 /* navMainController.swift in Sources */,
				CDF2AB0A1FCDE236006B77AF /* categoriasCells.swift in Sources */,
				CDFF127A1FC68D7500B6EFB0 /* navloginController.swift in Sources */,
				CD057EDB1FCF94C80021EE27 /* productsController.swift in Sources */,
				CD1F42A41FCC865C00EEFAE3 /* sideBarCell.swift in Sources */,
				CD050BD01FC5368A00627300 /* AppDelegate.swift in Sources */,
				CD09E9451FCD2D5C00B51B9F /* common.swift in Sources */,
				CDCE677B1FD72BF100C2971D /* productDetailController.swift in Sources */,
				CD1F42A61FCC866900EEFAE3 /* MenuItems.swift in Sources */,
			);
			runOnlyForDeploymentPostprocessing = 0;
		};
		CD050BDC1FC5368A00627300 /* Sources */ = {
			isa = PBXSourcesBuildPhase;
			buildActionMask = 2147483647;
			files = (
				CD050BE51FC5368A00627300 /* mexarTests.swift in Sources */,
			);
			runOnlyForDeploymentPostprocessing = 0;
		};
		CD050BE71FC5368A00627300 /* Sources */ = {
			isa = PBXSourcesBuildPhase;
			buildActionMask = 2147483647;
			files = (
				CD050BF01FC5368A00627300 /* mexarUITests.swift in Sources */,
			);
			runOnlyForDeploymentPostprocessing = 0;
		};
/* End PBXSourcesBuildPhase section */

/* Begin PBXTargetDependency section */
		CD050BE21FC5368A00627300 /* PBXTargetDependency */ = {
			isa = PBXTargetDependency;
			target = CD050BCB1FC5368A00627300 /* mexar */;
			targetProxy = CD050BE11FC5368A00627300 /* PBXContainerItemProxy */;
		};
		CD050BED1FC5368A00627300 /* PBXTargetDependency */ = {
			isa = PBXTargetDependency;
			target = CD050BCB1FC5368A00627300 /* mexar */;
			targetProxy = CD050BEC1FC5368A00627300 /* PBXContainerItemProxy */;
		};
/* End PBXTargetDependency section */

/* Begin PBXVariantGroup section */
		CD050BD31FC5368A00627300 /* Main.storyboard */ = {
			isa = PBXVariantGroup;
			children = (
				CD050BD41FC5368A00627300 /* Base */,
			);
			name = Main.storyboard;
			sourceTree = "<group>";
		};
		CD050BD81FC5368A00627300 /* LaunchScreen.storyboard */ = {
			isa = PBXVariantGroup;
			children = (
				CD050BD91FC5368A00627300 /* Base */,
			);
			name = LaunchScreen.storyboard;
			sourceTree = "<group>";
		};
/* End PBXVariantGroup section */

/* Begin XCBuildConfiguration section */
		CD050BF21FC5368A00627300 /* Debug */ = {
			isa = XCBuildConfiguration;
			buildSettings = {
				ALWAYS_SEARCH_USER_PATHS = NO;
				CLANG_ANALYZER_NONNULL = YES;
				CLANG_CXX_LANGUAGE_STANDARD = "gnu++0x";
				CLANG_CXX_LIBRARY = "libc++";
				CLANG_ENABLE_MODULES = YES;
				CLANG_ENABLE_OBJC_ARC = YES;
				CLANG_WARN_BOOL_CONVERSION = YES;
				CLANG_WARN_CONSTANT_CONVERSION = YES;
				CLANG_WARN_DIRECT_OBJC_ISA_USAGE = YES_ERROR;
				CLANG_WARN_DOCUMENTATION_COMMENTS = YES;
				CLANG_WARN_EMPTY_BODY = YES;
				CLANG_WARN_ENUM_CONVERSION = YES;
				CLANG_WARN_INFINITE_RECURSION = YES;
				CLANG_WARN_INT_CONVERSION = YES;
				CLANG_WARN_OBJC_ROOT_CLASS = YES_ERROR;
				CLANG_WARN_SUSPICIOUS_MOVES = YES;
				CLANG_WARN_UNREACHABLE_CODE = YES;
				CLANG_WARN__DUPLICATE_METHOD_MATCH = YES;
				"CODE_SIGN_IDENTITY[sdk=iphoneos*]" = "iPhone Developer";
				COPY_PHASE_STRIP = NO;
				DEBUG_INFORMATION_FORMAT = dwarf;
				ENABLE_STRICT_OBJC_MSGSEND = YES;
				ENABLE_TESTABILITY = YES;
				GCC_C_LANGUAGE_STANDARD = gnu99;
				GCC_DYNAMIC_NO_PIC = NO;
				GCC_NO_COMMON_BLOCKS = YES;
				GCC_OPTIMIZATION_LEVEL = 0;
				GCC_PREPROCESSOR_DEFINITIONS = (
					"DEBUG=1",
					"$(inherited)",
				);
				GCC_WARN_64_TO_32_BIT_CONVERSION = YES;
				GCC_WARN_ABOUT_RETURN_TYPE = YES_ERROR;
				GCC_WARN_UNDECLARED_SELECTOR = YES;
				GCC_WARN_UNINITIALIZED_AUTOS = YES_AGGRESSIVE;
				GCC_WARN_UNUSED_FUNCTION = YES;
				GCC_WARN_UNUSED_VARIABLE = YES;
				IPHONEOS_DEPLOYMENT_TARGET = 10.1;
				MTL_ENABLE_DEBUG_INFO = YES;
				ONLY_ACTIVE_ARCH = YES;
				SDKROOT = iphoneos;
				SWIFT_ACTIVE_COMPILATION_CONDITIONS = DEBUG;
				SWIFT_OPTIMIZATION_LEVEL = "-Onone";
				TARGETED_DEVICE_FAMILY = "1,2";
			};
			name = Debug;
		};
		CD050BF31FC5368A00627300 /* Release */ = {
			isa = XCBuildConfiguration;
			buildSettings = {
				ALWAYS_SEARCH_USER_PATHS = NO;
				CLANG_ANALYZER_NONNULL = YES;
				CLANG_CXX_LANGUAGE_STANDARD = "gnu++0x";
				CLANG_CXX_LIBRARY = "libc++";
				CLANG_ENABLE_MODULES = YES;
				CLANG_ENABLE_OBJC_ARC = YES;
				CLANG_WARN_BOOL_CONVERSION = YES;
				CLANG_WARN_CONSTANT_CONVERSION = YES;
				CLANG_WARN_DIRECT_OBJC_ISA_USAGE = YES_ERROR;
				CLANG_WARN_DOCUMENTATION_COMMENTS = YES;
				CLANG_WARN_EMPTY_BODY = YES;
				CLANG_WARN_ENUM_CONVERSION = YES;
				CLANG_WARN_INFINITE_RECURSION = YES;
				CLANG_WARN_INT_CONVERSION = YES;
				CLANG_WARN_OBJC_ROOT_CLASS = YES_ERROR;
				CLANG_WARN_SUSPICIOUS_MOVES = YES;
				CLANG_WARN_UNREACHABLE_CODE = YES;
				CLANG_WARN__DUPLICATE_METHOD_MATCH = YES;
				"CODE_SIGN_IDENTITY[sdk=iphoneos*]" = "iPhone Developer";
				COPY_PHASE_STRIP = NO;
				DEBUG_INFORMATION_FORMAT = "dwarf-with-dsym";
				ENABLE_NS_ASSERTIONS = NO;
				ENABLE_STRICT_OBJC_MSGSEND = YES;
				GCC_C_LANGUAGE_STANDARD = gnu99;
				GCC_NO_COMMON_BLOCKS = YES;
				GCC_WARN_64_TO_32_BIT_CONVERSION = YES;
				GCC_WARN_ABOUT_RETURN_TYPE = YES_ERROR;
				GCC_WARN_UNDECLARED_SELECTOR = YES;
				GCC_WARN_UNINITIALIZED_AUTOS = YES_AGGRESSIVE;
				GCC_WARN_UNUSED_FUNCTION = YES;
				GCC_WARN_UNUSED_VARIABLE = YES;
				IPHONEOS_DEPLOYMENT_TARGET = 10.1;
				MTL_ENABLE_DEBUG_INFO = NO;
				SDKROOT = iphoneos;
				SWIFT_OPTIMIZATION_LEVEL = "-Owholemodule";
				TARGETED_DEVICE_FAMILY = "1,2";
				VALIDATE_PRODUCT = YES;
			};
			name = Release;
		};
		CD050BF51FC5368A00627300 /* Debug */ = {
			isa = XCBuildConfiguration;
			baseConfigurationReference = DE360E8047EF3BAEF189904B /* Pods-mexar.debug.xcconfig */;
			buildSettings = {
				ASSETCATALOG_COMPILER_APPICON_NAME = AppIcon;
				DEVELOPMENT_TEAM = 7S32YYNPLS;
				INFOPLIST_FILE = mexar/Info.plist;
				IPHONEOS_DEPLOYMENT_TARGET = 9.2;
				LD_RUNPATH_SEARCH_PATHS = "$(inherited) @executable_path/Frameworks";
				PRODUCT_BUNDLE_IDENTIFIER = datalabor.mexar;
				PRODUCT_NAME = "$(TARGET_NAME)";
				SWIFT_VERSION = 3.0;
			};
			name = Debug;
		};
		CD050BF61FC5368A00627300 /* Release */ = {
			isa = XCBuildConfiguration;
			baseConfigurationReference = 9917D3000457E189C2B2EA1D /* Pods-mexar.release.xcconfig */;
			buildSettings = {
				ASSETCATALOG_COMPILER_APPICON_NAME = AppIcon;
				DEVELOPMENT_TEAM = 7S32YYNPLS;
				INFOPLIST_FILE = mexar/Info.plist;
				IPHONEOS_DEPLOYMENT_TARGET = 9.2;
				LD_RUNPATH_SEARCH_PATHS = "$(inherited) @executable_path/Frameworks";
				PRODUCT_BUNDLE_IDENTIFIER = datalabor.mexar;
				PRODUCT_NAME = "$(TARGET_NAME)";
				SWIFT_VERSION = 3.0;
			};
			name = Release;
		};
		CD050BF81FC5368A00627300 /* Debug */ = {
			isa = XCBuildConfiguration;
			baseConfigurationReference = 4EF8FEDC29571141EB1C1C6F /* Pods-mexarTests.debug.xcconfig */;
			buildSettings = {
				ALWAYS_EMBED_SWIFT_STANDARD_LIBRARIES = YES;
				BUNDLE_LOADER = "$(TEST_HOST)";
				DEVELOPMENT_TEAM = 7S32YYNPLS;
				INFOPLIST_FILE = mexarTests/Info.plist;
				LD_RUNPATH_SEARCH_PATHS = "$(inherited) @executable_path/Frameworks @loader_path/Frameworks";
				PRODUCT_BUNDLE_IDENTIFIER = datalabor.mexarTests;
				PRODUCT_NAME = "$(TARGET_NAME)";
				SWIFT_VERSION = 3.0;
				TEST_HOST = "$(BUILT_PRODUCTS_DIR)/mexar.app/mexar";
			};
			name = Debug;
		};
		CD050BF91FC5368A00627300 /* Release */ = {
			isa = XCBuildConfiguration;
			baseConfigurationReference = 477EF2CD41BC6EC64F04EF3D /* Pods-mexarTests.release.xcconfig */;
			buildSettings = {
				ALWAYS_EMBED_SWIFT_STANDARD_LIBRARIES = YES;
				BUNDLE_LOADER = "$(TEST_HOST)";
				DEVELOPMENT_TEAM = 7S32YYNPLS;
				INFOPLIST_FILE = mexarTests/Info.plist;
				LD_RUNPATH_SEARCH_PATHS = "$(inherited) @executable_path/Frameworks @loader_path/Frameworks";
				PRODUCT_BUNDLE_IDENTIFIER = datalabor.mexarTests;
				PRODUCT_NAME = "$(TARGET_NAME)";
				SWIFT_VERSION = 3.0;
				TEST_HOST = "$(BUILT_PRODUCTS_DIR)/mexar.app/mexar";
			};
			name = Release;
		};
		CD050BFB1FC5368A00627300 /* Debug */ = {
			isa = XCBuildConfiguration;
			baseConfigurationReference = 4780F18BB87DCCE6E09B02D0 /* Pods-mexarUITests.debug.xcconfig */;
			buildSettings = {
				ALWAYS_EMBED_SWIFT_STANDARD_LIBRARIES = YES;
				DEVELOPMENT_TEAM = 7S32YYNPLS;
				INFOPLIST_FILE = mexarUITests/Info.plist;
				LD_RUNPATH_SEARCH_PATHS = "$(inherited) @executable_path/Frameworks @loader_path/Frameworks";
				PRODUCT_BUNDLE_IDENTIFIER = datalabor.mexarUITests;
				PRODUCT_NAME = "$(TARGET_NAME)";
				SWIFT_VERSION = 3.0;
				TEST_TARGET_NAME = mexar;
			};
			name = Debug;
		};
		CD050BFC1FC5368A00627300 /* Release */ = {
			isa = XCBuildConfiguration;
			baseConfigurationReference = 73BAD88096AEE58D0FE074F6 /* Pods-mexarUITests.release.xcconfig */;
			buildSettings = {
				ALWAYS_EMBED_SWIFT_STANDARD_LIBRARIES = YES;
				DEVELOPMENT_TEAM = 7S32YYNPLS;
				INFOPLIST_FILE = mexarUITests/Info.plist;
				LD_RUNPATH_SEARCH_PATHS = "$(inherited) @executable_path/Frameworks @loader_path/Frameworks";
				PRODUCT_BUNDLE_IDENTIFIER = datalabor.mexarUITests;
				PRODUCT_NAME = "$(TARGET_NAME)";
				SWIFT_VERSION = 3.0;
				TEST_TARGET_NAME = mexar;
			};
			name = Release;
		};
/* End XCBuildConfiguration section */

/* Begin XCConfigurationList section */
		CD050BC71FC5368A00627300 /* Build configuration list for PBXProject "mexar" */ = {
			isa = XCConfigurationList;
			buildConfigurations = (
				CD050BF21FC5368A00627300 /* Debug */,
				CD050BF31FC5368A00627300 /* Release */,
			);
			defaultConfigurationIsVisible = 0;
			defaultConfigurationName = Release;
		};
		CD050BF41FC5368A00627300 /* Build configuration list for PBXNativeTarget "mexar" */ = {
			isa = XCConfigurationList;
			buildConfigurations = (
				CD050BF51FC5368A00627300 /* Debug */,
				CD050BF61FC5368A00627300 /* Release */,
			);
			defaultConfigurationIsVisible = 0;
			defaultConfigurationName = Release;
		};
		CD050BF71FC5368A00627300 /* Build configuration list for PBXNativeTarget "mexarTests" */ = {
			isa = XCConfigurationList;
			buildConfigurations = (
				CD050BF81FC5368A00627300 /* Debug */,
				CD050BF91FC5368A00627300 /* Release */,
			);
			defaultConfigurationIsVisible = 0;
			defaultConfigurationName = Release;
		};
		CD050BFA1FC5368A00627300 /* Build configuration list for PBXNativeTarget "mexarUITests" */ = {
			isa = XCConfigurationList;
			buildConfigurations = (
				CD050BFB1FC5368A00627300 /* Debug */,
				CD050BFC1FC5368A00627300 /* Release */,
			);
			defaultConfigurationIsVisible = 0;
			defaultConfigurationName = Release;
		};
/* End XCConfigurationList section */
	};
	rootObject = CD050BC41FC5368A00627300 /* Project object */;
}
