// !$*UTF8*$!
{
	archiveVersion = 1;
	classes = {
	};
	objectVersion = 46;
	objects = {

/* Begin PBXBuildFile section */
		15888B9445FD34B40450F3DC /* Pods_mexar.framework in Frameworks */ = {isa = PBXBuildFile; fileRef = 560F99AAF69EAC0D42F8E21E /* Pods_mexar.framework */; };
		64A537A5E7D92AA1C70DEB2E /* Pods_mexarTests.framework in Frameworks */ = {isa = PBXBuildFile; fileRef = A9ECE316CF72D3B4C526FDED /* Pods_mexarTests.framework */; };
		6BF6C5A4C102D2EAE049BE21 /* Pods_mexarUITests.framework in Frameworks */ = {isa = PBXBuildFile; fileRef = 975723D068069E399CDC8B24 /* Pods_mexarUITests.framework */; };
		CD02F8B720C11BAF007585A1 /* cpvc.json in Resources */ = {isa = PBXBuildFile; fileRef = CD02F8A520C11B87007585A1 /* cpvc.json */; };
		CD02F8B820C11BAF007585A1 /* sucursales.json in Resources */ = {isa = PBXBuildFile; fileRef = CD02F8A620C11B89007585A1 /* sucursales.json */; };
		CD02F8B920C11BAF007585A1 /* gerentes.json in Resources */ = {isa = PBXBuildFile; fileRef = CD02F8A720C11B8C007585A1 /* gerentes.json */; };
		CD02F8BA20C11BAF007585A1 /* homedepot.json in Resources */ = {isa = PBXBuildFile; fileRef = CD02F8A820C11B8E007585A1 /* homedepot.json */; };
		CD02F8BB20C11BAF007585A1 /* categorias.json in Resources */ = {isa = PBXBuildFile; fileRef = CD02F8A920C11B91007585A1 /* categorias.json */; };
		CD02F8BC20C11BAF007585A1 /* sinpresion.json in Resources */ = {isa = PBXBuildFile; fileRef = CD02F8AA20C11B92007585A1 /* sinpresion.json */; };
		CD02F8BD20C11BAF007585A1 /* presentaciones.json in Resources */ = {isa = PBXBuildFile; fileRef = CD02F8AB20C11B95007585A1 /* presentaciones.json */; };
		CD02F8BE20C11BAF007585A1 /* distribuidores.json in Resources */ = {isa = PBXBuildFile; fileRef = CD02F8AC20C11B97007585A1 /* distribuidores.json */; };
		CD02F8BF20C11BAF007585A1 /* piezas.json in Resources */ = {isa = PBXBuildFile; fileRef = CD02F8AD20C11B99007585A1 /* piezas.json */; };
		CD02F8C020C11BAF007585A1 /* piezas_cpvc.json in Resources */ = {isa = PBXBuildFile; fileRef = CD02F8AE20C11B9C007585A1 /* piezas_cpvc.json */; };
		CD02F8C120C11BAF007585A1 /* calculadora.json in Resources */ = {isa = PBXBuildFile; fileRef = CD02F8AF20C11B9F007585A1 /* calculadora.json */; };
		CD02F8C420C11BAF007585A1 /* subcategorias.json in Resources */ = {isa = PBXBuildFile; fileRef = CD02F8B220C11BA6007585A1 /* subcategorias.json */; };
		CD02F8C520C11BAF007585A1 /* conduit.json in Resources */ = {isa = PBXBuildFile; fileRef = CD02F8B320C11BA8007585A1 /* conduit.json */; };
		CD02F8C620C11BAF007585A1 /* productos.json in Resources */ = {isa = PBXBuildFile; fileRef = CD02F8B420C11BAB007585A1 /* productos.json */; };
		CD02F8C720C11BAF007585A1 /* sanitario.json in Resources */ = {isa = PBXBuildFile; fileRef = CD02F8B520C11BAE007585A1 /* sanitario.json */; };
		CD02F8C820C11BAF007585A1 /* calc_products.json in Resources */ = {isa = PBXBuildFile; fileRef = CD02F8B620C11BAF007585A1 /* calc_products.json */; };
		CD050BD01FC5368A00627300 /* AppDelegate.swift in Sources */ = {isa = PBXBuildFile; fileRef = CD050BCF1FC5368A00627300 /* AppDelegate.swift */; };
		CD050BD21FC5368A00627300 /* ViewController.swift in Sources */ = {isa = PBXBuildFile; fileRef = CD050BD11FC5368A00627300 /* ViewController.swift */; };
		CD050BD51FC5368A00627300 /* Main.storyboard in Resources */ = {isa = PBXBuildFile; fileRef = CD050BD31FC5368A00627300 /* Main.storyboard */; };
		CD050BD71FC5368A00627300 /* Assets.xcassets in Resources */ = {isa = PBXBuildFile; fileRef = CD050BD61FC5368A00627300 /* Assets.xcassets */; };
		CD050BDA1FC5368A00627300 /* LaunchScreen.storyboard in Resources */ = {isa = PBXBuildFile; fileRef = CD050BD81FC5368A00627300 /* LaunchScreen.storyboard */; };
		CD050BE51FC5368A00627300 /* mexarTests.swift in Sources */ = {isa = PBXBuildFile; fileRef = CD050BE41FC5368A00627300 /* mexarTests.swift */; };
		CD050BF01FC5368A00627300 /* mexarUITests.swift in Sources */ = {isa = PBXBuildFile; fileRef = CD050BEF1FC5368A00627300 /* mexarUITests.swift */; };
		CD057EAF1FCF3CE90021EE27 /* subCategorias.swift in Sources */ = {isa = PBXBuildFile; fileRef = CD057EAE1FCF3CE90021EE27 /* subCategorias.swift */; };
		CD057EB11FCF7EA00021EE27 /* subcategoriasCells.swift in Sources */ = {isa = PBXBuildFile; fileRef = CD057EB01FCF7EA00021EE27 /* subcategoriasCells.swift */; };
		CD057EB31FCF83130021EE27 /* SubCategoria_Class.swift in Sources */ = {isa = PBXBuildFile; fileRef = CD057EB21FCF83130021EE27 /* SubCategoria_Class.swift */; };
		CD057EDB1FCF94C80021EE27 /* productsController.swift in Sources */ = {isa = PBXBuildFile; fileRef = CD057EDA1FCF94C80021EE27 /* productsController.swift */; };
		CD057EDD1FCF94F20021EE27 /* productsCells.swift in Sources */ = {isa = PBXBuildFile; fileRef = CD057EDC1FCF94F20021EE27 /* productsCells.swift */; };
		CD057EE11FCFB6910021EE27 /* Product_Class.swift in Sources */ = {isa = PBXBuildFile; fileRef = CD057EE01FCFB6910021EE27 /* Product_Class.swift */; };
		CD085C402003E3E900C52F3C /* utils.swift in Sources */ = {isa = PBXBuildFile; fileRef = CD085C3F2003E3E900C52F3C /* utils.swift */; };
		CD09E9451FCD2D5C00B51B9F /* common.swift in Sources */ = {isa = PBXBuildFile; fileRef = CD09E9441FCD2D5C00B51B9F /* common.swift */; };
		CD1E03C220D184DD00B1F7C4 /* Barcode_Class.swift in Sources */ = {isa = PBXBuildFile; fileRef = CD1E03C120D184DD00B1F7C4 /* Barcode_Class.swift */; };
		CD1E03C820D19AE800B1F7C4 /* barcodes.json in Resources */ = {isa = PBXBuildFile; fileRef = CD1E03C720D19AE700B1F7C4 /* barcodes.json */; };
		CD1F429D1FCC828800EEFAE3 /* navMainController.swift in Sources */ = {isa = PBXBuildFile; fileRef = CD1F429C1FCC828800EEFAE3 /* navMainController.swift */; };
		CD1F429F1FCC831F00EEFAE3 /* mainController.swift in Sources */ = {isa = PBXBuildFile; fileRef = CD1F429E1FCC831F00EEFAE3 /* mainController.swift */; };
		CD1F42A21FCC865200EEFAE3 /* MenuController.swift in Sources */ = {isa = PBXBuildFile; fileRef = CD1F42A11FCC865200EEFAE3 /* MenuController.swift */; };
		CD1F42A41FCC865C00EEFAE3 /* sideBarCell.swift in Sources */ = {isa = PBXBuildFile; fileRef = CD1F42A31FCC865C00EEFAE3 /* sideBarCell.swift */; };
		CD1F42A61FCC866900EEFAE3 /* MenuItems.swift in Sources */ = {isa = PBXBuildFile; fileRef = CD1F42A51FCC866900EEFAE3 /* MenuItems.swift */; };
		CD2315A420D43CBC0064619D /* cedula40.json in Resources */ = {isa = PBXBuildFile; fileRef = CD2315A320D43CBC0064619D /* cedula40.json */; };
		CD2315A620D43CC80064619D /* cedula80.json in Resources */ = {isa = PBXBuildFile; fileRef = CD2315A520D43CC80064619D /* cedula80.json */; };
		CD2BE07A20C1C243009E9F02 /* calcsController.swift in Sources */ = {isa = PBXBuildFile; fileRef = CD2BE07920C1C243009E9F02 /* calcsController.swift */; };
		CD3454F82101009400C17B0E /* distController.swift in Sources */ = {isa = PBXBuildFile; fileRef = CD3454F72101009400C17B0E /* distController.swift */; };
		CD3454FA210112B900C17B0E /* barsController.swift in Sources */ = {isa = PBXBuildFile; fileRef = CD3454F9210112B900C17B0E /* barsController.swift */; };
		CD4063F120033C7500EEE926 /* googleMap1Controller.swift in Sources */ = {isa = PBXBuildFile; fileRef = CD4063F020033C7500EEE926 /* googleMap1Controller.swift */; };
		CD4063F32003466600EEE926 /* googleMap2Controller.swift in Sources */ = {isa = PBXBuildFile; fileRef = CD4063F22003466600EEE926 /* googleMap2Controller.swift */; };
		CD4063F5200348B400EEE926 /* googleMap3Controller.swift in Sources */ = {isa = PBXBuildFile; fileRef = CD4063F4200348B400EEE926 /* googleMap3Controller.swift */; };
		CD4063F7200348E100EEE926 /* googleMap4Controller.swift in Sources */ = {isa = PBXBuildFile; fileRef = CD4063F6200348E100EEE926 /* googleMap4Controller.swift */; };
		CD41818520FFBEEE00BDAB70 /* mainTabviewController.swift in Sources */ = {isa = PBXBuildFile; fileRef = CD41818420FFBEEE00BDAB70 /* mainTabviewController.swift */; };
		CD47B4D62071617600A6EFF8 /* calcProductCell.swift in Sources */ = {isa = PBXBuildFile; fileRef = CD47B4D52071617600A6EFF8 /* calcProductCell.swift */; };
		CD47B4D820716A0F00A6EFF8 /* Calc_Product_Class.swift in Sources */ = {isa = PBXBuildFile; fileRef = CD47B4D720716A0F00A6EFF8 /* Calc_Product_Class.swift */; };
		CD57756B20CED3FA00561020 /* art.scnassets in Resources */ = {isa = PBXBuildFile; fileRef = CD57756A20CED3FA00561020 /* art.scnassets */; };
		CD57756D20CED86300561020 /* arController.swift in Sources */ = {isa = PBXBuildFile; fileRef = CD57756C20CED86300561020 /* arController.swift */; };
		CD5D217D20091D66009607A8 /* presentationController.swift in Sources */ = {isa = PBXBuildFile; fileRef = CD5D217C20091D66009607A8 /* presentationController.swift */; };
		CD7DAC3820015B9200349A97 /* distribuidoresController.swift in Sources */ = {isa = PBXBuildFile; fileRef = CD7DAC3720015B9200349A97 /* distribuidoresController.swift */; };
		CD7DAC3A2001766900349A97 /* DistribuidoresCell.swift in Sources */ = {isa = PBXBuildFile; fileRef = CD7DAC392001766900349A97 /* DistribuidoresCell.swift */; };
		CD7DAC3C2001C97900349A97 /* homeDepotController.swift in Sources */ = {isa = PBXBuildFile; fileRef = CD7DAC3B2001C97900349A97 /* homeDepotController.swift */; };
		CDB386C9206F049D00E048E5 /* AvisoPrivacidadController.swift in Sources */ = {isa = PBXBuildFile; fileRef = CDB386C8206F049D00E048E5 /* AvisoPrivacidadController.swift */; };
		CDBB45241FFD458A00D2B42B /* DropMenuButton.swift in Sources */ = {isa = PBXBuildFile; fileRef = CDBB45231FFD458A00D2B42B /* DropMenuButton.swift */; };
		CDBB45261FFD45D900D2B42B /* fontaneriaController.swift in Sources */ = {isa = PBXBuildFile; fileRef = CDBB45251FFD45D900D2B42B /* fontaneriaController.swift */; };
		CDBB45281FFD65F800D2B42B /* dropDownTableView.swift in Sources */ = {isa = PBXBuildFile; fileRef = CDBB45271FFD65F800D2B42B /* dropDownTableView.swift */; };
		CDBB45301FFD9B7600D2B42B /* Presentation_Class.swift in Sources */ = {isa = PBXBuildFile; fileRef = CDBB452F1FFD9B7600D2B42B /* Presentation_Class.swift */; };
		CDBB45321FFD9FDA00D2B42B /* Pieza_Class.swift in Sources */ = {isa = PBXBuildFile; fileRef = CDBB45311FFD9FDA00D2B42B /* Pieza_Class.swift */; };
		CDBC1F291FDF9F49002DE788 /* ScreenBounds.swift in Sources */ = {isa = PBXBuildFile; fileRef = CDBC1F281FDF9F49002DE788 /* ScreenBounds.swift */; };
		CDCE677B1FD72BF100C2971D /* productDetailController.swift in Sources */ = {isa = PBXBuildFile; fileRef = CDCE677A1FD72BF100C2971D /* productDetailController.swift */; };
		CDD8CE42200015A60000432C /* Distribuidor_Class.swift in Sources */ = {isa = PBXBuildFile; fileRef = CDD8CE41200015A60000432C /* Distribuidor_Class.swift */; };
		CDDEBB822004533000E7B81D /* GoogleService-Info.plist in Resources */ = {isa = PBXBuildFile; fileRef = CDDEBB812004533000E7B81D /* GoogleService-Info.plist */; };
		CDDEBB832004533000E7B81D /* GoogleService-Info.plist in Resources */ = {isa = PBXBuildFile; fileRef = CDDEBB812004533000E7B81D /* GoogleService-Info.plist */; };
		CDDEBB842004533000E7B81D /* GoogleService-Info.plist in Resources */ = {isa = PBXBuildFile; fileRef = CDDEBB812004533000E7B81D /* GoogleService-Info.plist */; };
		CDE6B9142009279A009CC1D9 /* navPresentationController.swift in Sources */ = {isa = PBXBuildFile; fileRef = CDE6B9132009279A009CC1D9 /* navPresentationController.swift */; };
		CDF1880E2039354D00550B37 /* webview.swift in Sources */ = {isa = PBXBuildFile; fileRef = CDF1880D2039354D00550B37 /* webview.swift */; };
		CDF2AB0A1FCDE236006B77AF /* categoriasCells.swift in Sources */ = {isa = PBXBuildFile; fileRef = CDF2AB091FCDE236006B77AF /* categoriasCells.swift */; };
		CDF2AB0D1FCDED1A006B77AF /* Category_Class.swift in Sources */ = {isa = PBXBuildFile; fileRef = CDF2AB0C1FCDED1A006B77AF /* Category_Class.swift */; };
		CDF8956D1FFFEF56007DE0FC /* contactoController.swift in Sources */ = {isa = PBXBuildFile; fileRef = CDF8956C1FFFEF56007DE0FC /* contactoController.swift */; };
		CDF8956F1FFFFF71007DE0FC /* Gerente_Class.swift in Sources */ = {isa = PBXBuildFile; fileRef = CDF8956E1FFFFF71007DE0FC /* Gerente_Class.swift */; };
		CDFA3D981FFE9C8E000DDE70 /* Calculo_Class.swift in Sources */ = {isa = PBXBuildFile; fileRef = CDFA3D971FFE9C8E000DDE70 /* Calculo_Class.swift */; };
		CDFA3D9E1FFED108000DDE70 /* Sucursal_Class.swift in Sources */ = {isa = PBXBuildFile; fileRef = CDFA3D9D1FFED108000DDE70 /* Sucursal_Class.swift */; };
		CDFF127A1FC68D7500B6EFB0 /* navloginController.swift in Sources */ = {isa = PBXBuildFile; fileRef = CDFF12791FC68D7500B6EFB0 /* navloginController.swift */; };
		CDFF127C1FC68E2B00B6EFB0 /* loginController.swift in Sources */ = {isa = PBXBuildFile; fileRef = CDFF127B1FC68E2B00B6EFB0 /* loginController.swift */; };
/* End PBXBuildFile section */

/* Begin PBXContainerItemProxy section */
		CD050BE11FC5368A00627300 /* PBXContainerItemProxy */ = {
			isa = PBXContainerItemProxy;
			containerPortal = CD050BC41FC5368A00627300 /* Project object */;
			proxyType = 1;
			remoteGlobalIDString = CD050BCB1FC5368A00627300;
			remoteInfo = mexar;
		};
		CD050BEC1FC5368A00627300 /* PBXContainerItemProxy */ = {
			isa = PBXContainerItemProxy;
			containerPortal = CD050BC41FC5368A00627300 /* Project object */;
			proxyType = 1;
			remoteGlobalIDString = CD050BCB1FC5368A00627300;
			remoteInfo = mexar;
		};
/* End PBXContainerItemProxy section */

/* Begin PBXFileReference section */
		2CBF2FB4B629CBCE6A8F11F8 /* Pods-mexarTests.release.xcconfig */ = {isa = PBXFileReference; includeInIndex = 1; lastKnownFileType = text.xcconfig; name = "Pods-mexarTests.release.xcconfig"; path = "Pods/Target Support Files/Pods-mexarTests/Pods-mexarTests.release.xcconfig"; sourceTree = "<group>"; };
		45963278C366045AE18ED8CE /* Pods-mexar.release.xcconfig */ = {isa = PBXFileReference; includeInIndex = 1; lastKnownFileType = text.xcconfig; name = "Pods-mexar.release.xcconfig"; path = "Pods/Target Support Files/Pods-mexar/Pods-mexar.release.xcconfig"; sourceTree = "<group>"; };
		4A4DE0DE49979E2936A2A7F7 /* Pods-mexar.debug.xcconfig */ = {isa = PBXFileReference; includeInIndex = 1; lastKnownFileType = text.xcconfig; name = "Pods-mexar.debug.xcconfig"; path = "Pods/Target Support Files/Pods-mexar/Pods-mexar.debug.xcconfig"; sourceTree = "<group>"; };
		560F99AAF69EAC0D42F8E21E /* Pods_mexar.framework */ = {isa = PBXFileReference; explicitFileType = wrapper.framework; includeInIndex = 0; path = Pods_mexar.framework; sourceTree = BUILT_PRODUCTS_DIR; };
		975723D068069E399CDC8B24 /* Pods_mexarUITests.framework */ = {isa = PBXFileReference; explicitFileType = wrapper.framework; includeInIndex = 0; path = Pods_mexarUITests.framework; sourceTree = BUILT_PRODUCTS_DIR; };
		9B5763DA85DEEC6A380ABBF9 /* Pods-mexarUITests.release.xcconfig */ = {isa = PBXFileReference; includeInIndex = 1; lastKnownFileType = text.xcconfig; name = "Pods-mexarUITests.release.xcconfig"; path = "Pods/Target Support Files/Pods-mexarUITests/Pods-mexarUITests.release.xcconfig"; sourceTree = "<group>"; };
		A9ECE316CF72D3B4C526FDED /* Pods_mexarTests.framework */ = {isa = PBXFileReference; explicitFileType = wrapper.framework; includeInIndex = 0; path = Pods_mexarTests.framework; sourceTree = BUILT_PRODUCTS_DIR; };
		CD02F8A520C11B87007585A1 /* cpvc.json */ = {isa = PBXFileReference; fileEncoding = 4; lastKnownFileType = text.json; path = cpvc.json; sourceTree = "<group>"; };
		CD02F8A620C11B89007585A1 /* sucursales.json */ = {isa = PBXFileReference; fileEncoding = 4; lastKnownFileType = text.json; path = sucursales.json; sourceTree = "<group>"; };
		CD02F8A720C11B8C007585A1 /* gerentes.json */ = {isa = PBXFileReference; fileEncoding = 4; lastKnownFileType = text.json; path = gerentes.json; sourceTree = "<group>"; };
		CD02F8A820C11B8E007585A1 /* homedepot.json */ = {isa = PBXFileReference; fileEncoding = 4; lastKnownFileType = text.json; path = homedepot.json; sourceTree = "<group>"; };
		CD02F8A920C11B91007585A1 /* categorias.json */ = {isa = PBXFileReference; fileEncoding = 4; lastKnownFileType = text.json; path = categorias.json; sourceTree = "<group>"; };
		CD02F8AA20C11B92007585A1 /* sinpresion.json */ = {isa = PBXFileReference; fileEncoding = 4; lastKnownFileType = text.json; path = sinpresion.json; sourceTree = "<group>"; };
		CD02F8AB20C11B95007585A1 /* presentaciones.json */ = {isa = PBXFileReference; fileEncoding = 4; lastKnownFileType = text.json; path = presentaciones.json; sourceTree = "<group>"; };
		CD02F8AC20C11B97007585A1 /* distribuidores.json */ = {isa = PBXFileReference; fileEncoding = 4; lastKnownFileType = text.json; path = distribuidores.json; sourceTree = "<group>"; };
		CD02F8AD20C11B99007585A1 /* piezas.json */ = {isa = PBXFileReference; fileEncoding = 4; lastKnownFileType = text.json; path = piezas.json; sourceTree = "<group>"; };
		CD02F8AE20C11B9C007585A1 /* piezas_cpvc.json */ = {isa = PBXFileReference; fileEncoding = 4; lastKnownFileType = text.json; path = piezas_cpvc.json; sourceTree = "<group>"; };
		CD02F8AF20C11B9F007585A1 /* calculadora.json */ = {isa = PBXFileReference; fileEncoding = 4; lastKnownFileType = text.json; path = calculadora.json; sourceTree = "<group>"; };
		CD02F8B220C11BA6007585A1 /* subcategorias.json */ = {isa = PBXFileReference; fileEncoding = 4; lastKnownFileType = text.json; path = subcategorias.json; sourceTree = "<group>"; };
		CD02F8B320C11BA8007585A1 /* conduit.json */ = {isa = PBXFileReference; fileEncoding = 4; lastKnownFileType = text.json; path = conduit.json; sourceTree = "<group>"; };
		CD02F8B420C11BAB007585A1 /* productos.json */ = {isa = PBXFileReference; fileEncoding = 4; lastKnownFileType = text.json; path = productos.json; sourceTree = "<group>"; };
		CD02F8B520C11BAE007585A1 /* sanitario.json */ = {isa = PBXFileReference; fileEncoding = 4; lastKnownFileType = text.json; path = sanitario.json; sourceTree = "<group>"; };
		CD02F8B620C11BAF007585A1 /* calc_products.json */ = {isa = PBXFileReference; fileEncoding = 4; lastKnownFileType = text.json; path = calc_products.json; sourceTree = "<group>"; };
		CD050BCC1FC5368A00627300 /* mexar.app */ = {isa = PBXFileReference; explicitFileType = wrapper.application; includeInIndex = 0; path = mexar.app; sourceTree = BUILT_PRODUCTS_DIR; };
		CD050BCF1FC5368A00627300 /* AppDelegate.swift */ = {isa = PBXFileReference; lastKnownFileType = sourcecode.swift; path = AppDelegate.swift; sourceTree = "<group>"; };
		CD050BD11FC5368A00627300 /* ViewController.swift */ = {isa = PBXFileReference; lastKnownFileType = sourcecode.swift; path = ViewController.swift; sourceTree = "<group>"; };
		CD050BD41FC5368A00627300 /* Base */ = {isa = PBXFileReference; lastKnownFileType = file.storyboard; name = Base; path = Base.lproj/Main.storyboard; sourceTree = "<group>"; };
		CD050BD61FC5368A00627300 /* Assets.xcassets */ = {isa = PBXFileReference; lastKnownFileType = folder.assetcatalog; path = Assets.xcassets; sourceTree = "<group>"; };
		CD050BD91FC5368A00627300 /* Base */ = {isa = PBXFileReference; lastKnownFileType = file.storyboard; name = Base; path = Base.lproj/LaunchScreen.storyboard; sourceTree = "<group>"; };
		CD050BDB1FC5368A00627300 /* Info.plist */ = {isa = PBXFileReference; lastKnownFileType = text.plist.xml; path = Info.plist; sourceTree = "<group>"; };
		CD050BE01FC5368A00627300 /* mexarTests.xctest */ = {isa = PBXFileReference; explicitFileType = wrapper.cfbundle; includeInIndex = 0; path = mexarTests.xctest; sourceTree = BUILT_PRODUCTS_DIR; };
		CD050BE41FC5368A00627300 /* mexarTests.swift */ = {isa = PBXFileReference; lastKnownFileType = sourcecode.swift; path = mexarTests.swift; sourceTree = "<group>"; };
		CD050BE61FC5368A00627300 /* Info.plist */ = {isa = PBXFileReference; lastKnownFileType = text.plist.xml; path = Info.plist; sourceTree = "<group>"; };
		CD050BEB1FC5368A00627300 /* mexarUITests.xctest */ = {isa = PBXFileReference; explicitFileType = wrapper.cfbundle; includeInIndex = 0; path = mexarUITests.xctest; sourceTree = BUILT_PRODUCTS_DIR; };
		CD050BEF1FC5368A00627300 /* mexarUITests.swift */ = {isa = PBXFileReference; lastKnownFileType = sourcecode.swift; path = mexarUITests.swift; sourceTree = "<group>"; };
		CD050BF11FC5368A00627300 /* Info.plist */ = {isa = PBXFileReference; lastKnownFileType = text.plist.xml; path = Info.plist; sourceTree = "<group>"; };
		CD057EAE1FCF3CE90021EE27 /* subCategorias.swift */ = {isa = PBXFileReference; fileEncoding = 4; lastKnownFileType = sourcecode.swift; path = subCategorias.swift; sourceTree = "<group>"; };
		CD057EB01FCF7EA00021EE27 /* subcategoriasCells.swift */ = {isa = PBXFileReference; fileEncoding = 4; lastKnownFileType = sourcecode.swift; path = subcategoriasCells.swift; sourceTree = "<group>"; };
		CD057EB21FCF83130021EE27 /* SubCategoria_Class.swift */ = {isa = PBXFileReference; fileEncoding = 4; lastKnownFileType = sourcecode.swift; path = SubCategoria_Class.swift; sourceTree = "<group>"; };
		CD057EDA1FCF94C80021EE27 /* productsController.swift */ = {isa = PBXFileReference; fileEncoding = 4; lastKnownFileType = sourcecode.swift; path = productsController.swift; sourceTree = "<group>"; };
		CD057EDC1FCF94F20021EE27 /* productsCells.swift */ = {isa = PBXFileReference; fileEncoding = 4; lastKnownFileType = sourcecode.swift; path = productsCells.swift; sourceTree = "<group>"; };
		CD057EE01FCFB6910021EE27 /* Product_Class.swift */ = {isa = PBXFileReference; fileEncoding = 4; lastKnownFileType = sourcecode.swift; path = Product_Class.swift; sourceTree = "<group>"; };
		CD085C3F2003E3E900C52F3C /* utils.swift */ = {isa = PBXFileReference; lastKnownFileType = sourcecode.swift; path = utils.swift; sourceTree = "<group>"; };
		CD09E9441FCD2D5C00B51B9F /* common.swift */ = {isa = PBXFileReference; fileEncoding = 4; lastKnownFileType = sourcecode.swift; path = common.swift; sourceTree = "<group>"; };
		CD1E03C120D184DD00B1F7C4 /* Barcode_Class.swift */ = {isa = PBXFileReference; lastKnownFileType = sourcecode.swift; path = Barcode_Class.swift; sourceTree = "<group>"; };
		CD1E03C720D19AE700B1F7C4 /* barcodes.json */ = {isa = PBXFileReference; fileEncoding = 4; lastKnownFileType = text.json; path = barcodes.json; sourceTree = "<group>"; };
		CD1F429C1FCC828800EEFAE3 /* navMainController.swift */ = {isa = PBXFileReference; fileEncoding = 4; lastKnownFileType = sourcecode.swift; path = navMainController.swift; sourceTree = "<group>"; };
		CD1F429E1FCC831F00EEFAE3 /* mainController.swift */ = {isa = PBXFileReference; fileEncoding = 4; lastKnownFileType = sourcecode.swift; path = mainController.swift; sourceTree = "<group>"; };
		CD1F42A11FCC865200EEFAE3 /* MenuController.swift */ = {isa = PBXFileReference; fileEncoding = 4; lastKnownFileType = sourcecode.swift; path = MenuController.swift; sourceTree = "<group>"; };
		CD1F42A31FCC865C00EEFAE3 /* sideBarCell.swift */ = {isa = PBXFileReference; fileEncoding = 4; lastKnownFileType = sourcecode.swift; path = sideBarCell.swift; sourceTree = "<group>"; };
		CD1F42A51FCC866900EEFAE3 /* MenuItems.swift */ = {isa = PBXFileReference; fileEncoding = 4; lastKnownFileType = sourcecode.swift; path = MenuItems.swift; sourceTree = "<group>"; };
		CD2315A320D43CBC0064619D /* cedula40.json */ = {isa = PBXFileReference; fileEncoding = 4; lastKnownFileType = text.json; path = cedula40.json; sourceTree = "<group>"; };
		CD2315A520D43CC80064619D /* cedula80.json */ = {isa = PBXFileReference; fileEncoding = 4; lastKnownFileType = text.json; path = cedula80.json; sourceTree = "<group>"; };
		CD2BE07920C1C243009E9F02 /* calcsController.swift */ = {isa = PBXFileReference; lastKnownFileType = sourcecode.swift; path = calcsController.swift; sourceTree = "<group>"; };
		CD3454F72101009400C17B0E /* distController.swift */ = {isa = PBXFileReference; lastKnownFileType = sourcecode.swift; path = distController.swift; sourceTree = "<group>"; };
		CD3454F9210112B900C17B0E /* barsController.swift */ = {isa = PBXFileReference; lastKnownFileType = sourcecode.swift; path = barsController.swift; sourceTree = "<group>"; };
		CD4063F020033C7500EEE926 /* googleMap1Controller.swift */ = {isa = PBXFileReference; lastKnownFileType = sourcecode.swift; path = googleMap1Controller.swift; sourceTree = "<group>"; };
		CD4063F22003466600EEE926 /* googleMap2Controller.swift */ = {isa = PBXFileReference; lastKnownFileType = sourcecode.swift; path = googleMap2Controller.swift; sourceTree = "<group>"; };
		CD4063F4200348B400EEE926 /* googleMap3Controller.swift */ = {isa = PBXFileReference; lastKnownFileType = sourcecode.swift; path = googleMap3Controller.swift; sourceTree = "<group>"; };
		CD4063F6200348E100EEE926 /* googleMap4Controller.swift */ = {isa = PBXFileReference; lastKnownFileType = sourcecode.swift; path = googleMap4Controller.swift; sourceTree = "<group>"; };
		CD41818420FFBEEE00BDAB70 /* mainTabviewController.swift */ = {isa = PBXFileReference; lastKnownFileType = sourcecode.swift; path = mainTabviewController.swift; sourceTree = "<group>"; };
		CD47B4D52071617600A6EFF8 /* calcProductCell.swift */ = {isa = PBXFileReference; lastKnownFileType = sourcecode.swift; path = calcProductCell.swift; sourceTree = "<group>"; };
		CD47B4D720716A0F00A6EFF8 /* Calc_Product_Class.swift */ = {isa = PBXFileReference; lastKnownFileType = sourcecode.swift; path = Calc_Product_Class.swift; sourceTree = "<group>"; };
		CD57756A20CED3FA00561020 /* art.scnassets */ = {isa = PBXFileReference; lastKnownFileType = wrapper.scnassets; path = art.scnassets; sourceTree = "<group>"; };
		CD57756C20CED86300561020 /* arController.swift */ = {isa = PBXFileReference; lastKnownFileType = sourcecode.swift; path = arController.swift; sourceTree = "<group>"; };
		CD5D217C20091D66009607A8 /* presentationController.swift */ = {isa = PBXFileReference; lastKnownFileType = sourcecode.swift; path = presentationController.swift; sourceTree = "<group>"; };
		CD7DAC3720015B9200349A97 /* distribuidoresController.swift */ = {isa = PBXFileReference; lastKnownFileType = sourcecode.swift; path = distribuidoresController.swift; sourceTree = "<group>"; };
		CD7DAC392001766900349A97 /* DistribuidoresCell.swift */ = {isa = PBXFileReference; lastKnownFileType = sourcecode.swift; path = DistribuidoresCell.swift; sourceTree = "<group>"; };
		CD7DAC3B2001C97900349A97 /* homeDepotController.swift */ = {isa = PBXFileReference; lastKnownFileType = sourcecode.swift; path = homeDepotController.swift; sourceTree = "<group>"; };
		CDB386C8206F049D00E048E5 /* AvisoPrivacidadController.swift */ = {isa = PBXFileReference; lastKnownFileType = sourcecode.swift; path = AvisoPrivacidadController.swift; sourceTree = "<group>"; };
		CDBB45231FFD458A00D2B42B /* DropMenuButton.swift */ = {isa = PBXFileReference; lastKnownFileType = sourcecode.swift; path = DropMenuButton.swift; sourceTree = "<group>"; };
		CDBB45251FFD45D900D2B42B /* fontaneriaController.swift */ = {isa = PBXFileReference; lastKnownFileType = sourcecode.swift; path = fontaneriaController.swift; sourceTree = "<group>"; };
		CDBB45271FFD65F800D2B42B /* dropDownTableView.swift */ = {isa = PBXFileReference; lastKnownFileType = sourcecode.swift; path = dropDownTableView.swift; sourceTree = "<group>"; };
		CDBB452F1FFD9B7600D2B42B /* Presentation_Class.swift */ = {isa = PBXFileReference; lastKnownFileType = sourcecode.swift; path = Presentation_Class.swift; sourceTree = "<group>"; };
		CDBB45311FFD9FDA00D2B42B /* Pieza_Class.swift */ = {isa = PBXFileReference; lastKnownFileType = sourcecode.swift; path = Pieza_Class.swift; sourceTree = "<group>"; };
		CDBC1F281FDF9F49002DE788 /* ScreenBounds.swift */ = {isa = PBXFileReference; lastKnownFileType = sourcecode.swift; path = ScreenBounds.swift; sourceTree = "<group>"; };
		CDCE677A1FD72BF100C2971D /* productDetailController.swift */ = {isa = PBXFileReference; lastKnownFileType = sourcecode.swift; path = productDetailController.swift; sourceTree = "<group>"; };
		CDD8CE41200015A60000432C /* Distribuidor_Class.swift */ = {isa = PBXFileReference; lastKnownFileType = sourcecode.swift; path = Distribuidor_Class.swift; sourceTree = "<group>"; };
		CDDEBB812004533000E7B81D /* GoogleService-Info.plist */ = {isa = PBXFileReference; fileEncoding = 4; lastKnownFileType = text.plist.xml; path = "GoogleService-Info.plist"; sourceTree = "<group>"; };
		CDE6B9132009279A009CC1D9 /* navPresentationController.swift */ = {isa = PBXFileReference; lastKnownFileType = sourcecode.swift; path = navPresentationController.swift; sourceTree = "<group>"; };
		CDF1880D2039354D00550B37 /* webview.swift */ = {isa = PBXFileReference; lastKnownFileType = sourcecode.swift; path = webview.swift; sourceTree = "<group>"; };
		CDF2AB091FCDE236006B77AF /* categoriasCells.swift */ = {isa = PBXFileReference; fileEncoding = 4; lastKnownFileType = sourcecode.swift; path = categoriasCells.swift; sourceTree = "<group>"; };
		CDF2AB0C1FCDED1A006B77AF /* Category_Class.swift */ = {isa = PBXFileReference; fileEncoding = 4; lastKnownFileType = sourcecode.swift; path = Category_Class.swift; sourceTree = "<group>"; };
		CDF8956C1FFFEF56007DE0FC /* contactoController.swift */ = {isa = PBXFileReference; lastKnownFileType = sourcecode.swift; path = contactoController.swift; sourceTree = "<group>"; };
		CDF8956E1FFFFF71007DE0FC /* Gerente_Class.swift */ = {isa = PBXFileReference; lastKnownFileType = sourcecode.swift; path = Gerente_Class.swift; sourceTree = "<group>"; };
		CDFA3D971FFE9C8E000DDE70 /* Calculo_Class.swift */ = {isa = PBXFileReference; lastKnownFileType = sourcecode.swift; path = Calculo_Class.swift; sourceTree = "<group>"; };
		CDFA3D9D1FFED108000DDE70 /* Sucursal_Class.swift */ = {isa = PBXFileReference; lastKnownFileType = sourcecode.swift; path = Sucursal_Class.swift; sourceTree = "<group>"; };
		CDFF12791FC68D7500B6EFB0 /* navloginController.swift */ = {isa = PBXFileReference; fileEncoding = 4; lastKnownFileType = sourcecode.swift; path = navloginController.swift; sourceTree = "<group>"; };
		CDFF127B1FC68E2B00B6EFB0 /* loginController.swift */ = {isa = PBXFileReference; fileEncoding = 4; lastKnownFileType = sourcecode.swift; path = loginController.swift; sourceTree = "<group>"; };
		D31EB1EB85545BC12F13F27A /* Pods-mexarUITests.debug.xcconfig */ = {isa = PBXFileReference; includeInIndex = 1; lastKnownFileType = text.xcconfig; name = "Pods-mexarUITests.debug.xcconfig"; path = "Pods/Target Support Files/Pods-mexarUITests/Pods-mexarUITests.debug.xcconfig"; sourceTree = "<group>"; };
		D6BE4A99BD23F5D8FED5FE11 /* Pods-mexarTests.debug.xcconfig */ = {isa = PBXFileReference; includeInIndex = 1; lastKnownFileType = text.xcconfig; name = "Pods-mexarTests.debug.xcconfig"; path = "Pods/Target Support Files/Pods-mexarTests/Pods-mexarTests.debug.xcconfig"; sourceTree = "<group>"; };
/* End PBXFileReference section */

/* Begin PBXFrameworksBuildPhase section */
		CD050BC91FC5368A00627300 /* Frameworks */ = {
			isa = PBXFrameworksBuildPhase;
			buildActionMask = 2147483647;
			files = (
				15888B9445FD34B40450F3DC /* Pods_mexar.framework in Frameworks */,
			);
			runOnlyForDeploymentPostprocessing = 0;
		};
		CD050BDD1FC5368A00627300 /* Frameworks */ = {
			isa = PBXFrameworksBuildPhase;
			buildActionMask = 2147483647;
			files = (
				64A537A5E7D92AA1C70DEB2E /* Pods_mexarTests.framework in Frameworks */,
			);
			runOnlyForDeploymentPostprocessing = 0;
		};
		CD050BE81FC5368A00627300 /* Frameworks */ = {
			isa = PBXFrameworksBuildPhase;
			buildActionMask = 2147483647;
			files = (
				6BF6C5A4C102D2EAE049BE21 /* Pods_mexarUITests.framework in Frameworks */,
			);
			runOnlyForDeploymentPostprocessing = 0;
		};
/* End PBXFrameworksBuildPhase section */

/* Begin PBXGroup section */
		060D6AC122DAEC338ABBE2ED /* Pods */ = {
			isa = PBXGroup;
			children = (
				4A4DE0DE49979E2936A2A7F7 /* Pods-mexar.debug.xcconfig */,
				45963278C366045AE18ED8CE /* Pods-mexar.release.xcconfig */,
				D6BE4A99BD23F5D8FED5FE11 /* Pods-mexarTests.debug.xcconfig */,
				2CBF2FB4B629CBCE6A8F11F8 /* Pods-mexarTests.release.xcconfig */,
				D31EB1EB85545BC12F13F27A /* Pods-mexarUITests.debug.xcconfig */,
				9B5763DA85DEEC6A380ABBF9 /* Pods-mexarUITests.release.xcconfig */,
			);
			name = Pods;
			sourceTree = "<group>";
		};
		CAFDAEBBE142B169896D883C /* Frameworks */ = {
			isa = PBXGroup;
			children = (
				560F99AAF69EAC0D42F8E21E /* Pods_mexar.framework */,
				A9ECE316CF72D3B4C526FDED /* Pods_mexarTests.framework */,
				975723D068069E399CDC8B24 /* Pods_mexarUITests.framework */,
			);
			name = Frameworks;
			sourceTree = "<group>";
		};
		CD050BC31FC5368A00627300 = {
			isa = PBXGroup;
			children = (
				CDDEBB812004533000E7B81D /* GoogleService-Info.plist */,
				CD050BCE1FC5368A00627300 /* mexar */,
				CD050BE31FC5368A00627300 /* mexarTests */,
				CD050BEE1FC5368A00627300 /* mexarUITests */,
				CD050BCD1FC5368A00627300 /* Products */,
				060D6AC122DAEC338ABBE2ED /* Pods */,
				CAFDAEBBE142B169896D883C /* Frameworks */,
			);
			sourceTree = "<group>";
		};
		CD050BCD1FC5368A00627300 /* Products */ = {
			isa = PBXGroup;
			children = (
				CD050BCC1FC5368A00627300 /* mexar.app */,
				CD050BE01FC5368A00627300 /* mexarTests.xctest */,
				CD050BEB1FC5368A00627300 /* mexarUITests.xctest */,
			);
			name = Products;
			sourceTree = "<group>";
		};
		CD050BCE1FC5368A00627300 /* mexar */ = {
			isa = PBXGroup;
			children = (
				CDF2AB0E1FCDF6BF006B77AF /* jsons */,
				CDF2AB0B1FCDECD1006B77AF /* models */,
				CDF2AB081FCDE20E006B77AF /* customViews */,
				CD1F42A01FCC860300EEFAE3 /* menu */,
				CDFF12781FC68CA700B6EFB0 /* navController */,
				CD050BCF1FC5368A00627300 /* AppDelegate.swift */,
				CD050BD11FC5368A00627300 /* ViewController.swift */,
				CD050BD31FC5368A00627300 /* Main.storyboard */,
				CD050BD61FC5368A00627300 /* Assets.xcassets */,
				CD57756A20CED3FA00561020 /* art.scnassets */,
				CD050BD81FC5368A00627300 /* LaunchScreen.storyboard */,
				CD050BDB1FC5368A00627300 /* Info.plist */,
				CD09E9441FCD2D5C00B51B9F /* common.swift */,
				CD085C3F2003E3E900C52F3C /* utils.swift */,
				CDF1880D2039354D00550B37 /* webview.swift */,
			);
			path = mexar;
			sourceTree = "<group>";
		};
		CD050BE31FC5368A00627300 /* mexarTests */ = {
			isa = PBXGroup;
			children = (
				CD050BE41FC5368A00627300 /* mexarTests.swift */,
				CD050BE61FC5368A00627300 /* Info.plist */,
			);
			path = mexarTests;
			sourceTree = "<group>";
		};
		CD050BEE1FC5368A00627300 /* mexarUITests */ = {
			isa = PBXGroup;
			children = (
				CD050BEF1FC5368A00627300 /* mexarUITests.swift */,
				CD050BF11FC5368A00627300 /* Info.plist */,
			);
			path = mexarUITests;
			sourceTree = "<group>";
		};
		CD1F42A01FCC860300EEFAE3 /* menu */ = {
			isa = PBXGroup;
			children = (
				CD1F42A31FCC865C00EEFAE3 /* sideBarCell.swift */,
				CD1F42A51FCC866900EEFAE3 /* MenuItems.swift */,
				CD1F42A11FCC865200EEFAE3 /* MenuController.swift */,
			);
			name = menu;
			sourceTree = "<group>";
		};
		CDF2AB081FCDE20E006B77AF /* customViews */ = {
			isa = PBXGroup;
			children = (
				CDF2AB091FCDE236006B77AF /* categoriasCells.swift */,
				CD057EB01FCF7EA00021EE27 /* subcategoriasCells.swift */,
				CD057EDC1FCF94F20021EE27 /* productsCells.swift */,
				CDBB45231FFD458A00D2B42B /* DropMenuButton.swift */,
				CDBB45271FFD65F800D2B42B /* dropDownTableView.swift */,
				CD7DAC392001766900349A97 /* DistribuidoresCell.swift */,
				CD47B4D52071617600A6EFF8 /* calcProductCell.swift */,
			);
			name = customViews;
			sourceTree = "<group>";
		};
		CDF2AB0B1FCDECD1006B77AF /* models */ = {
			isa = PBXGroup;
			children = (
				CDF2AB0C1FCDED1A006B77AF /* Category_Class.swift */,
				CD057EB21FCF83130021EE27 /* SubCategoria_Class.swift */,
				CD057EE01FCFB6910021EE27 /* Product_Class.swift */,
				CDBC1F281FDF9F49002DE788 /* ScreenBounds.swift */,
				CDBB452F1FFD9B7600D2B42B /* Presentation_Class.swift */,
				CDBB45311FFD9FDA00D2B42B /* Pieza_Class.swift */,
				CDFA3D971FFE9C8E000DDE70 /* Calculo_Class.swift */,
				CDF8956E1FFFFF71007DE0FC /* Gerente_Class.swift */,
				CDFA3D9D1FFED108000DDE70 /* Sucursal_Class.swift */,
				CDD8CE41200015A60000432C /* Distribuidor_Class.swift */,
				CD47B4D720716A0F00A6EFF8 /* Calc_Product_Class.swift */,
				CD1E03C120D184DD00B1F7C4 /* Barcode_Class.swift */,
			);
			name = models;
			sourceTree = "<group>";
		};
		CDF2AB0E1FCDF6BF006B77AF /* jsons */ = {
			isa = PBXGroup;
			children = (
				CD2315A520D43CC80064619D /* cedula80.json */,
				CD2315A320D43CBC0064619D /* cedula40.json */,
				CD1E03C720D19AE700B1F7C4 /* barcodes.json */,
				CD02F8B620C11BAF007585A1 /* calc_products.json */,
				CD02F8AF20C11B9F007585A1 /* calculadora.json */,
				CD02F8A920C11B91007585A1 /* categorias.json */,
				CD02F8B320C11BA8007585A1 /* conduit.json */,
				CD02F8A520C11B87007585A1 /* cpvc.json */,
				CD02F8AC20C11B97007585A1 /* distribuidores.json */,
				CD02F8A720C11B8C007585A1 /* gerentes.json */,
				CD02F8A820C11B8E007585A1 /* homedepot.json */,
				CD02F8AE20C11B9C007585A1 /* piezas_cpvc.json */,
				CD02F8AD20C11B99007585A1 /* piezas.json */,
				CD02F8AB20C11B95007585A1 /* presentaciones.json */,
				CD02F8B420C11BAB007585A1 /* productos.json */,
				CD02F8B520C11BAE007585A1 /* sanitario.json */,
				CD02F8AA20C11B92007585A1 /* sinpresion.json */,
				CD02F8B220C11BA6007585A1 /* subcategorias.json */,
				CD02F8A620C11B89007585A1 /* sucursales.json */,
			);
			name = jsons;
			sourceTree = "<group>";
		};
		CDFF12781FC68CA700B6EFB0 /* navController */ = {
			isa = PBXGroup;
			children = (
				CDFF12791FC68D7500B6EFB0 /* navloginController.swift */,
				CDFF127B1FC68E2B00B6EFB0 /* loginController.swift */,
				CD1F429C1FCC828800EEFAE3 /* navMainController.swift */,
				CD1F429E1FCC831F00EEFAE3 /* mainController.swift */,
				CD057EAE1FCF3CE90021EE27 /* subCategorias.swift */,
				CD057EDA1FCF94C80021EE27 /* productsController.swift */,
				CDCE677A1FD72BF100C2971D /* productDetailController.swift */,
				CDBB45251FFD45D900D2B42B /* fontaneriaController.swift */,
				CDF8956C1FFFEF56007DE0FC /* contactoController.swift */,
				CD7DAC3720015B9200349A97 /* distribuidoresController.swift */,
				CD7DAC3B2001C97900349A97 /* homeDepotController.swift */,
				CD4063F020033C7500EEE926 /* googleMap1Controller.swift */,
				CD4063F22003466600EEE926 /* googleMap2Controller.swift */,
				CD4063F4200348B400EEE926 /* googleMap3Controller.swift */,
				CD4063F6200348E100EEE926 /* googleMap4Controller.swift */,
				CD5D217C20091D66009607A8 /* presentationController.swift */,
				CDE6B9132009279A009CC1D9 /* navPresentationController.swift */,
				CDB386C8206F049D00E048E5 /* AvisoPrivacidadController.swift */,
				CD2BE07920C1C243009E9F02 /* calcsController.swift */,
				CD57756C20CED86300561020 /* arController.swift */,
				CD41818420FFBEEE00BDAB70 /* mainTabviewController.swift */,
				CD3454F72101009400C17B0E /* distController.swift */,
				CD3454F9210112B900C17B0E /* barsController.swift */,
			);
			name = navController;
			sourceTree = "<group>";
		};
/* End PBXGroup section */

/* Begin PBXNativeTarget section */
		CD050BCB1FC5368A00627300 /* mexar */ = {
			isa = PBXNativeTarget;
			buildConfigurationList = CD050BF41FC5368A00627300 /* Build configuration list for PBXNativeTarget "mexar" */;
			buildPhases = (
				75C160B938F49B81189D56DE /* [CP] Check Pods Manifest.lock */,
				CD050BC81FC5368A00627300 /* Sources */,
				CD050BC91FC5368A00627300 /* Frameworks */,
				CD050BCA1FC5368A00627300 /* Resources */,
				AF44D5A4C48ADD3E7953F313 /* [CP] Embed Pods Frameworks */,
				BF4E209BB960E8A5099D6F2A /* [CP] Copy Pods Resources */,
			);
			buildRules = (
			);
			dependencies = (
			);
			name = mexar;
			productName = mexar;
			productReference = CD050BCC1FC5368A00627300 /* mexar.app */;
			productType = "com.apple.product-type.application";
		};
		CD050BDF1FC5368A00627300 /* mexarTests */ = {
			isa = PBXNativeTarget;
			buildConfigurationList = CD050BF71FC5368A00627300 /* Build configuration list for PBXNativeTarget "mexarTests" */;
			buildPhases = (
				66227153A4279A4BE49EEE56 /* [CP] Check Pods Manifest.lock */,
				CD050BDC1FC5368A00627300 /* Sources */,
				CD050BDD1FC5368A00627300 /* Frameworks */,
				CD050BDE1FC5368A00627300 /* Resources */,
			);
			buildRules = (
			);
			dependencies = (
				CD050BE21FC5368A00627300 /* PBXTargetDependency */,
			);
			name = mexarTests;
			productName = mexarTests;
			productReference = CD050BE01FC5368A00627300 /* mexarTests.xctest */;
			productType = "com.apple.product-type.bundle.unit-test";
		};
		CD050BEA1FC5368A00627300 /* mexarUITests */ = {
			isa = PBXNativeTarget;
			buildConfigurationList = CD050BFA1FC5368A00627300 /* Build configuration list for PBXNativeTarget "mexarUITests" */;
			buildPhases = (
				CABB41F27A57307B5FA4DB1F /* [CP] Check Pods Manifest.lock */,
				CD050BE71FC5368A00627300 /* Sources */,
				CD050BE81FC5368A00627300 /* Frameworks */,
				CD050BE91FC5368A00627300 /* Resources */,
			);
			buildRules = (
			);
			dependencies = (
				CD050BED1FC5368A00627300 /* PBXTargetDependency */,
			);
			name = mexarUITests;
			productName = mexarUITests;
			productReference = CD050BEB1FC5368A00627300 /* mexarUITests.xctest */;
			productType = "com.apple.product-type.bundle.ui-testing";
		};
/* End PBXNativeTarget section */

/* Begin PBXProject section */
		CD050BC41FC5368A00627300 /* Project object */ = {
			isa = PBXProject;
			attributes = {
				LastSwiftUpdateCheck = 0810;
				LastUpgradeCheck = 0810;
				ORGANIZATIONNAME = datalabor.com.mx;
				TargetAttributes = {
					CD050BCB1FC5368A00627300 = {
						CreatedOnToolsVersion = 8.1;
						DevelopmentTeam = 7S32YYNPLS;
						ProvisioningStyle = Automatic;
					};
					CD050BDF1FC5368A00627300 = {
						CreatedOnToolsVersion = 8.1;
						DevelopmentTeam = 7S32YYNPLS;
						ProvisioningStyle = Automatic;
						TestTargetID = CD050BCB1FC5368A00627300;
					};
					CD050BEA1FC5368A00627300 = {
						CreatedOnToolsVersion = 8.1;
						DevelopmentTeam = 7S32YYNPLS;
						ProvisioningStyle = Automatic;
						TestTargetID = CD050BCB1FC5368A00627300;
					};
				};
			};
			buildConfigurationList = CD050BC71FC5368A00627300 /* Build configuration list for PBXProject "mexar" */;
			compatibilityVersion = "Xcode 3.2";
			developmentRegion = English;
			hasScannedForEncodings = 0;
			knownRegions = (
				en,
				Base,
			);
			mainGroup = CD050BC31FC5368A00627300;
			productRefGroup = CD050BCD1FC5368A00627300 /* Products */;
			projectDirPath = "";
			projectRoot = "";
			targets = (
				CD050BCB1FC5368A00627300 /* mexar */,
				CD050BDF1FC5368A00627300 /* mexarTests */,
				CD050BEA1FC5368A00627300 /* mexarUITests */,
			);
		};
/* End PBXProject section */

/* Begin PBXResourcesBuildPhase section */
		CD050BCA1FC5368A00627300 /* Resources */ = {
			isa = PBXResourcesBuildPhase;
			buildActionMask = 2147483647;
			files = (
				CD02F8C820C11BAF007585A1 /* calc_products.json in Resources */,
				CD02F8BF20C11BAF007585A1 /* piezas.json in Resources */,
				CD02F8C620C11BAF007585A1 /* productos.json in Resources */,
				CD2315A620D43CC80064619D /* cedula80.json in Resources */,
				CD02F8B920C11BAF007585A1 /* gerentes.json in Resources */,
				CD2315A420D43CBC0064619D /* cedula40.json in Resources */,
				CD02F8BD20C11BAF007585A1 /* presentaciones.json in Resources */,
				CD050BDA1FC5368A00627300 /* LaunchScreen.storyboard in Resources */,
				CD02F8BE20C11BAF007585A1 /* distribuidores.json in Resources */,
				CD02F8C520C11BAF007585A1 /* conduit.json in Resources */,
				CD57756B20CED3FA00561020 /* art.scnassets in Resources */,
				CD02F8C720C11BAF007585A1 /* sanitario.json in Resources */,
				CD02F8B720C11BAF007585A1 /* cpvc.json in Resources */,
				CD02F8BA20C11BAF007585A1 /* homedepot.json in Resources */,
				CD050BD71FC5368A00627300 /* Assets.xcassets in Resources */,
				CD02F8C120C11BAF007585A1 /* calculadora.json in Resources */,
				CD1E03C820D19AE800B1F7C4 /* barcodes.json in Resources */,
				CD02F8BC20C11BAF007585A1 /* sinpresion.json in Resources */,
				CD02F8B820C11BAF007585A1 /* sucursales.json in Resources */,
				CD02F8BB20C11BAF007585A1 /* categorias.json in Resources */,
				CD02F8C420C11BAF007585A1 /* subcategorias.json in Resources */,
				CD050BD51FC5368A00627300 /* Main.storyboard in Resources */,
				CDDEBB822004533000E7B81D /* GoogleService-Info.plist in Resources */,
				CD02F8C020C11BAF007585A1 /* piezas_cpvc.json in Resources */,
			);
			runOnlyForDeploymentPostprocessing = 0;
		};
		CD050BDE1FC5368A00627300 /* Resources */ = {
			isa = PBXResourcesBuildPhase;
			buildActionMask = 2147483647;
			files = (
				CDDEBB832004533000E7B81D /* GoogleService-Info.plist in Resources */,
			);
			runOnlyForDeploymentPostprocessing = 0;
		};
		CD050BE91FC5368A00627300 /* Resources */ = {
			isa = PBXResourcesBuildPhase;
			buildActionMask = 2147483647;
			files = (
				CDDEBB842004533000E7B81D /* GoogleService-Info.plist in Resources */,
			);
			runOnlyForDeploymentPostprocessing = 0;
		};
/* End PBXResourcesBuildPhase section */

/* Begin PBXShellScriptBuildPhase section */
		66227153A4279A4BE49EEE56 /* [CP] Check Pods Manifest.lock */ = {
			isa = PBXShellScriptBuildPhase;
			buildActionMask = 2147483647;
			files = (
			);
			inputPaths = (
				"${PODS_PODFILE_DIR_PATH}/Podfile.lock",
				"${PODS_ROOT}/Manifest.lock",
			);
			name = "[CP] Check Pods Manifest.lock";
			outputPaths = (
				"$(DERIVED_FILE_DIR)/Pods-mexarTests-checkManifestLockResult.txt",
			);
			runOnlyForDeploymentPostprocessing = 0;
			shellPath = /bin/sh;
			shellScript = "diff \"${PODS_PODFILE_DIR_PATH}/Podfile.lock\" \"${PODS_ROOT}/Manifest.lock\" > /dev/null\nif [ $? != 0 ] ; then\n    # print error to STDERR\n    echo \"error: The sandbox is not in sync with the Podfile.lock. Run 'pod install' or update your CocoaPods installation.\" >&2\n    exit 1\nfi\n# This output is used by Xcode 'outputs' to avoid re-running this script phase.\necho \"SUCCESS\" > \"${SCRIPT_OUTPUT_FILE_0}\"\n";
			showEnvVarsInLog = 0;
		};
		75C160B938F49B81189D56DE /* [CP] Check Pods Manifest.lock */ = {
			isa = PBXShellScriptBuildPhase;
			buildActionMask = 2147483647;
			files = (
			);
			inputPaths = (
				"${PODS_PODFILE_DIR_PATH}/Podfile.lock",
				"${PODS_ROOT}/Manifest.lock",
			);
			name = "[CP] Check Pods Manifest.lock";
			outputPaths = (
				"$(DERIVED_FILE_DIR)/Pods-mexar-checkManifestLockResult.txt",
			);
			runOnlyForDeploymentPostprocessing = 0;
			shellPath = /bin/sh;
			shellScript = "diff \"${PODS_PODFILE_DIR_PATH}/Podfile.lock\" \"${PODS_ROOT}/Manifest.lock\" > /dev/null\nif [ $? != 0 ] ; then\n    # print error to STDERR\n    echo \"error: The sandbox is not in sync with the Podfile.lock. Run 'pod install' or update your CocoaPods installation.\" >&2\n    exit 1\nfi\n# This output is used by Xcode 'outputs' to avoid re-running this script phase.\necho \"SUCCESS\" > \"${SCRIPT_OUTPUT_FILE_0}\"\n";
			showEnvVarsInLog = 0;
		};
		AF44D5A4C48ADD3E7953F313 /* [CP] Embed Pods Frameworks */ = {
			isa = PBXShellScriptBuildPhase;
			buildActionMask = 2147483647;
			files = (
			);
			inputPaths = (
				"${SRCROOT}/Pods/Target Support Files/Pods-mexar/Pods-mexar-frameworks.sh",
				"${BUILT_PRODUCTS_DIR}/Alamofire/Alamofire.framework",
				"${BUILT_PRODUCTS_DIR}/AlamofireObjectMapper/AlamofireObjectMapper.framework",
				"${BUILT_PRODUCTS_DIR}/BarcodeScanner/BarcodeScanner.framework",
				"${BUILT_PRODUCTS_DIR}/Bolts/Bolts.framework",
				"${BUILT_PRODUCTS_DIR}/FBSDKCoreKit/FBSDKCoreKit.framework",
				"${BUILT_PRODUCTS_DIR}/FBSDKLoginKit/FBSDKLoginKit.framework",
				"${BUILT_PRODUCTS_DIR}/FBSDKShareKit/FBSDKShareKit.framework",
				"${BUILT_PRODUCTS_DIR}/FacebookCore/FacebookCore.framework",
				"${BUILT_PRODUCTS_DIR}/FacebookLogin/FacebookLogin.framework",
				"${BUILT_PRODUCTS_DIR}/FacebookShare/FacebookShare.framework",
				"${BUILT_PRODUCTS_DIR}/GTMOAuth2/GTMOAuth2.framework",
				"${BUILT_PRODUCTS_DIR}/GTMSessionFetcher/GTMSessionFetcher.framework",
				"${BUILT_PRODUCTS_DIR}/GoogleToolboxForMac/GoogleToolboxForMac.framework",
				"${BUILT_PRODUCTS_DIR}/KeychainSwift/KeychainSwift.framework",
				"${BUILT_PRODUCTS_DIR}/ObjectMapper/ObjectMapper.framework",
				"${BUILT_PRODUCTS_DIR}/SideMenu/SideMenu.framework",
			);
			name = "[CP] Embed Pods Frameworks";
			outputPaths = (
				"${TARGET_BUILD_DIR}/${FRAMEWORKS_FOLDER_PATH}/Alamofire.framework",
				"${TARGET_BUILD_DIR}/${FRAMEWORKS_FOLDER_PATH}/AlamofireObjectMapper.framework",
				"${TARGET_BUILD_DIR}/${FRAMEWORKS_FOLDER_PATH}/BarcodeScanner.framework",
				"${TARGET_BUILD_DIR}/${FRAMEWORKS_FOLDER_PATH}/Bolts.framework",
				"${TARGET_BUILD_DIR}/${FRAMEWORKS_FOLDER_PATH}/FBSDKCoreKit.framework",
				"${TARGET_BUILD_DIR}/${FRAMEWORKS_FOLDER_PATH}/FBSDKLoginKit.framework",
				"${TARGET_BUILD_DIR}/${FRAMEWORKS_FOLDER_PATH}/FBSDKShareKit.framework",
				"${TARGET_BUILD_DIR}/${FRAMEWORKS_FOLDER_PATH}/FacebookCore.framework",
				"${TARGET_BUILD_DIR}/${FRAMEWORKS_FOLDER_PATH}/FacebookLogin.framework",
				"${TARGET_BUILD_DIR}/${FRAMEWORKS_FOLDER_PATH}/FacebookShare.framework",
				"${TARGET_BUILD_DIR}/${FRAMEWORKS_FOLDER_PATH}/GTMOAuth2.framework",
				"${TARGET_BUILD_DIR}/${FRAMEWORKS_FOLDER_PATH}/GTMSessionFetcher.framework",
				"${TARGET_BUILD_DIR}/${FRAMEWORKS_FOLDER_PATH}/GoogleToolboxForMac.framework",
				"${TARGET_BUILD_DIR}/${FRAMEWORKS_FOLDER_PATH}/KeychainSwift.framework",
				"${TARGET_BUILD_DIR}/${FRAMEWORKS_FOLDER_PATH}/ObjectMapper.framework",
				"${TARGET_BUILD_DIR}/${FRAMEWORKS_FOLDER_PATH}/SideMenu.framework",
			);
			runOnlyForDeploymentPostprocessing = 0;
			shellPath = /bin/sh;
			shellScript = "\"${SRCROOT}/Pods/Target Support Files/Pods-mexar/Pods-mexar-frameworks.sh\"\n";
			showEnvVarsInLog = 0;
		};
		BF4E209BB960E8A5099D6F2A /* [CP] Copy Pods Resources */ = {
			isa = PBXShellScriptBuildPhase;
			buildActionMask = 2147483647;
			files = (
			);
			inputPaths = (
				"${SRCROOT}/Pods/Target Support Files/Pods-mexar/Pods-mexar-resources.sh",
				"${PODS_ROOT}/GoogleMaps/Maps/Frameworks/GoogleMaps.framework/Resources/GoogleMaps.bundle",
				"${PODS_ROOT}/GooglePlaces/Frameworks/GooglePlaces.framework/Resources/GooglePlaces.bundle",
				"${PODS_ROOT}/GoogleSignIn/Resources/GoogleSignIn.bundle",
			);
			name = "[CP] Copy Pods Resources";
			outputPaths = (
				"${TARGET_BUILD_DIR}/${UNLOCALIZED_RESOURCES_FOLDER_PATH}/GoogleMaps.bundle",
				"${TARGET_BUILD_DIR}/${UNLOCALIZED_RESOURCES_FOLDER_PATH}/GooglePlaces.bundle",
				"${TARGET_BUILD_DIR}/${UNLOCALIZED_RESOURCES_FOLDER_PATH}/GoogleSignIn.bundle",
			);
			runOnlyForDeploymentPostprocessing = 0;
			shellPath = /bin/sh;
			shellScript = "\"${SRCROOT}/Pods/Target Support Files/Pods-mexar/Pods-mexar-resources.sh\"\n";
			showEnvVarsInLog = 0;
		};
		CABB41F27A57307B5FA4DB1F /* [CP] Check Pods Manifest.lock */ = {
			isa = PBXShellScriptBuildPhase;
			buildActionMask = 2147483647;
			files = (
			);
			inputPaths = (
				"${PODS_PODFILE_DIR_PATH}/Podfile.lock",
				"${PODS_ROOT}/Manifest.lock",
			);
			name = "[CP] Check Pods Manifest.lock";
			outputPaths = (
				"$(DERIVED_FILE_DIR)/Pods-mexarUITests-checkManifestLockResult.txt",
			);
			runOnlyForDeploymentPostprocessing = 0;
			shellPath = /bin/sh;
			shellScript = "diff \"${PODS_PODFILE_DIR_PATH}/Podfile.lock\" \"${PODS_ROOT}/Manifest.lock\" > /dev/null\nif [ $? != 0 ] ; then\n    # print error to STDERR\n    echo \"error: The sandbox is not in sync with the Podfile.lock. Run 'pod install' or update your CocoaPods installation.\" >&2\n    exit 1\nfi\n# This output is used by Xcode 'outputs' to avoid re-running this script phase.\necho \"SUCCESS\" > \"${SCRIPT_OUTPUT_FILE_0}\"\n";
			showEnvVarsInLog = 0;
		};
/* End PBXShellScriptBuildPhase section */

/* Begin PBXSourcesBuildPhase section */
		CD050BC81FC5368A00627300 /* Sources */ = {
			isa = PBXSourcesBuildPhase;
			buildActionMask = 2147483647;
			files = (
				CD057EB31FCF83130021EE27 /* SubCategoria_Class.swift in Sources */,
				CD1F429F1FCC831F00EEFAE3 /* mainController.swift in Sources */,
				CD4063F5200348B400EEE926 /* googleMap3Controller.swift in Sources */,
				CD3454FA210112B900C17B0E /* barsController.swift in Sources */,
				CD57756D20CED86300561020 /* arController.swift in Sources */,
				CDBB45281FFD65F800D2B42B /* dropDownTableView.swift in Sources */,
				CD7DAC3C2001C97900349A97 /* homeDepotController.swift in Sources */,
				CD1F42A21FCC865200EEFAE3 /* MenuController.swift in Sources */,
				CD085C402003E3E900C52F3C /* utils.swift in Sources */,
				CD47B4D820716A0F00A6EFF8 /* Calc_Product_Class.swift in Sources */,
				CD5D217D20091D66009607A8 /* presentationController.swift in Sources */,
				CD057EAF1FCF3CE90021EE27 /* subCategorias.swift in Sources */,
				CD4063F32003466600EEE926 /* googleMap2Controller.swift in Sources */,
				CDFA3D981FFE9C8E000DDE70 /* Calculo_Class.swift in Sources */,
				CD47B4D62071617600A6EFF8 /* calcProductCell.swift in Sources */,
				CDF8956F1FFFFF71007DE0FC /* Gerente_Class.swift in Sources */,
				CDF2AB0D1FCDED1A006B77AF /* Category_Class.swift in Sources */,
				CD2BE07A20C1C243009E9F02 /* calcsController.swift in Sources */,
				CD7DAC3820015B9200349A97 /* distribuidoresController.swift in Sources */,
				CDBB45301FFD9B7600D2B42B /* Presentation_Class.swift in Sources */,
				CD057EDD1FCF94F20021EE27 /* productsCells.swift in Sources */,
				CDE6B9142009279A009CC1D9 /* navPresentationController.swift in Sources */,
				CD050BD21FC5368A00627300 /* ViewController.swift in Sources */,
				CDFF127C1FC68E2B00B6EFB0 /* loginController.swift in Sources */,
				CD7DAC3A2001766900349A97 /* DistribuidoresCell.swift in Sources */,
				CDBC1F291FDF9F49002DE788 /* ScreenBounds.swift in Sources */,
				CD3454F82101009400C17B0E /* distController.swift in Sources */,
				CD057EE11FCFB6910021EE27 /* Product_Class.swift in Sources */,
				CD057EB11FCF7EA00021EE27 /* subcategoriasCells.swift in Sources */,
				CD1F429D1FCC828800EEFAE3 /* navMainController.swift in Sources */,
				CDF1880E2039354D00550B37 /* webview.swift in Sources */,
				CDF2AB0A1FCDE236006B77AF /* categoriasCells.swift in Sources */,
				CDFF127A1FC68D7500B6EFB0 /* navloginController.swift in Sources */,
				CD057EDB1FCF94C80021EE27 /* productsController.swift in Sources */,
				CD1F42A41FCC865C00EEFAE3 /* sideBarCell.swift in Sources */,
				CD4063F7200348E100EEE926 /* googleMap4Controller.swift in Sources */,
				CD1E03C220D184DD00B1F7C4 /* Barcode_Class.swift in Sources */,
				CD050BD01FC5368A00627300 /* AppDelegate.swift in Sources */,
				CDF8956D1FFFEF56007DE0FC /* contactoController.swift in Sources */,
				CD41818520FFBEEE00BDAB70 /* mainTabviewController.swift in Sources */,
				CDBB45261FFD45D900D2B42B /* fontaneriaController.swift in Sources */,
				CDD8CE42200015A60000432C /* Distribuidor_Class.swift in Sources */,
				CD09E9451FCD2D5C00B51B9F /* common.swift in Sources */,
				CD4063F120033C7500EEE926 /* googleMap1Controller.swift in Sources */,
				CDB386C9206F049D00E048E5 /* AvisoPrivacidadController.swift in Sources */,
				CDBB45321FFD9FDA00D2B42B /* Pieza_Class.swift in Sources */,
				CDBB45241FFD458A00D2B42B /* DropMenuButton.swift in Sources */,
				CDCE677B1FD72BF100C2971D /* productDetailController.swift in Sources */,
				CDFA3D9E1FFED108000DDE70 /* Sucursal_Class.swift in Sources */,
				CD1F42A61FCC866900EEFAE3 /* MenuItems.swift in Sources */,
			);
			runOnlyForDeploymentPostprocessing = 0;
		};
		CD050BDC1FC5368A00627300 /* Sources */ = {
			isa = PBXSourcesBuildPhase;
			buildActionMask = 2147483647;
			files = (
				CD050BE51FC5368A00627300 /* mexarTests.swift in Sources */,
			);
			runOnlyForDeploymentPostprocessing = 0;
		};
		CD050BE71FC5368A00627300 /* Sources */ = {
			isa = PBXSourcesBuildPhase;
			buildActionMask = 2147483647;
			files = (
				CD050BF01FC5368A00627300 /* mexarUITests.swift in Sources */,
			);
			runOnlyForDeploymentPostprocessing = 0;
		};
/* End PBXSourcesBuildPhase section */

/* Begin PBXTargetDependency section */
		CD050BE21FC5368A00627300 /* PBXTargetDependency */ = {
			isa = PBXTargetDependency;
			target = CD050BCB1FC5368A00627300 /* mexar */;
			targetProxy = CD050BE11FC5368A00627300 /* PBXContainerItemProxy */;
		};
		CD050BED1FC5368A00627300 /* PBXTargetDependency */ = {
			isa = PBXTargetDependency;
			target = CD050BCB1FC5368A00627300 /* mexar */;
			targetProxy = CD050BEC1FC5368A00627300 /* PBXContainerItemProxy */;
		};
/* End PBXTargetDependency section */

/* Begin PBXVariantGroup section */
		CD050BD31FC5368A00627300 /* Main.storyboard */ = {
			isa = PBXVariantGroup;
			children = (
				CD050BD41FC5368A00627300 /* Base */,
			);
			name = Main.storyboard;
			sourceTree = "<group>";
		};
		CD050BD81FC5368A00627300 /* LaunchScreen.storyboard */ = {
			isa = PBXVariantGroup;
			children = (
				CD050BD91FC5368A00627300 /* Base */,
			);
			name = LaunchScreen.storyboard;
			sourceTree = "<group>";
		};
/* End PBXVariantGroup section */

/* Begin XCBuildConfiguration section */
		CD050BF21FC5368A00627300 /* Debug */ = {
			isa = XCBuildConfiguration;
			buildSettings = {
				ALWAYS_SEARCH_USER_PATHS = NO;
				CLANG_ANALYZER_NONNULL = YES;
				CLANG_CXX_LANGUAGE_STANDARD = "gnu++0x";
				CLANG_CXX_LIBRARY = "libc++";
				CLANG_ENABLE_MODULES = YES;
				CLANG_ENABLE_OBJC_ARC = YES;
				CLANG_WARN_BOOL_CONVERSION = YES;
				CLANG_WARN_CONSTANT_CONVERSION = YES;
				CLANG_WARN_DIRECT_OBJC_ISA_USAGE = YES_ERROR;
				CLANG_WARN_DOCUMENTATION_COMMENTS = YES;
				CLANG_WARN_EMPTY_BODY = YES;
				CLANG_WARN_ENUM_CONVERSION = YES;
				CLANG_WARN_INFINITE_RECURSION = YES;
				CLANG_WARN_INT_CONVERSION = YES;
				CLANG_WARN_OBJC_ROOT_CLASS = YES_ERROR;
				CLANG_WARN_SUSPICIOUS_MOVES = YES;
				CLANG_WARN_UNREACHABLE_CODE = YES;
				CLANG_WARN__DUPLICATE_METHOD_MATCH = YES;
				"CODE_SIGN_IDENTITY[sdk=iphoneos*]" = "iPhone Developer";
				COPY_PHASE_STRIP = NO;
				DEBUG_INFORMATION_FORMAT = dwarf;
				ENABLE_STRICT_OBJC_MSGSEND = YES;
				ENABLE_TESTABILITY = YES;
				GCC_C_LANGUAGE_STANDARD = gnu99;
				GCC_DYNAMIC_NO_PIC = NO;
				GCC_NO_COMMON_BLOCKS = YES;
				GCC_OPTIMIZATION_LEVEL = 0;
				GCC_PREPROCESSOR_DEFINITIONS = (
					"DEBUG=1",
					"$(inherited)",
				);
				GCC_WARN_64_TO_32_BIT_CONVERSION = YES;
				GCC_WARN_ABOUT_RETURN_TYPE = YES_ERROR;
				GCC_WARN_UNDECLARED_SELECTOR = YES;
				GCC_WARN_UNINITIALIZED_AUTOS = YES_AGGRESSIVE;
				GCC_WARN_UNUSED_FUNCTION = YES;
				GCC_WARN_UNUSED_VARIABLE = YES;
				IPHONEOS_DEPLOYMENT_TARGET = 10.1;
				MTL_ENABLE_DEBUG_INFO = YES;
				ONLY_ACTIVE_ARCH = YES;
				SDKROOT = iphoneos;
				SWIFT_ACTIVE_COMPILATION_CONDITIONS = DEBUG;
				SWIFT_OPTIMIZATION_LEVEL = "-Onone";
				TARGETED_DEVICE_FAMILY = "1,2";
			};
			name = Debug;
		};
		CD050BF31FC5368A00627300 /* Release */ = {
			isa = XCBuildConfiguration;
			buildSettings = {
				ALWAYS_SEARCH_USER_PATHS = NO;
				CLANG_ANALYZER_NONNULL = YES;
				CLANG_CXX_LANGUAGE_STANDARD = "gnu++0x";
				CLANG_CXX_LIBRARY = "libc++";
				CLANG_ENABLE_MODULES = YES;
				CLANG_ENABLE_OBJC_ARC = YES;
				CLANG_WARN_BOOL_CONVERSION = YES;
				CLANG_WARN_CONSTANT_CONVERSION = YES;
				CLANG_WARN_DIRECT_OBJC_ISA_USAGE = YES_ERROR;
				CLANG_WARN_DOCUMENTATION_COMMENTS = YES;
				CLANG_WARN_EMPTY_BODY = YES;
				CLANG_WARN_ENUM_CONVERSION = YES;
				CLANG_WARN_INFINITE_RECURSION = YES;
				CLANG_WARN_INT_CONVERSION = YES;
				CLANG_WARN_OBJC_ROOT_CLASS = YES_ERROR;
				CLANG_WARN_SUSPICIOUS_MOVES = YES;
				CLANG_WARN_UNREACHABLE_CODE = YES;
				CLANG_WARN__DUPLICATE_METHOD_MATCH = YES;
				"CODE_SIGN_IDENTITY[sdk=iphoneos*]" = "iPhone Developer";
				COPY_PHASE_STRIP = NO;
				DEBUG_INFORMATION_FORMAT = "dwarf-with-dsym";
				ENABLE_NS_ASSERTIONS = NO;
				ENABLE_STRICT_OBJC_MSGSEND = YES;
				GCC_C_LANGUAGE_STANDARD = gnu99;
				GCC_NO_COMMON_BLOCKS = YES;
				GCC_WARN_64_TO_32_BIT_CONVERSION = YES;
				GCC_WARN_ABOUT_RETURN_TYPE = YES_ERROR;
				GCC_WARN_UNDECLARED_SELECTOR = YES;
				GCC_WARN_UNINITIALIZED_AUTOS = YES_AGGRESSIVE;
				GCC_WARN_UNUSED_FUNCTION = YES;
				GCC_WARN_UNUSED_VARIABLE = YES;
				IPHONEOS_DEPLOYMENT_TARGET = 10.1;
				MTL_ENABLE_DEBUG_INFO = NO;
				SDKROOT = iphoneos;
				SWIFT_OPTIMIZATION_LEVEL = "-Owholemodule";
				TARGETED_DEVICE_FAMILY = "1,2";
				VALIDATE_PRODUCT = YES;
			};
			name = Release;
		};
		CD050BF51FC5368A00627300 /* Debug */ = {
			isa = XCBuildConfiguration;
			baseConfigurationReference = 4A4DE0DE49979E2936A2A7F7 /* Pods-mexar.debug.xcconfig */;
			buildSettings = {
				ASSETCATALOG_COMPILER_APPICON_NAME = AppIcon;
				COMPRESS_PNG_FILES = NO;
				DEVELOPMENT_TEAM = 7S32YYNPLS;
				INFOPLIST_FILE = mexar/Info.plist;
				IPHONEOS_DEPLOYMENT_TARGET = 9.2;
				LD_RUNPATH_SEARCH_PATHS = "$(inherited) @executable_path/Frameworks";
				PRODUCT_BUNDLE_IDENTIFIER = com.datalabor.mexar;
				PRODUCT_NAME = "$(TARGET_NAME)";
				SWIFT_VERSION = 3.0;
			};
			name = Debug;
		};
		CD050BF61FC5368A00627300 /* Release */ = {
			isa = XCBuildConfiguration;
			baseConfigurationReference = 45963278C366045AE18ED8CE /* Pods-mexar.release.xcconfig */;
			buildSettings = {
				ASSETCATALOG_COMPILER_APPICON_NAME = AppIcon;
				COMPRESS_PNG_FILES = NO;
				DEVELOPMENT_TEAM = 7S32YYNPLS;
				INFOPLIST_FILE = mexar/Info.plist;
				IPHONEOS_DEPLOYMENT_TARGET = 9.2;
				LD_RUNPATH_SEARCH_PATHS = "$(inherited) @executable_path/Frameworks";
				PRODUCT_BUNDLE_IDENTIFIER = com.datalabor.mexar;
				PRODUCT_NAME = "$(TARGET_NAME)";
				SWIFT_VERSION = 3.0;
			};
			name = Release;
		};
		CD050BF81FC5368A00627300 /* Debug */ = {
			isa = XCBuildConfiguration;
			baseConfigurationReference = D6BE4A99BD23F5D8FED5FE11 /* Pods-mexarTests.debug.xcconfig */;
			buildSettings = {
				ALWAYS_EMBED_SWIFT_STANDARD_LIBRARIES = YES;
				BUNDLE_LOADER = "$(TEST_HOST)";
				DEVELOPMENT_TEAM = 7S32YYNPLS;
				INFOPLIST_FILE = mexarTests/Info.plist;
				LD_RUNPATH_SEARCH_PATHS = "$(inherited) @executable_path/Frameworks @loader_path/Frameworks";
				PRODUCT_BUNDLE_IDENTIFIER = datalabor.mexarTests;
				PRODUCT_NAME = "$(TARGET_NAME)";
				SWIFT_VERSION = 3.0;
				TEST_HOST = "$(BUILT_PRODUCTS_DIR)/mexar.app/mexar";
			};
			name = Debug;
		};
		CD050BF91FC5368A00627300 /* Release */ = {
			isa = XCBuildConfiguration;
			baseConfigurationReference = 2CBF2FB4B629CBCE6A8F11F8 /* Pods-mexarTests.release.xcconfig */;
			buildSettings = {
				ALWAYS_EMBED_SWIFT_STANDARD_LIBRARIES = YES;
				BUNDLE_LOADER = "$(TEST_HOST)";
				DEVELOPMENT_TEAM = 7S32YYNPLS;
				INFOPLIST_FILE = mexarTests/Info.plist;
				LD_RUNPATH_SEARCH_PATHS = "$(inherited) @executable_path/Frameworks @loader_path/Frameworks";
				PRODUCT_BUNDLE_IDENTIFIER = datalabor.mexarTests;
				PRODUCT_NAME = "$(TARGET_NAME)";
				SWIFT_VERSION = 3.0;
				TEST_HOST = "$(BUILT_PRODUCTS_DIR)/mexar.app/mexar";
			};
			name = Release;
		};
		CD050BFB1FC5368A00627300 /* Debug */ = {
			isa = XCBuildConfiguration;
			baseConfigurationReference = D31EB1EB85545BC12F13F27A /* Pods-mexarUITests.debug.xcconfig */;
			buildSettings = {
				ALWAYS_EMBED_SWIFT_STANDARD_LIBRARIES = YES;
				DEVELOPMENT_TEAM = 7S32YYNPLS;
				INFOPLIST_FILE = mexarUITests/Info.plist;
				LD_RUNPATH_SEARCH_PATHS = "$(inherited) @executable_path/Frameworks @loader_path/Frameworks";
				PRODUCT_BUNDLE_IDENTIFIER = datalabor.mexarUITests;
				PRODUCT_NAME = "$(TARGET_NAME)";
				SWIFT_VERSION = 3.0;
				TEST_TARGET_NAME = mexar;
			};
			name = Debug;
		};
		CD050BFC1FC5368A00627300 /* Release */ = {
			isa = XCBuildConfiguration;
			baseConfigurationReference = 9B5763DA85DEEC6A380ABBF9 /* Pods-mexarUITests.release.xcconfig */;
			buildSettings = {
				ALWAYS_EMBED_SWIFT_STANDARD_LIBRARIES = YES;
				DEVELOPMENT_TEAM = 7S32YYNPLS;
				INFOPLIST_FILE = mexarUITests/Info.plist;
				LD_RUNPATH_SEARCH_PATHS = "$(inherited) @executable_path/Frameworks @loader_path/Frameworks";
				PRODUCT_BUNDLE_IDENTIFIER = datalabor.mexarUITests;
				PRODUCT_NAME = "$(TARGET_NAME)";
				SWIFT_VERSION = 3.0;
				TEST_TARGET_NAME = mexar;
			};
			name = Release;
		};
/* End XCBuildConfiguration section */

/* Begin XCConfigurationList section */
		CD050BC71FC5368A00627300 /* Build configuration list for PBXProject "mexar" */ = {
			isa = XCConfigurationList;
			buildConfigurations = (
				CD050BF21FC5368A00627300 /* Debug */,
				CD050BF31FC5368A00627300 /* Release */,
			);
			defaultConfigurationIsVisible = 0;
			defaultConfigurationName = Release;
		};
		CD050BF41FC5368A00627300 /* Build configuration list for PBXNativeTarget "mexar" */ = {
			isa = XCConfigurationList;
			buildConfigurations = (
				CD050BF51FC5368A00627300 /* Debug */,
				CD050BF61FC5368A00627300 /* Release */,
			);
			defaultConfigurationIsVisible = 0;
			defaultConfigurationName = Release;
		};
		CD050BF71FC5368A00627300 /* Build configuration list for PBXNativeTarget "mexarTests" */ = {
			isa = XCConfigurationList;
			buildConfigurations = (
				CD050BF81FC5368A00627300 /* Debug */,
				CD050BF91FC5368A00627300 /* Release */,
			);
			defaultConfigurationIsVisible = 0;
			defaultConfigurationName = Release;
		};
		CD050BFA1FC5368A00627300 /* Build configuration list for PBXNativeTarget "mexarUITests" */ = {
			isa = XCConfigurationList;
			buildConfigurations = (
				CD050BFB1FC5368A00627300 /* Debug */,
				CD050BFC1FC5368A00627300 /* Release */,
			);
			defaultConfigurationIsVisible = 0;
			defaultConfigurationName = Release;
		};
/* End XCConfigurationList section */
	};
	rootObject = CD050BC41FC5368A00627300 /* Project object */;
}
